<?xml version="1.0" encoding="utf-8"?>
<Project ToolsVersion="4.0" xmlns="http://schemas.microsoft.com/developer/msbuild/2003">
  <ItemGroup>
    <Filter Include="Include">
      <UniqueIdentifier>{948045dc-0273-47c2-a145-cf559f3ff3f3}</UniqueIdentifier>
    </Filter>
    <Filter Include="scripts">
      <UniqueIdentifier>{65a88d58-2953-4d4d-9cb8-08cae8f2ff36}</UniqueIdentifier>
    </Filter>
    <Filter Include="scripts\areatrigger">
      <UniqueIdentifier>{d92b5874-331d-400f-97b7-a629f4a5152e}</UniqueIdentifier>
    </Filter>
    <Filter Include="scripts\boss">
      <UniqueIdentifier>{692f93e2-239d-442b-9f73-8407ca74a761}</UniqueIdentifier>
    </Filter>
    <Filter Include="scripts\creature">
      <UniqueIdentifier>{01c5c53c-b094-4974-b475-b8f1709cc877}</UniqueIdentifier>
    </Filter>
    <Filter Include="scripts\custom">
      <UniqueIdentifier>{44319541-9451-4caa-992e-86b6472230e8}</UniqueIdentifier>
    </Filter>
    <Filter Include="scripts\eastern_kingdoms">
      <UniqueIdentifier>{4dcc4e12-f765-4c9a-8b06-98981b7116cf}</UniqueIdentifier>
    </Filter>
    <Filter Include="scripts\examples">
      <UniqueIdentifier>{bec8f5e1-9bcd-44ba-8c8d-77b31cbbc9e6}</UniqueIdentifier>
    </Filter>
    <Filter Include="scripts\go">
      <UniqueIdentifier>{009bd0b8-0fee-4ba3-8532-17bf13bf544d}</UniqueIdentifier>
    </Filter>
    <Filter Include="scripts\guard">
      <UniqueIdentifier>{489ee7b1-34a9-49e3-ade9-08e59dc6c17c}</UniqueIdentifier>
    </Filter>
    <Filter Include="scripts\honor">
      <UniqueIdentifier>{40adaff1-13ce-4209-9310-acda077908cb}</UniqueIdentifier>
    </Filter>
    <Filter Include="scripts\item">
      <UniqueIdentifier>{0a2f0366-3cdf-4df9-8a33-63586196909d}</UniqueIdentifier>
    </Filter>
    <Filter Include="scripts\kalimdor">
      <UniqueIdentifier>{ad59b40f-f7bd-4be3-bbaa-56504eef03cf}</UniqueIdentifier>
    </Filter>
    <Filter Include="scripts\northrend">
      <UniqueIdentifier>{b30f15e5-3847-473e-9cae-e06ad87af667}</UniqueIdentifier>
    </Filter>
    <Filter Include="scripts\npc">
      <UniqueIdentifier>{7b103a0b-9a21-43b3-a066-11ed269de4df}</UniqueIdentifier>
    </Filter>
    <Filter Include="scripts\outland">
      <UniqueIdentifier>{ef4241ff-3d6c-457b-bddc-ce02c9d97159}</UniqueIdentifier>
    </Filter>
    <Filter Include="scripts\servers">
      <UniqueIdentifier>{9788e5c9-c29b-46fb-96de-85de511609bf}</UniqueIdentifier>
    </Filter>
    <Filter Include="scripts\zone">
      <UniqueIdentifier>{ecdc8c3a-de5d-4e94-9c91-64c5508537e6}</UniqueIdentifier>
    </Filter>
    <Filter Include="scripts\zone\Azeroth">
      <UniqueIdentifier>{0f7199fb-da1b-4eb3-a5f1-d5749bee841d}</UniqueIdentifier>
    </Filter>
    <Filter Include="scripts\zone\Azeroth\Blackrock Depths">
      <UniqueIdentifier>{797d00ae-f16d-411a-8171-1080f232aaea}</UniqueIdentifier>
    </Filter>
    <Filter Include="scripts\zone\Azeroth\Blackrock Spire">
      <UniqueIdentifier>{6144e059-a4a1-4cb5-b6ef-2e989b142dd6}</UniqueIdentifier>
    </Filter>
    <Filter Include="scripts\zone\Azeroth\Blackwing Lair">
      <UniqueIdentifier>{8c09034b-575e-4d00-9ecf-e729e81525c3}</UniqueIdentifier>
    </Filter>
    <Filter Include="scripts\zone\Azeroth\Deadmines">
      <UniqueIdentifier>{e23c16c3-824e-4339-9b21-88ce6f34f593}</UniqueIdentifier>
    </Filter>
    <Filter Include="scripts\zone\Azeroth\Deadwind Pass">
      <UniqueIdentifier>{35f70444-0538-45c4-8fb0-688a949ab526}</UniqueIdentifier>
    </Filter>
    <Filter Include="scripts\zone\Azeroth\Duskwood">
      <UniqueIdentifier>{4f7c4d7e-8b83-4647-a6df-99308a4e5b4c}</UniqueIdentifier>
    </Filter>
    <Filter Include="scripts\zone\Azeroth\Eastern Plaguelands">
      <UniqueIdentifier>{3e64c015-632c-4fc7-97c1-90dab79d1572}</UniqueIdentifier>
    </Filter>
    <Filter Include="scripts\zone\Azeroth\Gnomeregan">
      <UniqueIdentifier>{adb3a978-fe57-45fc-9ac7-3d97f22916c8}</UniqueIdentifier>
    </Filter>
    <Filter Include="scripts\zone\Azeroth\Hillsbrad Foothills">
      <UniqueIdentifier>{9a0006d3-1563-40b7-a19e-fd44f801cdbd}</UniqueIdentifier>
    </Filter>
    <Filter Include="scripts\zone\Azeroth\Karazhan">
      <UniqueIdentifier>{0c9f6954-5932-423f-a398-cc5c99372eae}</UniqueIdentifier>
    </Filter>
    <Filter Include="scripts\zone\Azeroth\Magister%27s Terrace">
      <UniqueIdentifier>{e95768ba-7f70-4c80-8bd2-429bb8e6186a}</UniqueIdentifier>
    </Filter>
    <Filter Include="scripts\zone\Azeroth\Molten Core">
      <UniqueIdentifier>{02b39011-bf46-424c-ad6f-44a4a4efe1a6}</UniqueIdentifier>
    </Filter>
    <Filter Include="scripts\zone\Azeroth\Redridge Mountains">
      <UniqueIdentifier>{dfb5d524-5079-4390-9226-bcfcce5f0403}</UniqueIdentifier>
    </Filter>
    <Filter Include="scripts\zone\Azeroth\Scarlet Monastery">
      <UniqueIdentifier>{415e153c-2d25-40cb-955a-cdb5f2b1ab66}</UniqueIdentifier>
    </Filter>
    <Filter Include="scripts\zone\Azeroth\Scholomance">
      <UniqueIdentifier>{3d0aa68a-d0d3-4d81-b5b7-0b13527da26d}</UniqueIdentifier>
    </Filter>
    <Filter Include="scripts\zone\Azeroth\Shadowfang Keep">
      <UniqueIdentifier>{f28b06d6-632e-4834-86b7-46b02c474991}</UniqueIdentifier>
    </Filter>
    <Filter Include="scripts\zone\Azeroth\Stockade">
      <UniqueIdentifier>{134fe0c1-00c5-4c09-be0d-2c992cf569ba}</UniqueIdentifier>
    </Filter>
    <Filter Include="scripts\zone\Azeroth\Stratholme">
      <UniqueIdentifier>{303da411-731d-4501-b8ee-acc220d574cd}</UniqueIdentifier>
    </Filter>
    <Filter Include="scripts\zone\Azeroth\Sunken Temple">
      <UniqueIdentifier>{18ab1c29-4e3a-43ce-80ac-ca7a9ec1e34d}</UniqueIdentifier>
    </Filter>
    <Filter Include="scripts\zone\Azeroth\Sunwell Plateau">
      <UniqueIdentifier>{09d350c8-a3cc-44cf-a34e-41a2a97fafac}</UniqueIdentifier>
    </Filter>
    <Filter Include="scripts\zone\Azeroth\Swamp of Sorrows">
      <UniqueIdentifier>{65bfd202-95b9-4888-ab23-23b8e90b1b8b}</UniqueIdentifier>
    </Filter>
    <Filter Include="scripts\zone\Azeroth\Uldaman">
      <UniqueIdentifier>{770b0f59-c877-436b-885a-7e3c01bd17fd}</UniqueIdentifier>
    </Filter>
    <Filter Include="scripts\zone\Azeroth\Zul%27Aman">
      <UniqueIdentifier>{e2b3d1ea-328a-4474-9705-cf6aa679527d}</UniqueIdentifier>
    </Filter>
    <Filter Include="scripts\zone\Azeroth\Zul%27Gurub">
      <UniqueIdentifier>{3b24dc22-8ee8-4e4c-b55f-baa18c3ecef0}</UniqueIdentifier>
    </Filter>
    <Filter Include="scripts\zone\Kalimdor">
      <UniqueIdentifier>{e7bb6b30-e1c2-45c8-a62c-661967de1797}</UniqueIdentifier>
    </Filter>
    <Filter Include="scripts\zone\Kalimdor\Blackfathom Depths">
      <UniqueIdentifier>{c1bd8b78-f32f-4ae5-9d8a-07adc00564ae}</UniqueIdentifier>
    </Filter>
    <Filter Include="scripts\zone\Kalimdor\Caverns of Time">
      <UniqueIdentifier>{11028cd0-a364-46e8-a711-9584f8c624a4}</UniqueIdentifier>
    </Filter>
    <Filter Include="scripts\zone\Kalimdor\Caverns of Time\Battle for Mt. Hyjal">
      <UniqueIdentifier>{9c5fd45e-e0df-4872-b228-96d5cf027935}</UniqueIdentifier>
    </Filter>
    <Filter Include="scripts\zone\Kalimdor\Caverns of Time\Culling of Stratholme">
      <UniqueIdentifier>{3e6d68ad-dfcb-4ed1-ae4c-e1549d3ce1a9}</UniqueIdentifier>
    </Filter>
    <Filter Include="scripts\zone\Kalimdor\Caverns of Time\Old Hillsbrad">
      <UniqueIdentifier>{6b1ba7ee-cc2c-43a1-9388-72dbde108a66}</UniqueIdentifier>
    </Filter>
    <Filter Include="scripts\zone\Kalimdor\Caverns of Time\The Dark Portal">
      <UniqueIdentifier>{2725180c-cbee-4c28-b8fd-ce1525d5f955}</UniqueIdentifier>
    </Filter>
    <Filter Include="scripts\zone\Kalimdor\Maraudon">
      <UniqueIdentifier>{6dcbe00c-4de5-45b4-bef6-0f3b301410db}</UniqueIdentifier>
    </Filter>
    <Filter Include="scripts\zone\Kalimdor\Onyxia%27s Lair">
      <UniqueIdentifier>{e3d31f27-6a64-4953-ab56-fc78bb3891a7}</UniqueIdentifier>
    </Filter>
    <Filter Include="scripts\zone\Kalimdor\Ragefire Chasm">
      <UniqueIdentifier>{61486de6-2a88-4314-a87c-2146a06cf20c}</UniqueIdentifier>
    </Filter>
    <Filter Include="scripts\zone\Kalimdor\Razorfen Downs">
      <UniqueIdentifier>{d079970b-6fc1-4a12-82dc-a41d9513d73a}</UniqueIdentifier>
    </Filter>
    <Filter Include="scripts\zone\Kalimdor\Razorfen Kraul">
      <UniqueIdentifier>{2a962841-792c-4531-a30d-a0c08a50f6a3}</UniqueIdentifier>
    </Filter>
    <Filter Include="scripts\zone\Kalimdor\Ruins of Ahn%27Qiraj">
      <UniqueIdentifier>{0d17a95d-93d3-4bf0-8783-29eb11cb68ed}</UniqueIdentifier>
    </Filter>
    <Filter Include="scripts\zone\Kalimdor\Temple of Ahn%27Qiraj">
      <UniqueIdentifier>{ded743aa-e6d5-4cf7-9f3b-8520df35dbcb}</UniqueIdentifier>
    </Filter>
    <Filter Include="scripts\zone\Kalimdor\Un%27Goro Crater">
      <UniqueIdentifier>{cf09bb23-58bc-4b4f-a863-8204b33ebdc7}</UniqueIdentifier>
    </Filter>
    <Filter Include="scripts\zone\Kalimdor\Wailing Caverns">
      <UniqueIdentifier>{20ee39b2-3e17-410a-ae64-a7f22ac3dd37}</UniqueIdentifier>
    </Filter>
    <Filter Include="scripts\zone\Kalimdor\Zul%27Farrak">
      <UniqueIdentifier>{7e4ce140-3305-4345-be7c-17735b3a9809}</UniqueIdentifier>
    </Filter>
    <Filter Include="scripts\zone\Northrend">
      <UniqueIdentifier>{97e0d3db-872a-47ab-ab49-5c1597b45325}</UniqueIdentifier>
    </Filter>
    <Filter Include="scripts\zone\Northrend\Dungeon">
      <UniqueIdentifier>{6128d4fa-0e04-428e-8ca9-785c5a87e8af}</UniqueIdentifier>
    </Filter>
    <Filter Include="scripts\zone\Northrend\Dungeon\Azjol-Nerub">
      <UniqueIdentifier>{4d2436d7-c7a3-4397-983f-d3447d127c06}</UniqueIdentifier>
    </Filter>
    <Filter Include="scripts\zone\Northrend\Dungeon\Azjol-Nerub\Ahn%27kahet">
      <UniqueIdentifier>{c374d8f9-5e51-412a-85b0-12815933917e}</UniqueIdentifier>
    </Filter>
    <Filter Include="scripts\zone\Northrend\Dungeon\Azjol-Nerub\Azjol-Nerub">
      <UniqueIdentifier>{45cd613c-d558-43d4-aa4b-6ec5292c3768}</UniqueIdentifier>
    </Filter>
    <Filter Include="scripts\zone\Northrend\Dungeon\Drak%27Tharon Keep">
      <UniqueIdentifier>{85c18c2d-211f-48ec-bf20-703614722eea}</UniqueIdentifier>
    </Filter>
    <Filter Include="scripts\zone\Northrend\Dungeon\Gundrak">
      <UniqueIdentifier>{b064a08d-49d3-423a-a10a-a6ad3f891cb5}</UniqueIdentifier>
    </Filter>
    <Filter Include="scripts\zone\Northrend\Dungeon\Naxxramas">
      <UniqueIdentifier>{55aa6f6d-8dc6-4f2b-99c7-d602449efe5a}</UniqueIdentifier>
    </Filter>
    <Filter Include="scripts\zone\Northrend\Dungeon\Nexus">
      <UniqueIdentifier>{22f70f33-c24b-41b0-87e1-9a56f4448de0}</UniqueIdentifier>
    </Filter>
    <Filter Include="scripts\zone\Northrend\Dungeon\Nexus\Eye of Eternity">
      <UniqueIdentifier>{874ac6d2-7167-4dd0-8d14-2193d3d76a44}</UniqueIdentifier>
    </Filter>
    <Filter Include="scripts\zone\Northrend\Dungeon\Nexus\Nexus">
      <UniqueIdentifier>{dad6fec8-503c-47f9-84d7-c19ee3ab5fd0}</UniqueIdentifier>
    </Filter>
    <Filter Include="scripts\zone\Northrend\Dungeon\Nexus\Oculus">
      <UniqueIdentifier>{f07c4adb-3122-4b6b-a041-4a66ff9b9197}</UniqueIdentifier>
    </Filter>
    <Filter Include="scripts\zone\Northrend\Dungeon\Obsidian Sanctum">
      <UniqueIdentifier>{d488d670-72dc-480c-81ee-cfe0101c44a3}</UniqueIdentifier>
    </Filter>
    <Filter Include="scripts\zone\Northrend\Dungeon\Ulduar">
      <UniqueIdentifier>{6ef609a4-3df9-4d11-ace9-99509d30a075}</UniqueIdentifier>
    </Filter>
    <Filter Include="scripts\zone\Northrend\Dungeon\Ulduar\Halls of Lightning">
      <UniqueIdentifier>{ed9ce6d1-5638-4ffe-b748-3c981a17a736}</UniqueIdentifier>
    </Filter>
    <Filter Include="scripts\zone\Northrend\Dungeon\Ulduar\Halls of Stone">
      <UniqueIdentifier>{00cd5393-314c-42a7-a80f-80166451bce4}</UniqueIdentifier>
    </Filter>
    <Filter Include="scripts\zone\Northrend\Dungeon\Ulduar\Ulduar">
      <UniqueIdentifier>{6fec6dd3-e642-4f27-ac1b-2bdd4635761e}</UniqueIdentifier>
    </Filter>
    <Filter Include="scripts\zone\Northrend\Dungeon\Utgarde Keep">
      <UniqueIdentifier>{defa7f93-8aa4-4375-b5be-e1184e21c6ba}</UniqueIdentifier>
    </Filter>
    <Filter Include="scripts\zone\Northrend\Dungeon\Utgarde Keep\Utgarde Keep">
      <UniqueIdentifier>{65bc0ebd-3907-475a-8cbe-7b564412fcc2}</UniqueIdentifier>
    </Filter>
    <Filter Include="scripts\zone\Northrend\Dungeon\Utgarde Keep\Utgarde Pinnacle">
      <UniqueIdentifier>{252bea1c-b915-4873-a872-a969fdb37739}</UniqueIdentifier>
    </Filter>
    <Filter Include="scripts\zone\Northrend\Dungeon\Vault of Archavon">
      <UniqueIdentifier>{0b160bc3-9c22-4e26-8504-bf98aadea2f5}</UniqueIdentifier>
    </Filter>
    <Filter Include="scripts\zone\Northrend\Dungeon\Violet Hold">
      <UniqueIdentifier>{8d8b3f05-2473-4f8d-9415-9ec67660b5f9}</UniqueIdentifier>
    </Filter>
    <Filter Include="scripts\zone\Northrend\Region">
      <UniqueIdentifier>{5296ab91-4b91-4059-ab29-aad7d45d3ffa}</UniqueIdentifier>
    </Filter>
    <Filter Include="scripts\zone\Northrend\Region\Crystalsong Forest">
      <UniqueIdentifier>{c1259daf-aeea-4fa4-a619-7ad9ef13b030}</UniqueIdentifier>
    </Filter>
    <Filter Include="scripts\zone\Northrend\Region\The Storm Peaks">
      <UniqueIdentifier>{241859f0-63ad-4fde-87b2-5725906bf19b}</UniqueIdentifier>
    </Filter>
    <Filter Include="scripts\zone\Northrend\Region\Wintergrasp">
      <UniqueIdentifier>{7991a077-4d93-4e25-aa7b-45bd05df7721}</UniqueIdentifier>
    </Filter>
    <Filter Include="scripts\zone\Northrend\Region\Zul%27Drak">
      <UniqueIdentifier>{abd5f666-458d-48b5-be5c-3352f80fc508}</UniqueIdentifier>
    </Filter>
    <Filter Include="scripts\zone\Outland">
      <UniqueIdentifier>{15d3a80a-35e4-4691-95e2-f8389ac898e3}</UniqueIdentifier>
    </Filter>
    <Filter Include="scripts\zone\Outland\Aunchindoun">
      <UniqueIdentifier>{179fc3c4-7680-4d1a-b5d7-e5e4afee3660}</UniqueIdentifier>
    </Filter>
    <Filter Include="scripts\zone\Outland\Aunchindoun\Auchenai Crypts">
      <UniqueIdentifier>{7d58c85d-0db7-44a8-a560-7ab1f64c6492}</UniqueIdentifier>
    </Filter>
    <Filter Include="scripts\zone\Outland\Aunchindoun\Mana Tombs">
      <UniqueIdentifier>{29f2a81c-6580-4ca4-be7b-2dec9fe53d7b}</UniqueIdentifier>
    </Filter>
    <Filter Include="scripts\zone\Outland\Aunchindoun\Sethekk Halls">
      <UniqueIdentifier>{32cc758b-81b2-4ee7-bc62-da05590ebf90}</UniqueIdentifier>
    </Filter>
    <Filter Include="scripts\zone\Outland\Aunchindoun\Shadow Labyrinth">
      <UniqueIdentifier>{2990f5b6-1934-4a9d-87de-5991001b347e}</UniqueIdentifier>
    </Filter>
    <Filter Include="scripts\zone\Outland\Black Temple">
      <UniqueIdentifier>{4d24f0ba-501b-488e-8756-1733a391c92f}</UniqueIdentifier>
    </Filter>
    <Filter Include="scripts\zone\Outland\Coilfang Resevoir">
      <UniqueIdentifier>{5dd2d833-0569-4199-9a83-ba0693c26462}</UniqueIdentifier>
    </Filter>
    <Filter Include="scripts\zone\Outland\Coilfang Resevoir\Serpent Shrine Cavern">
      <UniqueIdentifier>{a7de2fa1-2f80-4e60-9c44-906a8c1326a1}</UniqueIdentifier>
    </Filter>
    <Filter Include="scripts\zone\Outland\Coilfang Resevoir\Slave Pens">
      <UniqueIdentifier>{69c3958a-4f8d-424a-984b-f908ccfdd0cd}</UniqueIdentifier>
    </Filter>
    <Filter Include="scripts\zone\Outland\Coilfang Resevoir\Steam Vault">
      <UniqueIdentifier>{0cf25988-242e-47f6-a7ef-9305693fab13}</UniqueIdentifier>
    </Filter>
    <Filter Include="scripts\zone\Outland\Coilfang Resevoir\Underbog">
      <UniqueIdentifier>{a693da6b-8c1d-48c6-adbb-d83c2656ee47}</UniqueIdentifier>
    </Filter>
    <Filter Include="scripts\zone\Outland\Gruul%27s Lair">
      <UniqueIdentifier>{19b1ad97-53b6-4c73-abfc-d1d879449463}</UniqueIdentifier>
    </Filter>
    <Filter Include="scripts\zone\Outland\Hellfire Citadel">
      <UniqueIdentifier>{dc109f86-07a2-4176-b156-f8923f5c029d}</UniqueIdentifier>
    </Filter>
    <Filter Include="scripts\zone\Outland\Hellfire Citadel\Blood Furnace">
      <UniqueIdentifier>{1d88d95c-7e77-417d-a8d8-79a2a5108921}</UniqueIdentifier>
    </Filter>
    <Filter Include="scripts\zone\Outland\Hellfire Citadel\Hellfire Ramparts">
      <UniqueIdentifier>{23305e37-2068-4d16-9ddb-06a98a419a72}</UniqueIdentifier>
    </Filter>
    <Filter Include="scripts\zone\Outland\Hellfire Citadel\Magtheridon%27s lair">
      <UniqueIdentifier>{6676cede-3cc3-487c-a730-637bfe7901f7}</UniqueIdentifier>
    </Filter>
    <Filter Include="scripts\zone\Outland\Hellfire Citadel\Shattered Halls">
      <UniqueIdentifier>{5b231a82-2e63-42b2-8bec-a90caffef588}</UniqueIdentifier>
    </Filter>
    <Filter Include="scripts\zone\Outland\Tempest Keep">
      <UniqueIdentifier>{2e97c076-b64c-4f53-a85d-003be437ea57}</UniqueIdentifier>
    </Filter>
    <Filter Include="scripts\zone\Outland\Tempest Keep\Arcatraz">
      <UniqueIdentifier>{5405f9ba-f0e4-41b8-ada0-ad805fb733b8}</UniqueIdentifier>
    </Filter>
    <Filter Include="scripts\zone\Outland\Tempest Keep\Botanica">
      <UniqueIdentifier>{9086f537-c8cb-472e-9d75-c87a510b54f2}</UniqueIdentifier>
    </Filter>
    <Filter Include="scripts\zone\Outland\Tempest Keep\The Eye">
      <UniqueIdentifier>{eb8667cd-0469-4aec-b498-a4707b8fe6c7}</UniqueIdentifier>
    </Filter>
    <Filter Include="scripts\zone\Outland\Tempest Keep\The Mechanar">
      <UniqueIdentifier>{d6e55d9d-b3ae-4643-8fad-fb4359a3f858}</UniqueIdentifier>
    </Filter>
  </ItemGroup>
  <ItemGroup>
    <ClCompile Include="..\include\precompiled.cpp">
      <Filter>Include</Filter>
    </ClCompile>
    <ClCompile Include="..\include\sc_creature.cpp">
      <Filter>Include</Filter>
    </ClCompile>
    <ClCompile Include="..\ScriptMgr.cpp" />
    <ClCompile Include="..\scripts\areatrigger\areatrigger_scripts.cpp">
      <Filter>scripts\areatrigger</Filter>
    </ClCompile>
    <ClCompile Include="..\scripts\boss\boss_emeriss.cpp">
      <Filter>scripts\boss</Filter>
    </ClCompile>
    <ClCompile Include="..\scripts\boss\boss_lethon.cpp">
      <Filter>scripts\boss</Filter>
    </ClCompile>
    <ClCompile Include="..\scripts\boss\boss_taerar.cpp">
      <Filter>scripts\boss</Filter>
    </ClCompile>
    <ClCompile Include="..\scripts\boss\boss_ysondre.cpp">
      <Filter>scripts\boss</Filter>
    </ClCompile>
    <ClCompile Include="..\scripts\creature\mob_generic_creature.cpp">
      <Filter>scripts\creature</Filter>
    </ClCompile>
    <ClCompile Include="..\scripts\creature\simple_ai.cpp">
      <Filter>scripts\creature</Filter>
    </ClCompile>
    <ClCompile Include="..\scripts\custom\npc_acherus_taxi.cpp">
      <Filter>scripts\custom</Filter>
    </ClCompile>
    <ClCompile Include="..\scripts\custom\npc_teleport.cpp">
      <Filter>scripts\custom</Filter>
    </ClCompile>
    <ClCompile Include="..\scripts\custom\npc_wyrmresttempel_taxi.cpp">
      <Filter>scripts\custom</Filter>
    </ClCompile>
    <ClCompile Include="..\scripts\custom\sc_npc_teleport.cpp">
      <Filter>scripts\custom</Filter>
    </ClCompile>
    <ClCompile Include="..\scripts\eastern_kingdoms\alterac_mountains.cpp">
      <Filter>scripts\eastern_kingdoms</Filter>
    </ClCompile>
    <ClCompile Include="..\scripts\eastern_kingdoms\arathi_highlands.cpp">
      <Filter>scripts\eastern_kingdoms</Filter>
    </ClCompile>
    <ClCompile Include="..\scripts\eastern_kingdoms\blasted_lands.cpp">
      <Filter>scripts\eastern_kingdoms</Filter>
    </ClCompile>
    <ClCompile Include="..\scripts\eastern_kingdoms\boss_kruul.cpp">
      <Filter>scripts\eastern_kingdoms</Filter>
    </ClCompile>
    <ClCompile Include="..\scripts\eastern_kingdoms\burning_steppes.cpp">
      <Filter>scripts\eastern_kingdoms</Filter>
    </ClCompile>
    <ClCompile Include="..\scripts\eastern_kingdoms\dun_morogh.cpp">
      <Filter>scripts\eastern_kingdoms</Filter>
    </ClCompile>
    <ClCompile Include="..\scripts\eastern_kingdoms\eastern_plaguelands.cpp">
      <Filter>scripts\eastern_kingdoms</Filter>
    </ClCompile>
    <ClCompile Include="..\scripts\eastern_kingdoms\elwynn_forest.cpp">
      <Filter>scripts\eastern_kingdoms</Filter>
    </ClCompile>
    <ClCompile Include="..\scripts\eastern_kingdoms\eversong_woods.cpp">
      <Filter>scripts\eastern_kingdoms</Filter>
    </ClCompile>
    <ClCompile Include="..\scripts\eastern_kingdoms\ghostlands.cpp">
      <Filter>scripts\eastern_kingdoms</Filter>
    </ClCompile>
    <ClCompile Include="..\scripts\eastern_kingdoms\hinterlands.cpp">
      <Filter>scripts\eastern_kingdoms</Filter>
    </ClCompile>
    <ClCompile Include="..\scripts\eastern_kingdoms\ironforge.cpp">
      <Filter>scripts\eastern_kingdoms</Filter>
    </ClCompile>
    <ClCompile Include="..\scripts\eastern_kingdoms\loch_modan.cpp">
      <Filter>scripts\eastern_kingdoms</Filter>
    </ClCompile>
    <ClCompile Include="..\scripts\eastern_kingdoms\searing_gorge.cpp">
      <Filter>scripts\eastern_kingdoms</Filter>
    </ClCompile>
    <ClCompile Include="..\scripts\eastern_kingdoms\silvermoon_city.cpp">
      <Filter>scripts\eastern_kingdoms</Filter>
    </ClCompile>
    <ClCompile Include="..\scripts\eastern_kingdoms\silverpine_forest.cpp">
      <Filter>scripts\eastern_kingdoms</Filter>
    </ClCompile>
    <ClCompile Include="..\scripts\eastern_kingdoms\stormwind_city.cpp">
      <Filter>scripts\eastern_kingdoms</Filter>
    </ClCompile>
    <ClCompile Include="..\scripts\eastern_kingdoms\stranglethorn_vale.cpp">
      <Filter>scripts\eastern_kingdoms</Filter>
    </ClCompile>
    <ClCompile Include="..\scripts\eastern_kingdoms\tirisfal_glades.cpp">
      <Filter>scripts\eastern_kingdoms</Filter>
    </ClCompile>
    <ClCompile Include="..\scripts\eastern_kingdoms\undercity.cpp">
      <Filter>scripts\eastern_kingdoms</Filter>
    </ClCompile>
    <ClCompile Include="..\scripts\eastern_kingdoms\western_plaguelands.cpp">
      <Filter>scripts\eastern_kingdoms</Filter>
    </ClCompile>
    <ClCompile Include="..\scripts\eastern_kingdoms\westfall.cpp">
      <Filter>scripts\eastern_kingdoms</Filter>
    </ClCompile>
    <ClCompile Include="..\scripts\examples\example_creature.cpp">
      <Filter>scripts\examples</Filter>
    </ClCompile>
    <ClCompile Include="..\scripts\examples\example_escort.cpp">
      <Filter>scripts\examples</Filter>
    </ClCompile>
    <ClCompile Include="..\scripts\examples\example_gossip_codebox.cpp">
      <Filter>scripts\examples</Filter>
    </ClCompile>
    <ClCompile Include="..\scripts\examples\example_misc.cpp">
      <Filter>scripts\examples</Filter>
    </ClCompile>
    <ClCompile Include="..\scripts\go\go_scripts.cpp">
      <Filter>scripts\go</Filter>
    </ClCompile>
    <ClCompile Include="..\scripts\guard\guards.cpp">
      <Filter>scripts\guard</Filter>
    </ClCompile>
    <ClCompile Include="..\scripts\guard\guard_ai.cpp">
      <Filter>scripts\guard</Filter>
    </ClCompile>
    <ClCompile Include="..\scripts\item\item_scripts.cpp">
      <Filter>scripts\item</Filter>
    </ClCompile>
    <ClCompile Include="..\scripts\kalimdor\ashenvale.cpp">
      <Filter>scripts\kalimdor</Filter>
    </ClCompile>
    <ClCompile Include="..\scripts\kalimdor\azshara.cpp">
      <Filter>scripts\kalimdor</Filter>
    </ClCompile>
    <ClCompile Include="..\scripts\kalimdor\azuremyst_isle.cpp">
      <Filter>scripts\kalimdor</Filter>
    </ClCompile>
    <ClCompile Include="..\scripts\kalimdor\bloodmyst_isle.cpp">
      <Filter>scripts\kalimdor</Filter>
    </ClCompile>
    <ClCompile Include="..\scripts\kalimdor\boss_azuregos.cpp">
      <Filter>scripts\kalimdor</Filter>
    </ClCompile>
    <ClCompile Include="..\scripts\kalimdor\darkshore.cpp">
      <Filter>scripts\kalimdor</Filter>
    </ClCompile>
    <ClCompile Include="..\scripts\kalimdor\desolace.cpp">
      <Filter>scripts\kalimdor</Filter>
    </ClCompile>
    <ClCompile Include="..\scripts\kalimdor\dustwallow_marsh.cpp">
      <Filter>scripts\kalimdor</Filter>
    </ClCompile>
    <ClCompile Include="..\scripts\kalimdor\felwood.cpp">
      <Filter>scripts\kalimdor</Filter>
    </ClCompile>
    <ClCompile Include="..\scripts\kalimdor\feralas.cpp">
      <Filter>scripts\kalimdor</Filter>
    </ClCompile>
    <ClCompile Include="..\scripts\kalimdor\moonglade.cpp">
      <Filter>scripts\kalimdor</Filter>
    </ClCompile>
    <ClCompile Include="..\scripts\kalimdor\mulgore.cpp">
      <Filter>scripts\kalimdor</Filter>
    </ClCompile>
    <ClCompile Include="..\scripts\kalimdor\orgrimmar.cpp">
      <Filter>scripts\kalimdor</Filter>
    </ClCompile>
    <ClCompile Include="..\scripts\kalimdor\silithus.cpp">
      <Filter>scripts\kalimdor</Filter>
    </ClCompile>
    <ClCompile Include="..\scripts\kalimdor\stonetalon_mountains.cpp">
      <Filter>scripts\kalimdor</Filter>
    </ClCompile>
    <ClCompile Include="..\scripts\kalimdor\tanaris.cpp">
      <Filter>scripts\kalimdor</Filter>
    </ClCompile>
    <ClCompile Include="..\scripts\kalimdor\teldrassil.cpp">
      <Filter>scripts\kalimdor</Filter>
    </ClCompile>
    <ClCompile Include="..\scripts\kalimdor\the_barrens.cpp">
      <Filter>scripts\kalimdor</Filter>
    </ClCompile>
    <ClCompile Include="..\scripts\kalimdor\thousand_needles.cpp">
      <Filter>scripts\kalimdor</Filter>
    </ClCompile>
    <ClCompile Include="..\scripts\kalimdor\thunder_bluff.cpp">
      <Filter>scripts\kalimdor</Filter>
    </ClCompile>
    <ClCompile Include="..\scripts\kalimdor\winterspring.cpp">
      <Filter>scripts\kalimdor</Filter>
    </ClCompile>
    <ClCompile Include="..\scripts\northrend\borean_tundra.cpp">
      <Filter>scripts\northrend</Filter>
    </ClCompile>
    <ClCompile Include="..\scripts\northrend\dragonblight.cpp">
      <Filter>scripts\northrend</Filter>
    </ClCompile>
    <ClCompile Include="..\scripts\northrend\grizzly_hills.cpp">
      <Filter>scripts\northrend</Filter>
    </ClCompile>
    <ClCompile Include="..\scripts\northrend\icecrown.cpp">
      <Filter>scripts\northrend</Filter>
    </ClCompile>
    <ClCompile Include="..\scripts\northrend\sholazar_basin.cpp">
      <Filter>scripts\northrend</Filter>
    </ClCompile>
    <ClCompile Include="..\scripts\northrend\zuldrak.cpp">
      <Filter>scripts\northrend</Filter>
    </ClCompile>
    <ClCompile Include="..\scripts\npc\npcs_special.cpp">
      <Filter>scripts\npc</Filter>
    </ClCompile>
    <ClCompile Include="..\scripts\npc\npc_escortAI.cpp">
      <Filter>scripts\npc</Filter>
    </ClCompile>
    <ClCompile Include="..\scripts\npc\npc_innkeeper.cpp">
      <Filter>scripts\npc</Filter>
    </ClCompile>
    <ClCompile Include="..\scripts\npc\npc_professions.cpp">
      <Filter>scripts\npc</Filter>
    </ClCompile>
    <ClCompile Include="..\scripts\npc\npc_taxi.cpp">
      <Filter>scripts\npc</Filter>
    </ClCompile>
    <ClCompile Include="..\scripts\outland\blades_edge_mountains.cpp">
      <Filter>scripts\outland</Filter>
    </ClCompile>
    <ClCompile Include="..\scripts\outland\boss_doomlord_kazzak.cpp">
      <Filter>scripts\outland</Filter>
    </ClCompile>
    <ClCompile Include="..\scripts\outland\boss_doomwalker.cpp">
      <Filter>scripts\outland</Filter>
    </ClCompile>
    <ClCompile Include="..\scripts\outland\hellfire_peninsula.cpp">
      <Filter>scripts\outland</Filter>
    </ClCompile>
    <ClCompile Include="..\scripts\outland\isle_of_queldanas.cpp">
      <Filter>scripts\outland</Filter>
    </ClCompile>
    <ClCompile Include="..\scripts\outland\nagrand.cpp">
      <Filter>scripts\outland</Filter>
    </ClCompile>
    <ClCompile Include="..\scripts\outland\netherstorm.cpp">
      <Filter>scripts\outland</Filter>
    </ClCompile>
    <ClCompile Include="..\scripts\outland\shadowmoon_valley.cpp">
      <Filter>scripts\outland</Filter>
    </ClCompile>
    <ClCompile Include="..\scripts\outland\shattrath_city.cpp">
      <Filter>scripts\outland</Filter>
    </ClCompile>
    <ClCompile Include="..\scripts\outland\terokkar_forest.cpp">
      <Filter>scripts\outland</Filter>
    </ClCompile>
    <ClCompile Include="..\scripts\outland\zangarmarsh.cpp">
      <Filter>scripts\outland</Filter>
    </ClCompile>
    <ClCompile Include="..\scripts\zone\aunchindoun\auchenai_crypts\boss_exarch_maladaar.cpp">
      <Filter>scripts\zone\Outland\Aunchindoun\Auchenai Crypts</Filter>
    </ClCompile>
    <ClCompile Include="..\scripts\zone\aunchindoun\auchenai_crypts\boss_shirrak_the_dead_watcher.cpp">
      <Filter>scripts\zone\Outland\Aunchindoun\Auchenai Crypts</Filter>
    </ClCompile>
    <ClCompile Include="..\scripts\zone\aunchindoun\mana_tombs\boss_nexusprince_shaffar.cpp">
      <Filter>scripts\zone\Outland\Aunchindoun\Mana Tombs</Filter>
    </ClCompile>
    <ClCompile Include="..\scripts\zone\aunchindoun\mana_tombs\boss_pandemonius.cpp">
      <Filter>scripts\zone\Outland\Aunchindoun\Mana Tombs</Filter>
    </ClCompile>
    <ClCompile Include="..\scripts\zone\aunchindoun\sethekk_halls\boss_darkweaver_syth.cpp">
      <Filter>scripts\zone\Outland\Aunchindoun\Sethekk Halls</Filter>
    </ClCompile>
    <ClCompile Include="..\scripts\zone\aunchindoun\sethekk_halls\boss_tailonking_ikiss.cpp">
      <Filter>scripts\zone\Outland\Aunchindoun\Sethekk Halls</Filter>
    </ClCompile>
    <ClCompile Include="..\scripts\zone\aunchindoun\sethekk_halls\instance_sethekk_halls.cpp">
      <Filter>scripts\zone\Outland\Aunchindoun\Sethekk Halls</Filter>
    </ClCompile>
    <ClCompile Include="..\scripts\zone\aunchindoun\shadow_labyrinth\boss_ambassador_hellmaw.cpp">
      <Filter>scripts\zone\Outland\Aunchindoun\Shadow Labyrinth</Filter>
    </ClCompile>
    <ClCompile Include="..\scripts\zone\aunchindoun\shadow_labyrinth\boss_blackheart_the_inciter.cpp">
      <Filter>scripts\zone\Outland\Aunchindoun\Shadow Labyrinth</Filter>
    </ClCompile>
    <ClCompile Include="..\scripts\zone\aunchindoun\shadow_labyrinth\boss_grandmaster_vorpil.cpp">
      <Filter>scripts\zone\Outland\Aunchindoun\Shadow Labyrinth</Filter>
    </ClCompile>
    <ClCompile Include="..\scripts\zone\aunchindoun\shadow_labyrinth\boss_murmur.cpp">
      <Filter>scripts\zone\Outland\Aunchindoun\Shadow Labyrinth</Filter>
    </ClCompile>
    <ClCompile Include="..\scripts\zone\aunchindoun\shadow_labyrinth\instance_shadow_labyrinth.cpp">
      <Filter>scripts\zone\Outland\Aunchindoun\Shadow Labyrinth</Filter>
    </ClCompile>
    <ClCompile Include="..\scripts\zone\azjol_nerub\ahnkahet\boss_amanitar.cpp">
      <Filter>scripts\zone\Northrend\Dungeon\Azjol-Nerub\Ahn'kahet</Filter>
    </ClCompile>
    <ClCompile Include="..\scripts\zone\azjol_nerub\ahnkahet\boss_elder_nadox.cpp">
      <Filter>scripts\zone\Northrend\Dungeon\Azjol-Nerub\Ahn'kahet</Filter>
    </ClCompile>
    <ClCompile Include="..\scripts\zone\azjol_nerub\ahnkahet\boss_herald_volazj.cpp">
      <Filter>scripts\zone\Northrend\Dungeon\Azjol-Nerub\Ahn'kahet</Filter>
    </ClCompile>
    <ClCompile Include="..\scripts\zone\azjol_nerub\ahnkahet\boss_jedoga_shadowseeker.cpp">
      <Filter>scripts\zone\Northrend\Dungeon\Azjol-Nerub\Ahn'kahet</Filter>
    </ClCompile>
    <ClCompile Include="..\scripts\zone\azjol_nerub\ahnkahet\boss_prince_taldaram.cpp">
      <Filter>scripts\zone\Northrend\Dungeon\Azjol-Nerub\Ahn'kahet</Filter>
    </ClCompile>
    <ClCompile Include="..\scripts\zone\azjol_nerub\ahnkahet\instance_ahnkahet.cpp">
      <Filter>scripts\zone\Northrend\Dungeon\Azjol-Nerub\Ahn'kahet</Filter>
    </ClCompile>
    <ClCompile Include="..\scripts\zone\azjol_nerub\azjol_nerub\boss_anubarak.cpp">
      <Filter>scripts\zone\Northrend\Dungeon\Azjol-Nerub\Azjol-Nerub</Filter>
    </ClCompile>
    <ClCompile Include="..\scripts\zone\azjol_nerub\azjol_nerub\boss_hadronox.cpp">
      <Filter>scripts\zone\Northrend\Dungeon\Azjol-Nerub\Azjol-Nerub</Filter>
    </ClCompile>
    <ClCompile Include="..\scripts\zone\azjol_nerub\azjol_nerub\boss_krikthir_the_gatewatcher.cpp">
      <Filter>scripts\zone\Northrend\Dungeon\Azjol-Nerub\Azjol-Nerub</Filter>
    </ClCompile>
    <ClCompile Include="..\scripts\zone\azjol_nerub\azjol_nerub\instance_azjol_nerub.cpp">
      <Filter>scripts\zone\Northrend\Dungeon\Azjol-Nerub\Azjol-Nerub</Filter>
    </ClCompile>
    <ClCompile Include="..\scripts\zone\blackfathom_depths\instance_blackfathom_deeps.cpp">
      <Filter>scripts\zone\Kalimdor\Blackfathom Depths</Filter>
    </ClCompile>
    <ClCompile Include="..\scripts\zone\blackrock_depths\blackrock_depths.cpp">
      <Filter>scripts\zone\Azeroth\Blackrock Depths</Filter>
    </ClCompile>
    <ClCompile Include="..\scripts\zone\blackrock_depths\boss_ambassador_flamelash.cpp">
      <Filter>scripts\zone\Azeroth\Blackrock Depths</Filter>
    </ClCompile>
    <ClCompile Include="..\scripts\zone\blackrock_depths\boss_anubshiah.cpp">
      <Filter>scripts\zone\Azeroth\Blackrock Depths</Filter>
    </ClCompile>
    <ClCompile Include="..\scripts\zone\blackrock_depths\boss_emperor_dagran_thaurissan.cpp">
      <Filter>scripts\zone\Azeroth\Blackrock Depths</Filter>
    </ClCompile>
    <ClCompile Include="..\scripts\zone\blackrock_depths\boss_general_angerforge.cpp">
      <Filter>scripts\zone\Azeroth\Blackrock Depths</Filter>
    </ClCompile>
    <ClCompile Include="..\scripts\zone\blackrock_depths\boss_gorosh_the_dervish.cpp">
      <Filter>scripts\zone\Azeroth\Blackrock Depths</Filter>
    </ClCompile>
    <ClCompile Include="..\scripts\zone\blackrock_depths\boss_grizzle.cpp">
      <Filter>scripts\zone\Azeroth\Blackrock Depths</Filter>
    </ClCompile>
    <ClCompile Include="..\scripts\zone\blackrock_depths\boss_high_interrogator_gerstahn.cpp">
      <Filter>scripts\zone\Azeroth\Blackrock Depths</Filter>
    </ClCompile>
    <ClCompile Include="..\scripts\zone\blackrock_depths\boss_magmus.cpp">
      <Filter>scripts\zone\Azeroth\Blackrock Depths</Filter>
    </ClCompile>
    <ClCompile Include="..\scripts\zone\blackrock_depths\boss_moira_bronzebeard.cpp">
      <Filter>scripts\zone\Azeroth\Blackrock Depths</Filter>
    </ClCompile>
    <ClCompile Include="..\scripts\zone\blackrock_depths\boss_tomb_of_seven.cpp">
      <Filter>scripts\zone\Azeroth\Blackrock Depths</Filter>
    </ClCompile>
    <ClCompile Include="..\scripts\zone\blackrock_depths\instance_blackrock_depths.cpp">
      <Filter>scripts\zone\Azeroth\Blackrock Depths</Filter>
    </ClCompile>
    <ClCompile Include="..\scripts\zone\blackrock_spire\boss_drakkisath.cpp">
      <Filter>scripts\zone\Azeroth\Blackrock Spire</Filter>
    </ClCompile>
    <ClCompile Include="..\scripts\zone\blackrock_spire\boss_gyth.cpp">
      <Filter>scripts\zone\Azeroth\Blackrock Spire</Filter>
    </ClCompile>
    <ClCompile Include="..\scripts\zone\blackrock_spire\boss_halycon.cpp">
      <Filter>scripts\zone\Azeroth\Blackrock Spire</Filter>
    </ClCompile>
    <ClCompile Include="..\scripts\zone\blackrock_spire\boss_highlord_omokk.cpp">
      <Filter>scripts\zone\Azeroth\Blackrock Spire</Filter>
    </ClCompile>
    <ClCompile Include="..\scripts\zone\blackrock_spire\boss_mother_smolderweb.cpp">
      <Filter>scripts\zone\Azeroth\Blackrock Spire</Filter>
    </ClCompile>
    <ClCompile Include="..\scripts\zone\blackrock_spire\boss_overlord_wyrmthalak.cpp">
      <Filter>scripts\zone\Azeroth\Blackrock Spire</Filter>
    </ClCompile>
    <ClCompile Include="..\scripts\zone\blackrock_spire\boss_pyroguard_emberseer.cpp">
      <Filter>scripts\zone\Azeroth\Blackrock Spire</Filter>
    </ClCompile>
    <ClCompile Include="..\scripts\zone\blackrock_spire\boss_quartermaster_zigris.cpp">
      <Filter>scripts\zone\Azeroth\Blackrock Spire</Filter>
    </ClCompile>
    <ClCompile Include="..\scripts\zone\blackrock_spire\boss_rend_blackhand.cpp">
      <Filter>scripts\zone\Azeroth\Blackrock Spire</Filter>
    </ClCompile>
    <ClCompile Include="..\scripts\zone\blackrock_spire\boss_shadow_hunter_voshgajin.cpp">
      <Filter>scripts\zone\Azeroth\Blackrock Spire</Filter>
    </ClCompile>
    <ClCompile Include="..\scripts\zone\blackrock_spire\boss_the_beast.cpp">
      <Filter>scripts\zone\Azeroth\Blackrock Spire</Filter>
    </ClCompile>
    <ClCompile Include="..\scripts\zone\blackrock_spire\boss_warmaster_voone.cpp">
      <Filter>scripts\zone\Azeroth\Blackrock Spire</Filter>
    </ClCompile>
    <ClCompile Include="..\scripts\zone\blackwing_lair\boss_broodlord_lashlayer.cpp">
      <Filter>scripts\zone\Azeroth\Blackwing Lair</Filter>
    </ClCompile>
    <ClCompile Include="..\scripts\zone\blackwing_lair\boss_chromaggus.cpp">
      <Filter>scripts\zone\Azeroth\Blackwing Lair</Filter>
    </ClCompile>
    <ClCompile Include="..\scripts\zone\blackwing_lair\boss_ebonroc.cpp">
      <Filter>scripts\zone\Azeroth\Blackwing Lair</Filter>
    </ClCompile>
    <ClCompile Include="..\scripts\zone\blackwing_lair\boss_firemaw.cpp">
      <Filter>scripts\zone\Azeroth\Blackwing Lair</Filter>
    </ClCompile>
    <ClCompile Include="..\scripts\zone\blackwing_lair\boss_flamegor.cpp">
      <Filter>scripts\zone\Azeroth\Blackwing Lair</Filter>
    </ClCompile>
    <ClCompile Include="..\scripts\zone\blackwing_lair\boss_nefarian.cpp">
      <Filter>scripts\zone\Azeroth\Blackwing Lair</Filter>
    </ClCompile>
    <ClCompile Include="..\scripts\zone\blackwing_lair\boss_razorgore.cpp">
      <Filter>scripts\zone\Azeroth\Blackwing Lair</Filter>
    </ClCompile>
    <ClCompile Include="..\scripts\zone\blackwing_lair\boss_vaelastrasz.cpp">
      <Filter>scripts\zone\Azeroth\Blackwing Lair</Filter>
    </ClCompile>
    <ClCompile Include="..\scripts\zone\blackwing_lair\boss_victor_nefarius.cpp">
      <Filter>scripts\zone\Azeroth\Blackwing Lair</Filter>
    </ClCompile>
    <ClCompile Include="..\scripts\zone\blackwing_lair\instance_blackwing_lair.cpp">
      <Filter>scripts\zone\Azeroth\Blackwing Lair</Filter>
    </ClCompile>
    <ClCompile Include="..\scripts\zone\black_temple\black_temple.cpp">
      <Filter>scripts\zone\Outland\Black Temple</Filter>
    </ClCompile>
    <ClCompile Include="..\scripts\zone\black_temple\boss_bloodboil.cpp">
      <Filter>scripts\zone\Outland\Black Temple</Filter>
    </ClCompile>
    <ClCompile Include="..\scripts\zone\black_temple\boss_illidan.cpp">
      <Filter>scripts\zone\Outland\Black Temple</Filter>
    </ClCompile>
    <ClCompile Include="..\scripts\zone\black_temple\boss_mother_shahraz.cpp">
      <Filter>scripts\zone\Outland\Black Temple</Filter>
    </ClCompile>
    <ClCompile Include="..\scripts\zone\black_temple\boss_reliquary_of_souls.cpp">
      <Filter>scripts\zone\Outland\Black Temple</Filter>
    </ClCompile>
    <ClCompile Include="..\scripts\zone\black_temple\boss_shade_of_akama.cpp">
      <Filter>scripts\zone\Outland\Black Temple</Filter>
    </ClCompile>
    <ClCompile Include="..\scripts\zone\black_temple\boss_supremus.cpp">
      <Filter>scripts\zone\Outland\Black Temple</Filter>
    </ClCompile>
    <ClCompile Include="..\scripts\zone\black_temple\boss_teron_gorefiend.cpp">
      <Filter>scripts\zone\Outland\Black Temple</Filter>
    </ClCompile>
    <ClCompile Include="..\scripts\zone\black_temple\boss_warlord_najentus.cpp">
      <Filter>scripts\zone\Outland\Black Temple</Filter>
    </ClCompile>
    <ClCompile Include="..\scripts\zone\black_temple\illidari_council.cpp">
      <Filter>scripts\zone\Outland\Black Temple</Filter>
    </ClCompile>
    <ClCompile Include="..\scripts\zone\black_temple\instance_black_temple.cpp">
      <Filter>scripts\zone\Outland\Black Temple</Filter>
    </ClCompile>
    <ClCompile Include="..\scripts\zone\caverns_of_time\culling_of_stratholme\boss_epoch.cpp">
      <Filter>scripts\zone\Kalimdor\Caverns of Time\Culling of Stratholme</Filter>
    </ClCompile>
    <ClCompile Include="..\scripts\zone\caverns_of_time\culling_of_stratholme\boss_mal_ganis.cpp">
      <Filter>scripts\zone\Kalimdor\Caverns of Time\Culling of Stratholme</Filter>
    </ClCompile>
    <ClCompile Include="..\scripts\zone\caverns_of_time\culling_of_stratholme\boss_meathook.cpp">
      <Filter>scripts\zone\Kalimdor\Caverns of Time\Culling of Stratholme</Filter>
    </ClCompile>
    <ClCompile Include="..\scripts\zone\caverns_of_time\culling_of_stratholme\boss_salramm.cpp">
      <Filter>scripts\zone\Kalimdor\Caverns of Time\Culling of Stratholme</Filter>
    </ClCompile>
    <ClCompile Include="..\scripts\zone\caverns_of_time\culling_of_stratholme\instance_culling_of_stratholme.cpp">
      <Filter>scripts\zone\Kalimdor\Caverns of Time\Culling of Stratholme</Filter>
    </ClCompile>
    <ClCompile Include="..\scripts\zone\caverns_of_time\dark_portal\boss_aeonus.cpp">
      <Filter>scripts\zone\Kalimdor\Caverns of Time\The Dark Portal</Filter>
    </ClCompile>
    <ClCompile Include="..\scripts\zone\caverns_of_time\dark_portal\boss_chrono_lord_deja.cpp">
      <Filter>scripts\zone\Kalimdor\Caverns of Time\The Dark Portal</Filter>
    </ClCompile>
    <ClCompile Include="..\scripts\zone\caverns_of_time\dark_portal\boss_temporus.cpp">
      <Filter>scripts\zone\Kalimdor\Caverns of Time\The Dark Portal</Filter>
    </ClCompile>
    <ClCompile Include="..\scripts\zone\caverns_of_time\dark_portal\dark_portal.cpp">
      <Filter>scripts\zone\Kalimdor\Caverns of Time\The Dark Portal</Filter>
    </ClCompile>
    <ClCompile Include="..\scripts\zone\caverns_of_time\dark_portal\instance_dark_portal.cpp">
      <Filter>scripts\zone\Kalimdor\Caverns of Time\The Dark Portal</Filter>
    </ClCompile>
    <ClCompile Include="..\scripts\zone\caverns_of_time\hyjal\boss_anetheron.cpp">
      <Filter>scripts\zone\Kalimdor\Caverns of Time\Battle for Mt. Hyjal</Filter>
    </ClCompile>
    <ClCompile Include="..\scripts\zone\caverns_of_time\hyjal\boss_archimonde.cpp">
      <Filter>scripts\zone\Kalimdor\Caverns of Time\Battle for Mt. Hyjal</Filter>
    </ClCompile>
    <ClCompile Include="..\scripts\zone\caverns_of_time\hyjal\boss_azgalor.cpp">
      <Filter>scripts\zone\Kalimdor\Caverns of Time\Battle for Mt. Hyjal</Filter>
    </ClCompile>
    <ClCompile Include="..\scripts\zone\caverns_of_time\hyjal\boss_kazrogal.cpp">
      <Filter>scripts\zone\Kalimdor\Caverns of Time\Battle for Mt. Hyjal</Filter>
    </ClCompile>
    <ClCompile Include="..\scripts\zone\caverns_of_time\hyjal\boss_rage_winterchill.cpp">
      <Filter>scripts\zone\Kalimdor\Caverns of Time\Battle for Mt. Hyjal</Filter>
    </ClCompile>
    <ClCompile Include="..\scripts\zone\caverns_of_time\hyjal\hyjal.cpp">
      <Filter>scripts\zone\Kalimdor\Caverns of Time\Battle for Mt. Hyjal</Filter>
    </ClCompile>
    <ClCompile Include="..\scripts\zone\caverns_of_time\hyjal\hyjalAI.cpp">
      <Filter>scripts\zone\Kalimdor\Caverns of Time\Battle for Mt. Hyjal</Filter>
    </ClCompile>
    <ClCompile Include="..\scripts\zone\caverns_of_time\hyjal\hyjal_trash.cpp">
      <Filter>scripts\zone\Kalimdor\Caverns of Time\Battle for Mt. Hyjal</Filter>
    </ClCompile>
    <ClCompile Include="..\scripts\zone\caverns_of_time\hyjal\instance_hyjal.cpp">
      <Filter>scripts\zone\Kalimdor\Caverns of Time\Battle for Mt. Hyjal</Filter>
    </ClCompile>
    <ClCompile Include="..\scripts\zone\caverns_of_time\old_hillsbrad\boss_captain_skarloc.cpp">
      <Filter>scripts\zone\Kalimdor\Caverns of Time\Old Hillsbrad</Filter>
    </ClCompile>
    <ClCompile Include="..\scripts\zone\caverns_of_time\old_hillsbrad\boss_epoch_hunter.cpp">
      <Filter>scripts\zone\Kalimdor\Caverns of Time\Old Hillsbrad</Filter>
    </ClCompile>
    <ClCompile Include="..\scripts\zone\caverns_of_time\old_hillsbrad\boss_leutenant_drake.cpp">
      <Filter>scripts\zone\Kalimdor\Caverns of Time\Old Hillsbrad</Filter>
    </ClCompile>
    <ClCompile Include="..\scripts\zone\caverns_of_time\old_hillsbrad\instance_old_hillsbrad.cpp">
      <Filter>scripts\zone\Kalimdor\Caverns of Time\Old Hillsbrad</Filter>
    </ClCompile>
    <ClCompile Include="..\scripts\zone\caverns_of_time\old_hillsbrad\old_hillsbrad.cpp">
      <Filter>scripts\zone\Kalimdor\Caverns of Time\Old Hillsbrad</Filter>
    </ClCompile>
    <ClCompile Include="..\scripts\zone\coilfang_resevoir\serpent_shrine\boss_fathomlord_karathress.cpp">
      <Filter>scripts\zone\Outland\Coilfang Resevoir\Serpent Shrine Cavern</Filter>
    </ClCompile>
    <ClCompile Include="..\scripts\zone\coilfang_resevoir\serpent_shrine\boss_hydross_the_unstable.cpp">
      <Filter>scripts\zone\Outland\Coilfang Resevoir\Serpent Shrine Cavern</Filter>
    </ClCompile>
    <ClCompile Include="..\scripts\zone\coilfang_resevoir\serpent_shrine\boss_lady_vashj.cpp">
      <Filter>scripts\zone\Outland\Coilfang Resevoir\Serpent Shrine Cavern</Filter>
    </ClCompile>
    <ClCompile Include="..\scripts\zone\coilfang_resevoir\serpent_shrine\boss_leotheras_the_blind.cpp">
      <Filter>scripts\zone\Outland\Coilfang Resevoir\Serpent Shrine Cavern</Filter>
    </ClCompile>
    <ClCompile Include="..\scripts\zone\coilfang_resevoir\serpent_shrine\boss_lurker_below.cpp">
      <Filter>scripts\zone\Outland\Coilfang Resevoir\Serpent Shrine Cavern</Filter>
    </ClCompile>
    <ClCompile Include="..\scripts\zone\coilfang_resevoir\serpent_shrine\boss_morogrim_tidewalker.cpp">
      <Filter>scripts\zone\Outland\Coilfang Resevoir\Serpent Shrine Cavern</Filter>
    </ClCompile>
    <ClCompile Include="..\scripts\zone\coilfang_resevoir\serpent_shrine\instance_serpent_shrine.cpp">
      <Filter>scripts\zone\Outland\Coilfang Resevoir\Serpent Shrine Cavern</Filter>
    </ClCompile>
    <ClCompile Include="..\scripts\zone\coilfang_resevoir\steam_vault\boss_hydromancer_thespia.cpp">
      <Filter>scripts\zone\Outland\Coilfang Resevoir\Steam Vault</Filter>
    </ClCompile>
    <ClCompile Include="..\scripts\zone\coilfang_resevoir\steam_vault\boss_mekgineer_steamrigger.cpp">
      <Filter>scripts\zone\Outland\Coilfang Resevoir\Steam Vault</Filter>
    </ClCompile>
    <ClCompile Include="..\scripts\zone\coilfang_resevoir\steam_vault\boss_warlord_kalithresh.cpp">
      <Filter>scripts\zone\Outland\Coilfang Resevoir\Steam Vault</Filter>
    </ClCompile>
    <ClCompile Include="..\scripts\zone\coilfang_resevoir\steam_vault\instance_steam_vault.cpp">
      <Filter>scripts\zone\Outland\Coilfang Resevoir\Steam Vault</Filter>
    </ClCompile>
    <ClCompile Include="..\scripts\zone\coilfang_resevoir\underbog\boss_hungarfen.cpp">
      <Filter>scripts\zone\Outland\Coilfang Resevoir\Underbog</Filter>
    </ClCompile>
    <ClCompile Include="..\scripts\zone\coilfang_resevoir\underbog\boss_the_black_stalker.cpp">
      <Filter>scripts\zone\Outland\Coilfang Resevoir\Underbog</Filter>
    </ClCompile>
    <ClCompile Include="..\scripts\zone\deadmines\deadmines.cpp">
      <Filter>scripts\zone\Azeroth\Deadmines</Filter>
    </ClCompile>
    <ClCompile Include="..\scripts\zone\draktharon_keep\boss_dred.cpp">
      <Filter>scripts\zone\Northrend\Dungeon\Drak'Tharon Keep</Filter>
    </ClCompile>
    <ClCompile Include="..\scripts\zone\draktharon_keep\boss_novos.cpp">
      <Filter>scripts\zone\Northrend\Dungeon\Drak'Tharon Keep</Filter>
    </ClCompile>
    <ClCompile Include="..\scripts\zone\draktharon_keep\boss_tharon_ja.cpp">
      <Filter>scripts\zone\Northrend\Dungeon\Drak'Tharon Keep</Filter>
    </ClCompile>
    <ClCompile Include="..\scripts\zone\draktharon_keep\boss_trollgore.cpp">
      <Filter>scripts\zone\Northrend\Dungeon\Drak'Tharon Keep</Filter>
    </ClCompile>
    <ClCompile Include="..\scripts\zone\draktharon_keep\instance_drak_tharon_keep.cpp">
      <Filter>scripts\zone\Northrend\Dungeon\Drak'Tharon Keep</Filter>
    </ClCompile>
    <ClCompile Include="..\scripts\zone\eastern_plaguelands\the_scarlet_enclave.cpp">
      <Filter>scripts\zone\Azeroth\Eastern Plaguelands</Filter>
    </ClCompile>
    <ClCompile Include="..\scripts\zone\gruuls_lair\boss_gruul.cpp">
      <Filter>scripts\zone\Outland\Gruul's Lair</Filter>
    </ClCompile>
    <ClCompile Include="..\scripts\zone\gruuls_lair\boss_high_king_maulgar.cpp">
      <Filter>scripts\zone\Outland\Gruul's Lair</Filter>
    </ClCompile>
    <ClCompile Include="..\scripts\zone\gruuls_lair\instance_gruuls_lair.cpp">
      <Filter>scripts\zone\Outland\Gruul's Lair</Filter>
    </ClCompile>
    <ClCompile Include="..\scripts\zone\gundrak\boss_drakkari_colossus.cpp">
      <Filter>scripts\zone\Northrend\Dungeon\Gundrak</Filter>
    </ClCompile>
    <ClCompile Include="..\scripts\zone\gundrak\boss_eck.cpp">
      <Filter>scripts\zone\Northrend\Dungeon\Gundrak</Filter>
    </ClCompile>
    <ClCompile Include="..\scripts\zone\gundrak\boss_gal_darah.cpp">
      <Filter>scripts\zone\Northrend\Dungeon\Gundrak</Filter>
    </ClCompile>
    <ClCompile Include="..\scripts\zone\gundrak\boss_moorabi.cpp">
      <Filter>scripts\zone\Northrend\Dungeon\Gundrak</Filter>
    </ClCompile>
    <ClCompile Include="..\scripts\zone\gundrak\boss_slad_ran.cpp">
      <Filter>scripts\zone\Northrend\Dungeon\Gundrak</Filter>
    </ClCompile>
    <ClCompile Include="..\scripts\zone\gundrak\instance_gundrak.cpp">
      <Filter>scripts\zone\Northrend\Dungeon\Gundrak</Filter>
    </ClCompile>
    <ClCompile Include="..\scripts\zone\hellfire_citadel\blood_furnace\boss_broggok.cpp">
      <Filter>scripts\zone\Outland\Hellfire Citadel\Blood Furnace</Filter>
    </ClCompile>
    <ClCompile Include="..\scripts\zone\hellfire_citadel\blood_furnace\boss_kelidan_the_breaker.cpp">
      <Filter>scripts\zone\Outland\Hellfire Citadel\Blood Furnace</Filter>
    </ClCompile>
    <ClCompile Include="..\scripts\zone\hellfire_citadel\blood_furnace\boss_the_maker.cpp">
      <Filter>scripts\zone\Outland\Hellfire Citadel\Blood Furnace</Filter>
    </ClCompile>
    <ClCompile Include="..\scripts\zone\hellfire_citadel\blood_furnace\instance_blood_furnace.cpp">
      <Filter>scripts\zone\Outland\Hellfire Citadel\Blood Furnace</Filter>
    </ClCompile>
    <ClCompile Include="..\scripts\zone\hellfire_citadel\hellfire_ramparts\boss_omor_the_unscarred.cpp">
      <Filter>scripts\zone\Outland\Hellfire Citadel\Hellfire Ramparts</Filter>
    </ClCompile>
    <ClCompile Include="..\scripts\zone\hellfire_citadel\hellfire_ramparts\boss_vazruden_the_herald.cpp">
      <Filter>scripts\zone\Outland\Hellfire Citadel\Hellfire Ramparts</Filter>
    </ClCompile>
    <ClCompile Include="..\scripts\zone\hellfire_citadel\hellfire_ramparts\boss_watchkeeper_gargolmar.cpp">
      <Filter>scripts\zone\Outland\Hellfire Citadel\Hellfire Ramparts</Filter>
    </ClCompile>
    <ClCompile Include="..\scripts\zone\hellfire_citadel\hellfire_ramparts\instance_hellfire_ramparts.cpp">
      <Filter>scripts\zone\Outland\Hellfire Citadel\Hellfire Ramparts</Filter>
    </ClCompile>
    <ClCompile Include="..\scripts\zone\hellfire_citadel\magtheridons_lair\boss_magtheridon.cpp">
      <Filter>scripts\zone\Outland\Hellfire Citadel\Magtheridon's lair</Filter>
    </ClCompile>
    <ClCompile Include="..\scripts\zone\hellfire_citadel\magtheridons_lair\instance_magtheridons_lair.cpp">
      <Filter>scripts\zone\Outland\Hellfire Citadel\Magtheridon's lair</Filter>
    </ClCompile>
    <ClCompile Include="..\scripts\zone\hellfire_citadel\shattered_halls\boss_nethekurse.cpp">
      <Filter>scripts\zone\Outland\Hellfire Citadel\Shattered Halls</Filter>
    </ClCompile>
    <ClCompile Include="..\scripts\zone\hellfire_citadel\shattered_halls\boss_warbringer_omrogg.cpp">
      <Filter>scripts\zone\Outland\Hellfire Citadel\Shattered Halls</Filter>
    </ClCompile>
    <ClCompile Include="..\scripts\zone\hellfire_citadel\shattered_halls\boss_warchief_kargath_bladefist.cpp">
      <Filter>scripts\zone\Outland\Hellfire Citadel\Shattered Halls</Filter>
    </ClCompile>
    <ClCompile Include="..\scripts\zone\hellfire_citadel\shattered_halls\instance_shattered_halls.cpp">
      <Filter>scripts\zone\Outland\Hellfire Citadel\Shattered Halls</Filter>
    </ClCompile>
    <ClCompile Include="..\scripts\zone\karazhan\bosses_opera.cpp">
      <Filter>scripts\zone\Azeroth\Karazhan</Filter>
    </ClCompile>
    <ClCompile Include="..\scripts\zone\karazhan\boss_curator.cpp">
      <Filter>scripts\zone\Azeroth\Karazhan</Filter>
    </ClCompile>
    <ClCompile Include="..\scripts\zone\karazhan\boss_maiden_of_virtue.cpp">
      <Filter>scripts\zone\Azeroth\Karazhan</Filter>
    </ClCompile>
    <ClCompile Include="..\scripts\zone\karazhan\boss_midnight.cpp">
      <Filter>scripts\zone\Azeroth\Karazhan</Filter>
    </ClCompile>
    <ClCompile Include="..\scripts\zone\karazhan\boss_moroes.cpp">
      <Filter>scripts\zone\Azeroth\Karazhan</Filter>
    </ClCompile>
    <ClCompile Include="..\scripts\zone\karazhan\boss_netherspite.cpp">
      <Filter>scripts\zone\Azeroth\Karazhan</Filter>
    </ClCompile>
    <ClCompile Include="..\scripts\zone\karazhan\boss_nightbane.cpp">
      <Filter>scripts\zone\Azeroth\Karazhan</Filter>
    </ClCompile>
    <ClCompile Include="..\scripts\zone\karazhan\boss_prince_malchezaar.cpp">
      <Filter>scripts\zone\Azeroth\Karazhan</Filter>
    </ClCompile>
    <ClCompile Include="..\scripts\zone\karazhan\boss_shade_of_aran.cpp">
      <Filter>scripts\zone\Azeroth\Karazhan</Filter>
    </ClCompile>
    <ClCompile Include="..\scripts\zone\karazhan\boss_terestian_illhoof.cpp">
      <Filter>scripts\zone\Azeroth\Karazhan</Filter>
    </ClCompile>
    <ClCompile Include="..\scripts\zone\karazhan\instance_karazhan.cpp">
      <Filter>scripts\zone\Azeroth\Karazhan</Filter>
    </ClCompile>
    <ClCompile Include="..\scripts\zone\karazhan\karazhan.cpp">
      <Filter>scripts\zone\Azeroth\Karazhan</Filter>
    </ClCompile>
    <ClCompile Include="..\scripts\zone\magisters_terrace\boss_felblood_kaelthas.cpp">
      <Filter>scripts\zone\Azeroth\Magister's Terrace</Filter>
    </ClCompile>
    <ClCompile Include="..\scripts\zone\magisters_terrace\boss_priestess_delrissa.cpp">
      <Filter>scripts\zone\Azeroth\Magister's Terrace</Filter>
    </ClCompile>
    <ClCompile Include="..\scripts\zone\magisters_terrace\boss_selin_fireheart.cpp">
      <Filter>scripts\zone\Azeroth\Magister's Terrace</Filter>
    </ClCompile>
    <ClCompile Include="..\scripts\zone\magisters_terrace\boss_vexallus.cpp">
      <Filter>scripts\zone\Azeroth\Magister's Terrace</Filter>
    </ClCompile>
    <ClCompile Include="..\scripts\zone\magisters_terrace\instance_magisters_terrace.cpp">
      <Filter>scripts\zone\Azeroth\Magister's Terrace</Filter>
    </ClCompile>
    <ClCompile Include="..\scripts\zone\magisters_terrace\magisters_terrace.cpp">
      <Filter>scripts\zone\Azeroth\Magister's Terrace</Filter>
    </ClCompile>
    <ClCompile Include="..\scripts\zone\maraudon\boss_celebras_the_cursed.cpp">
      <Filter>scripts\zone\Kalimdor\Maraudon</Filter>
    </ClCompile>
    <ClCompile Include="..\scripts\zone\maraudon\boss_landslide.cpp">
      <Filter>scripts\zone\Kalimdor\Maraudon</Filter>
    </ClCompile>
    <ClCompile Include="..\scripts\zone\maraudon\boss_noxxion.cpp">
      <Filter>scripts\zone\Kalimdor\Maraudon</Filter>
    </ClCompile>
    <ClCompile Include="..\scripts\zone\maraudon\boss_princess_theradras.cpp">
      <Filter>scripts\zone\Kalimdor\Maraudon</Filter>
    </ClCompile>
    <ClCompile Include="..\scripts\zone\molten_core\boss_baron_geddon.cpp">
      <Filter>scripts\zone\Azeroth\Molten Core</Filter>
    </ClCompile>
    <ClCompile Include="..\scripts\zone\molten_core\boss_garr.cpp">
      <Filter>scripts\zone\Azeroth\Molten Core</Filter>
    </ClCompile>
    <ClCompile Include="..\scripts\zone\molten_core\boss_gehennas.cpp">
      <Filter>scripts\zone\Azeroth\Molten Core</Filter>
    </ClCompile>
    <ClCompile Include="..\scripts\zone\molten_core\boss_golemagg.cpp">
      <Filter>scripts\zone\Azeroth\Molten Core</Filter>
    </ClCompile>
    <ClCompile Include="..\scripts\zone\molten_core\boss_lucifron.cpp">
      <Filter>scripts\zone\Azeroth\Molten Core</Filter>
    </ClCompile>
    <ClCompile Include="..\scripts\zone\molten_core\boss_magmadar.cpp">
      <Filter>scripts\zone\Azeroth\Molten Core</Filter>
    </ClCompile>
    <ClCompile Include="..\scripts\zone\molten_core\boss_majordomo_executus.cpp">
      <Filter>scripts\zone\Azeroth\Molten Core</Filter>
    </ClCompile>
    <ClCompile Include="..\scripts\zone\molten_core\boss_ragnaros.cpp">
      <Filter>scripts\zone\Azeroth\Molten Core</Filter>
    </ClCompile>
    <ClCompile Include="..\scripts\zone\molten_core\boss_shazzrah.cpp">
      <Filter>scripts\zone\Azeroth\Molten Core</Filter>
    </ClCompile>
    <ClCompile Include="..\scripts\zone\molten_core\boss_sulfuron_harbinger.cpp">
      <Filter>scripts\zone\Azeroth\Molten Core</Filter>
    </ClCompile>
    <ClCompile Include="..\scripts\zone\molten_core\instance_molten_core.cpp">
      <Filter>scripts\zone\Azeroth\Molten Core</Filter>
    </ClCompile>
    <ClCompile Include="..\scripts\zone\molten_core\molten_core.cpp">
      <Filter>scripts\zone\Azeroth\Molten Core</Filter>
    </ClCompile>
    <ClCompile Include="..\scripts\zone\naxxramas\boss_anubrekhan.cpp">
      <Filter>scripts\zone\Northrend\Dungeon\Naxxramas</Filter>
    </ClCompile>
    <ClCompile Include="..\scripts\zone\naxxramas\boss_faerlina.cpp">
      <Filter>scripts\zone\Northrend\Dungeon\Naxxramas</Filter>
    </ClCompile>
    <ClCompile Include="..\scripts\zone\naxxramas\boss_four_horsemen.cpp">
      <Filter>scripts\zone\Northrend\Dungeon\Naxxramas</Filter>
    </ClCompile>
    <ClCompile Include="..\scripts\zone\naxxramas\boss_gluth.cpp">
      <Filter>scripts\zone\Northrend\Dungeon\Naxxramas</Filter>
    </ClCompile>
    <ClCompile Include="..\scripts\zone\naxxramas\boss_gothik.cpp">
      <Filter>scripts\zone\Northrend\Dungeon\Naxxramas</Filter>
    </ClCompile>
    <ClCompile Include="..\scripts\zone\naxxramas\boss_grobbulus.cpp">
      <Filter>scripts\zone\Northrend\Dungeon\Naxxramas</Filter>
    </ClCompile>
    <ClCompile Include="..\scripts\zone\naxxramas\boss_heigan.cpp">
      <Filter>scripts\zone\Northrend\Dungeon\Naxxramas</Filter>
    </ClCompile>
    <ClCompile Include="..\scripts\zone\naxxramas\boss_kelthuzad.cpp">
      <Filter>scripts\zone\Northrend\Dungeon\Naxxramas</Filter>
    </ClCompile>
    <ClCompile Include="..\scripts\zone\naxxramas\boss_loatheb.cpp">
      <Filter>scripts\zone\Northrend\Dungeon\Naxxramas</Filter>
    </ClCompile>
    <ClCompile Include="..\scripts\zone\naxxramas\boss_maexxna.cpp">
      <Filter>scripts\zone\Northrend\Dungeon\Naxxramas</Filter>
    </ClCompile>
    <ClCompile Include="..\scripts\zone\naxxramas\boss_noth.cpp">
      <Filter>scripts\zone\Northrend\Dungeon\Naxxramas</Filter>
    </ClCompile>
    <ClCompile Include="..\scripts\zone\naxxramas\boss_patchwerk.cpp">
      <Filter>scripts\zone\Northrend\Dungeon\Naxxramas</Filter>
    </ClCompile>
    <ClCompile Include="..\scripts\zone\naxxramas\boss_razuvious.cpp">
      <Filter>scripts\zone\Northrend\Dungeon\Naxxramas</Filter>
    </ClCompile>
    <ClCompile Include="..\scripts\zone\naxxramas\boss_sapphiron.cpp">
      <Filter>scripts\zone\Northrend\Dungeon\Naxxramas</Filter>
    </ClCompile>
    <ClCompile Include="..\scripts\zone\naxxramas\boss_thaddius.cpp">
      <Filter>scripts\zone\Northrend\Dungeon\Naxxramas</Filter>
    </ClCompile>
    <ClCompile Include="..\scripts\zone\naxxramas\instance_naxxramas.cpp">
      <Filter>scripts\zone\Northrend\Dungeon\Naxxramas</Filter>
    </ClCompile>
    <ClCompile Include="..\scripts\zone\nexus\eye_of_eternity\boss_malygos.cpp">
      <Filter>scripts\zone\Northrend\Dungeon\Nexus\Eye of Eternity</Filter>
    </ClCompile>
    <ClCompile Include="..\scripts\zone\nexus\eye_of_eternity\instance_eye_of_eternity.cpp">
      <Filter>scripts\zone\Northrend\Dungeon\Nexus\Eye of Eternity</Filter>
    </ClCompile>
    <ClCompile Include="..\scripts\zone\nexus\nexus\boss_anomalus.cpp">
      <Filter>scripts\zone\Northrend\Dungeon\Nexus\Nexus</Filter>
    </ClCompile>
    <ClCompile Include="..\scripts\zone\nexus\nexus\boss_keristrasza.cpp">
      <Filter>scripts\zone\Northrend\Dungeon\Nexus\Nexus</Filter>
    </ClCompile>
    <ClCompile Include="..\scripts\zone\nexus\nexus\boss_magus_telestra.cpp">
      <Filter>scripts\zone\Northrend\Dungeon\Nexus\Nexus</Filter>
    </ClCompile>
    <ClCompile Include="..\scripts\zone\nexus\nexus\boss_ormorok.cpp">
      <Filter>scripts\zone\Northrend\Dungeon\Nexus\Nexus</Filter>
    </ClCompile>
    <ClCompile Include="..\scripts\zone\nexus\nexus\commander_kolurg.cpp">
      <Filter>scripts\zone\Northrend\Dungeon\Nexus\Nexus</Filter>
    </ClCompile>
    <ClCompile Include="..\scripts\zone\nexus\nexus\commander_stoutbeard.cpp">
      <Filter>scripts\zone\Northrend\Dungeon\Nexus\Nexus</Filter>
    </ClCompile>
    <ClCompile Include="..\scripts\zone\nexus\nexus\instance_nexus.cpp">
      <Filter>scripts\zone\Northrend\Dungeon\Nexus\Nexus</Filter>
    </ClCompile>
    <ClCompile Include="..\scripts\zone\nexus\oculus\boss_drakos.cpp">
      <Filter>scripts\zone\Northrend\Dungeon\Nexus\Oculus</Filter>
    </ClCompile>
    <ClCompile Include="..\scripts\zone\nexus\oculus\boss_eregos.cpp">
      <Filter>scripts\zone\Northrend\Dungeon\Nexus\Oculus</Filter>
    </ClCompile>
    <ClCompile Include="..\scripts\zone\nexus\oculus\boss_urom.cpp">
      <Filter>scripts\zone\Northrend\Dungeon\Nexus\Oculus</Filter>
    </ClCompile>
    <ClCompile Include="..\scripts\zone\nexus\oculus\boss_varos.cpp">
      <Filter>scripts\zone\Northrend\Dungeon\Nexus\Oculus</Filter>
    </ClCompile>
    <ClCompile Include="..\scripts\zone\nexus\oculus\instance_oculus.cpp">
      <Filter>scripts\zone\Northrend\Dungeon\Nexus\Oculus</Filter>
    </ClCompile>
    <ClCompile Include="..\scripts\zone\obsidian_sanctum\boss_sartharion.cpp">
      <Filter>scripts\zone\Northrend\Dungeon\Obsidian Sanctum</Filter>
    </ClCompile>
    <ClCompile Include="..\scripts\zone\obsidian_sanctum\instance_obsidian_sanctum.cpp">
      <Filter>scripts\zone\Northrend\Dungeon\Obsidian Sanctum</Filter>
    </ClCompile>
    <ClCompile Include="..\scripts\zone\onyxias_lair\boss_onyxia.cpp">
      <Filter>scripts\zone\Kalimdor\Onyxia's Lair</Filter>
    </ClCompile>
    <ClCompile Include="..\scripts\zone\razorfen_downs\boss_amnennar_the_coldbringer.cpp">
      <Filter>scripts\zone\Kalimdor\Razorfen Downs</Filter>
    </ClCompile>
    <ClCompile Include="..\scripts\zone\razorfen_downs\razorfen_downs.cpp">
      <Filter>scripts\zone\Kalimdor\Razorfen Downs</Filter>
    </ClCompile>
    <ClCompile Include="..\scripts\zone\razorfen_kraul\instance_razorfen_kraul.cpp">
      <Filter>scripts\zone\Kalimdor\Razorfen Kraul</Filter>
    </ClCompile>
    <ClCompile Include="..\scripts\zone\razorfen_kraul\razorfen_kraul.cpp">
      <Filter>scripts\zone\Kalimdor\Razorfen Kraul</Filter>
    </ClCompile>
    <ClCompile Include="..\scripts\zone\ruins_of_ahnqiraj\boss_ayamiss.cpp">
      <Filter>scripts\zone\Kalimdor\Ruins of Ahn'Qiraj</Filter>
    </ClCompile>
    <ClCompile Include="..\scripts\zone\ruins_of_ahnqiraj\boss_buru.cpp">
      <Filter>scripts\zone\Kalimdor\Ruins of Ahn'Qiraj</Filter>
    </ClCompile>
    <ClCompile Include="..\scripts\zone\ruins_of_ahnqiraj\boss_kurinnaxx.cpp">
      <Filter>scripts\zone\Kalimdor\Ruins of Ahn'Qiraj</Filter>
    </ClCompile>
    <ClCompile Include="..\scripts\zone\ruins_of_ahnqiraj\boss_moam.cpp">
      <Filter>scripts\zone\Kalimdor\Ruins of Ahn'Qiraj</Filter>
    </ClCompile>
    <ClCompile Include="..\scripts\zone\ruins_of_ahnqiraj\boss_ossirian.cpp">
      <Filter>scripts\zone\Kalimdor\Ruins of Ahn'Qiraj</Filter>
    </ClCompile>
    <ClCompile Include="..\scripts\zone\ruins_of_ahnqiraj\boss_rajaxx.cpp">
      <Filter>scripts\zone\Kalimdor\Ruins of Ahn'Qiraj</Filter>
    </ClCompile>
    <ClCompile Include="..\scripts\zone\ruins_of_ahnqiraj\instance_ruins_of_ahnqiraj.cpp">
      <Filter>scripts\zone\Kalimdor\Ruins of Ahn'Qiraj</Filter>
    </ClCompile>
    <ClCompile Include="..\scripts\zone\scarlet_monastery\boss_arcanist_doan.cpp">
      <Filter>scripts\zone\Azeroth\Scarlet Monastery</Filter>
    </ClCompile>
    <ClCompile Include="..\scripts\zone\scarlet_monastery\boss_azshir_the_sleepless.cpp">
      <Filter>scripts\zone\Azeroth\Scarlet Monastery</Filter>
    </ClCompile>
    <ClCompile Include="..\scripts\zone\scarlet_monastery\boss_bloodmage_thalnos.cpp">
      <Filter>scripts\zone\Azeroth\Scarlet Monastery</Filter>
    </ClCompile>
    <ClCompile Include="..\scripts\zone\scarlet_monastery\boss_headless_horseman.cpp">
      <Filter>scripts\zone\Azeroth\Scarlet Monastery</Filter>
    </ClCompile>
    <ClCompile Include="..\scripts\zone\scarlet_monastery\boss_herod.cpp">
      <Filter>scripts\zone\Azeroth\Scarlet Monastery</Filter>
    </ClCompile>
    <ClCompile Include="..\scripts\zone\scarlet_monastery\boss_high_inquisitor_fairbanks.cpp">
      <Filter>scripts\zone\Azeroth\Scarlet Monastery</Filter>
    </ClCompile>
    <ClCompile Include="..\scripts\zone\scarlet_monastery\boss_houndmaster_loksey.cpp">
      <Filter>scripts\zone\Azeroth\Scarlet Monastery</Filter>
    </ClCompile>
    <ClCompile Include="..\scripts\zone\scarlet_monastery\boss_interrogator_vishas.cpp">
      <Filter>scripts\zone\Azeroth\Scarlet Monastery</Filter>
    </ClCompile>
    <ClCompile Include="..\scripts\zone\scarlet_monastery\boss_mograine_and_whitemane.cpp">
      <Filter>scripts\zone\Azeroth\Scarlet Monastery</Filter>
    </ClCompile>
    <ClCompile Include="..\scripts\zone\scarlet_monastery\boss_scorn.cpp">
      <Filter>scripts\zone\Azeroth\Scarlet Monastery</Filter>
    </ClCompile>
    <ClCompile Include="..\scripts\zone\scarlet_monastery\instance_scarlet_monastery.cpp">
      <Filter>scripts\zone\Azeroth\Scarlet Monastery</Filter>
    </ClCompile>
    <ClCompile Include="..\scripts\zone\scholomance\boss_darkmaster_gandling.cpp">
      <Filter>scripts\zone\Azeroth\Scholomance</Filter>
    </ClCompile>
    <ClCompile Include="..\scripts\zone\scholomance\boss_death_knight_darkreaver.cpp">
      <Filter>scripts\zone\Azeroth\Scholomance</Filter>
    </ClCompile>
    <ClCompile Include="..\scripts\zone\scholomance\boss_doctor_theolen_krastinov.cpp">
      <Filter>scripts\zone\Azeroth\Scholomance</Filter>
    </ClCompile>
    <ClCompile Include="..\scripts\zone\scholomance\boss_illucia_barov.cpp">
      <Filter>scripts\zone\Azeroth\Scholomance</Filter>
    </ClCompile>
    <ClCompile Include="..\scripts\zone\scholomance\boss_instructor_malicia.cpp">
      <Filter>scripts\zone\Azeroth\Scholomance</Filter>
    </ClCompile>
    <ClCompile Include="..\scripts\zone\scholomance\boss_jandice_barov.cpp">
      <Filter>scripts\zone\Azeroth\Scholomance</Filter>
    </ClCompile>
    <ClCompile Include="..\scripts\zone\scholomance\boss_kormok.cpp">
      <Filter>scripts\zone\Azeroth\Scholomance</Filter>
    </ClCompile>
    <ClCompile Include="..\scripts\zone\scholomance\boss_lord_alexei_barov.cpp">
      <Filter>scripts\zone\Azeroth\Scholomance</Filter>
    </ClCompile>
    <ClCompile Include="..\scripts\zone\scholomance\boss_lorekeeper_polkelt.cpp">
      <Filter>scripts\zone\Azeroth\Scholomance</Filter>
    </ClCompile>
    <ClCompile Include="..\scripts\zone\scholomance\boss_ras_frostwhisper.cpp">
      <Filter>scripts\zone\Azeroth\Scholomance</Filter>
    </ClCompile>
    <ClCompile Include="..\scripts\zone\scholomance\boss_the_ravenian.cpp">
      <Filter>scripts\zone\Azeroth\Scholomance</Filter>
    </ClCompile>
    <ClCompile Include="..\scripts\zone\scholomance\boss_vectus.cpp">
      <Filter>scripts\zone\Azeroth\Scholomance</Filter>
    </ClCompile>
    <ClCompile Include="..\scripts\zone\scholomance\instance_scholomance.cpp">
      <Filter>scripts\zone\Azeroth\Scholomance</Filter>
    </ClCompile>
    <ClCompile Include="..\scripts\zone\shadowfang_keep\instance_shadowfang_keep.cpp">
      <Filter>scripts\zone\Azeroth\Shadowfang Keep</Filter>
    </ClCompile>
    <ClCompile Include="..\scripts\zone\shadowfang_keep\shadowfang_keep.cpp">
      <Filter>scripts\zone\Azeroth\Shadowfang Keep</Filter>
    </ClCompile>
    <ClCompile Include="..\scripts\zone\stratholme\boss_baroness_anastari.cpp">
      <Filter>scripts\zone\Azeroth\Stratholme</Filter>
    </ClCompile>
    <ClCompile Include="..\scripts\zone\stratholme\boss_baron_rivendare.cpp">
      <Filter>scripts\zone\Azeroth\Stratholme</Filter>
    </ClCompile>
    <ClCompile Include="..\scripts\zone\stratholme\boss_cannon_master_willey.cpp">
      <Filter>scripts\zone\Azeroth\Stratholme</Filter>
    </ClCompile>
    <ClCompile Include="..\scripts\zone\stratholme\boss_dathrohan_balnazzar.cpp">
      <Filter>scripts\zone\Azeroth\Stratholme</Filter>
    </ClCompile>
    <ClCompile Include="..\scripts\zone\stratholme\boss_magistrate_barthilas.cpp">
      <Filter>scripts\zone\Azeroth\Stratholme</Filter>
    </ClCompile>
    <ClCompile Include="..\scripts\zone\stratholme\boss_maleki_the_pallid.cpp">
      <Filter>scripts\zone\Azeroth\Stratholme</Filter>
    </ClCompile>
    <ClCompile Include="..\scripts\zone\stratholme\boss_nerubenkan.cpp">
      <Filter>scripts\zone\Azeroth\Stratholme</Filter>
    </ClCompile>
    <ClCompile Include="..\scripts\zone\stratholme\boss_order_of_silver_hand.cpp">
      <Filter>scripts\zone\Azeroth\Stratholme</Filter>
    </ClCompile>
    <ClCompile Include="..\scripts\zone\stratholme\boss_postmaster_malown.cpp">
      <Filter>scripts\zone\Azeroth\Stratholme</Filter>
    </ClCompile>
    <ClCompile Include="..\scripts\zone\stratholme\boss_ramstein_the_gorger.cpp">
      <Filter>scripts\zone\Azeroth\Stratholme</Filter>
    </ClCompile>
    <ClCompile Include="..\scripts\zone\stratholme\boss_timmy_the_cruel.cpp">
      <Filter>scripts\zone\Azeroth\Stratholme</Filter>
    </ClCompile>
    <ClCompile Include="..\scripts\zone\stratholme\instance_stratholme.cpp">
      <Filter>scripts\zone\Azeroth\Stratholme</Filter>
    </ClCompile>
    <ClCompile Include="..\scripts\zone\stratholme\stratholme.cpp">
      <Filter>scripts\zone\Azeroth\Stratholme</Filter>
    </ClCompile>
    <ClCompile Include="..\scripts\zone\sunwell_plateau\boss_brutallus.cpp">
      <Filter>scripts\zone\Azeroth\Sunwell Plateau</Filter>
    </ClCompile>
    <ClCompile Include="..\scripts\zone\sunwell_plateau\boss_eredar_twins.cpp">
      <Filter>scripts\zone\Azeroth\Sunwell Plateau</Filter>
    </ClCompile>
    <ClCompile Include="..\scripts\zone\sunwell_plateau\boss_felmyst.cpp">
      <Filter>scripts\zone\Azeroth\Sunwell Plateau</Filter>
    </ClCompile>
    <ClCompile Include="..\scripts\zone\sunwell_plateau\boss_kalecgos.cpp">
      <Filter>scripts\zone\Azeroth\Sunwell Plateau</Filter>
    </ClCompile>
    <ClCompile Include="..\scripts\zone\sunwell_plateau\boss_kiljaeden.cpp">
      <Filter>scripts\zone\Azeroth\Sunwell Plateau</Filter>
    </ClCompile>
    <ClCompile Include="..\scripts\zone\sunwell_plateau\boss_muru.cpp">
      <Filter>scripts\zone\Azeroth\Sunwell Plateau</Filter>
    </ClCompile>
    <ClCompile Include="..\scripts\zone\sunwell_plateau\instance_sunwell_plateau.cpp">
      <Filter>scripts\zone\Azeroth\Sunwell Plateau</Filter>
    </ClCompile>
    <ClCompile Include="..\scripts\zone\sunwell_plateau\sunwell_plateau.cpp">
      <Filter>scripts\zone\Azeroth\Sunwell Plateau</Filter>
    </ClCompile>
    <ClCompile Include="..\scripts\zone\tempest_keep\arcatraz\arcatraz.cpp">
      <Filter>scripts\zone\Outland\Tempest Keep\Arcatraz</Filter>
    </ClCompile>
    <ClCompile Include="..\scripts\zone\tempest_keep\arcatraz\boss_harbinger_skyriss.cpp">
      <Filter>scripts\zone\Outland\Tempest Keep\Arcatraz</Filter>
    </ClCompile>
    <ClCompile Include="..\scripts\zone\tempest_keep\arcatraz\instance_arcatraz.cpp">
      <Filter>scripts\zone\Outland\Tempest Keep\Arcatraz</Filter>
    </ClCompile>
    <ClCompile Include="..\scripts\zone\tempest_keep\botanica\boss_high_botanist_freywinn.cpp">
      <Filter>scripts\zone\Outland\Tempest Keep\Botanica</Filter>
    </ClCompile>
    <ClCompile Include="..\scripts\zone\tempest_keep\botanica\boss_laj.cpp">
      <Filter>scripts\zone\Outland\Tempest Keep\Botanica</Filter>
    </ClCompile>
    <ClCompile Include="..\scripts\zone\tempest_keep\botanica\boss_warp_splinter.cpp">
      <Filter>scripts\zone\Outland\Tempest Keep\Botanica</Filter>
    </ClCompile>
    <ClCompile Include="..\scripts\zone\tempest_keep\the_eye\boss_alar.cpp">
      <Filter>scripts\zone\Outland\Tempest Keep\The Eye</Filter>
    </ClCompile>
    <ClCompile Include="..\scripts\zone\tempest_keep\the_eye\boss_astromancer.cpp">
      <Filter>scripts\zone\Outland\Tempest Keep\The Eye</Filter>
    </ClCompile>
    <ClCompile Include="..\scripts\zone\tempest_keep\the_eye\boss_kaelthas.cpp">
      <Filter>scripts\zone\Outland\Tempest Keep\The Eye</Filter>
    </ClCompile>
    <ClCompile Include="..\scripts\zone\tempest_keep\the_eye\boss_void_reaver.cpp">
      <Filter>scripts\zone\Outland\Tempest Keep\The Eye</Filter>
    </ClCompile>
    <ClCompile Include="..\scripts\zone\tempest_keep\the_eye\instance_the_eye.cpp">
      <Filter>scripts\zone\Outland\Tempest Keep\The Eye</Filter>
    </ClCompile>
    <ClCompile Include="..\scripts\zone\tempest_keep\the_eye\the_eye.cpp">
      <Filter>scripts\zone\Outland\Tempest Keep\The Eye</Filter>
    </ClCompile>
    <ClCompile Include="..\scripts\zone\tempest_keep\the_mechanar\boss_gatewatcher_gyrokill.cpp">
      <Filter>scripts\zone\Outland\Tempest Keep\The Mechanar</Filter>
    </ClCompile>
    <ClCompile Include="..\scripts\zone\tempest_keep\the_mechanar\boss_gatewatcher_ironhand.cpp">
      <Filter>scripts\zone\Outland\Tempest Keep\The Mechanar</Filter>
    </ClCompile>
    <ClCompile Include="..\scripts\zone\tempest_keep\the_mechanar\boss_nethermancer_sepethrea.cpp">
      <Filter>scripts\zone\Outland\Tempest Keep\The Mechanar</Filter>
    </ClCompile>
    <ClCompile Include="..\scripts\zone\tempest_keep\the_mechanar\boss_pathaleon_the_calculator.cpp">
      <Filter>scripts\zone\Outland\Tempest Keep\The Mechanar</Filter>
    </ClCompile>
    <ClCompile Include="..\scripts\zone\tempest_keep\the_mechanar\instance_mechanar.cpp">
      <Filter>scripts\zone\Outland\Tempest Keep\The Mechanar</Filter>
    </ClCompile>
    <ClCompile Include="..\scripts\zone\temple_of_ahnqiraj\boss_bug_trio.cpp">
      <Filter>scripts\zone\Kalimdor\Temple of Ahn'Qiraj</Filter>
    </ClCompile>
    <ClCompile Include="..\scripts\zone\temple_of_ahnqiraj\boss_cthun.cpp">
      <Filter>scripts\zone\Kalimdor\Temple of Ahn'Qiraj</Filter>
    </ClCompile>
    <ClCompile Include="..\scripts\zone\temple_of_ahnqiraj\boss_fankriss.cpp">
      <Filter>scripts\zone\Kalimdor\Temple of Ahn'Qiraj</Filter>
    </ClCompile>
    <ClCompile Include="..\scripts\zone\temple_of_ahnqiraj\boss_huhuran.cpp">
      <Filter>scripts\zone\Kalimdor\Temple of Ahn'Qiraj</Filter>
    </ClCompile>
    <ClCompile Include="..\scripts\zone\temple_of_ahnqiraj\boss_ouro.cpp">
      <Filter>scripts\zone\Kalimdor\Temple of Ahn'Qiraj</Filter>
    </ClCompile>
    <ClCompile Include="..\scripts\zone\temple_of_ahnqiraj\boss_sartura.cpp">
      <Filter>scripts\zone\Kalimdor\Temple of Ahn'Qiraj</Filter>
    </ClCompile>
    <ClCompile Include="..\scripts\zone\temple_of_ahnqiraj\boss_skeram.cpp">
      <Filter>scripts\zone\Kalimdor\Temple of Ahn'Qiraj</Filter>
    </ClCompile>
    <ClCompile Include="..\scripts\zone\temple_of_ahnqiraj\boss_twinemperors.cpp">
      <Filter>scripts\zone\Kalimdor\Temple of Ahn'Qiraj</Filter>
    </ClCompile>
    <ClCompile Include="..\scripts\zone\temple_of_ahnqiraj\boss_viscidus.cpp">
      <Filter>scripts\zone\Kalimdor\Temple of Ahn'Qiraj</Filter>
    </ClCompile>
    <ClCompile Include="..\scripts\zone\temple_of_ahnqiraj\instance_temple_of_ahnqiraj.cpp">
      <Filter>scripts\zone\Kalimdor\Temple of Ahn'Qiraj</Filter>
    </ClCompile>
    <ClCompile Include="..\scripts\zone\temple_of_ahnqiraj\mob_anubisath_sentinel.cpp">
      <Filter>scripts\zone\Kalimdor\Temple of Ahn'Qiraj</Filter>
    </ClCompile>
    <ClCompile Include="..\scripts\zone\uldaman\boss_archaedas.cpp">
      <Filter>scripts\zone\Azeroth\Uldaman</Filter>
    </ClCompile>
    <ClCompile Include="..\scripts\zone\uldaman\boss_ironaya.cpp">
      <Filter>scripts\zone\Azeroth\Uldaman</Filter>
    </ClCompile>
    <ClCompile Include="..\scripts\zone\uldaman\instance_uldaman.cpp">
      <Filter>scripts\zone\Azeroth\Uldaman</Filter>
    </ClCompile>
    <ClCompile Include="..\scripts\zone\uldaman\uldaman.cpp">
      <Filter>scripts\zone\Azeroth\Uldaman</Filter>
    </ClCompile>
    <ClCompile Include="..\scripts\zone\ulduar\halls_of_lightning\boss_bjarngrim.cpp">
      <Filter>scripts\zone\Northrend\Dungeon\Ulduar\Halls of Lightning</Filter>
    </ClCompile>
    <ClCompile Include="..\scripts\zone\ulduar\halls_of_lightning\boss_ionar.cpp">
      <Filter>scripts\zone\Northrend\Dungeon\Ulduar\Halls of Lightning</Filter>
    </ClCompile>
    <ClCompile Include="..\scripts\zone\ulduar\halls_of_lightning\boss_loken.cpp">
      <Filter>scripts\zone\Northrend\Dungeon\Ulduar\Halls of Lightning</Filter>
    </ClCompile>
    <ClCompile Include="..\scripts\zone\ulduar\halls_of_lightning\boss_volkhan.cpp">
      <Filter>scripts\zone\Northrend\Dungeon\Ulduar\Halls of Lightning</Filter>
    </ClCompile>
    <ClCompile Include="..\scripts\zone\ulduar\halls_of_lightning\instance_halls_of_lightning.cpp">
      <Filter>scripts\zone\Northrend\Dungeon\Ulduar\Halls of Lightning</Filter>
    </ClCompile>
    <ClCompile Include="..\scripts\zone\ulduar\halls_of_stone\boss_krystallus.cpp">
      <Filter>scripts\zone\Northrend\Dungeon\Ulduar\Halls of Stone</Filter>
    </ClCompile>
    <ClCompile Include="..\scripts\zone\ulduar\halls_of_stone\boss_maiden_of_grief.cpp">
      <Filter>scripts\zone\Northrend\Dungeon\Ulduar\Halls of Stone</Filter>
    </ClCompile>
    <ClCompile Include="..\scripts\zone\ulduar\halls_of_stone\boss_sjonnir.cpp">
      <Filter>scripts\zone\Northrend\Dungeon\Ulduar\Halls of Stone</Filter>
    </ClCompile>
    <ClCompile Include="..\scripts\zone\ulduar\halls_of_stone\instance_halls_of_stone.cpp">
      <Filter>scripts\zone\Northrend\Dungeon\Ulduar\Halls of Stone</Filter>
    </ClCompile>
    <ClCompile Include="..\scripts\zone\ulduar\ulduar\boss_algalon.cpp">
      <Filter>scripts\zone\Northrend\Dungeon\Ulduar\Ulduar</Filter>
    </ClCompile>
    <ClCompile Include="..\scripts\zone\ulduar\ulduar\boss_assembly_of_iron.cpp">
      <Filter>scripts\zone\Northrend\Dungeon\Ulduar\Ulduar</Filter>
    </ClCompile>
    <ClCompile Include="..\scripts\zone\ulduar\ulduar\boss_auriaya.cpp">
      <Filter>scripts\zone\Northrend\Dungeon\Ulduar\Ulduar</Filter>
    </ClCompile>
    <ClCompile Include="..\scripts\zone\ulduar\ulduar\boss_flame_leviathan.cpp">
      <Filter>scripts\zone\Northrend\Dungeon\Ulduar\Ulduar</Filter>
    </ClCompile>
    <ClCompile Include="..\scripts\zone\ulduar\ulduar\boss_freya.cpp">
      <Filter>scripts\zone\Northrend\Dungeon\Ulduar\Ulduar</Filter>
    </ClCompile>
    <ClCompile Include="..\scripts\zone\ulduar\ulduar\boss_general_vezax.cpp">
      <Filter>scripts\zone\Northrend\Dungeon\Ulduar\Ulduar</Filter>
    </ClCompile>
    <ClCompile Include="..\scripts\zone\ulduar\ulduar\boss_hodir.cpp">
      <Filter>scripts\zone\Northrend\Dungeon\Ulduar\Ulduar</Filter>
    </ClCompile>
    <ClCompile Include="..\scripts\zone\ulduar\ulduar\boss_ignis.cpp">
      <Filter>scripts\zone\Northrend\Dungeon\Ulduar\Ulduar</Filter>
    </ClCompile>
    <ClCompile Include="..\scripts\zone\ulduar\ulduar\boss_kologarn.cpp">
      <Filter>scripts\zone\Northrend\Dungeon\Ulduar\Ulduar</Filter>
    </ClCompile>
    <ClCompile Include="..\scripts\zone\ulduar\ulduar\boss_mimiron.cpp">
      <Filter>scripts\zone\Northrend\Dungeon\Ulduar\Ulduar</Filter>
    </ClCompile>
    <ClCompile Include="..\scripts\zone\ulduar\ulduar\boss_razorscale.cpp">
      <Filter>scripts\zone\Northrend\Dungeon\Ulduar\Ulduar</Filter>
    </ClCompile>
    <ClCompile Include="..\scripts\zone\ulduar\ulduar\boss_thorim.cpp">
      <Filter>scripts\zone\Northrend\Dungeon\Ulduar\Ulduar</Filter>
    </ClCompile>
    <ClCompile Include="..\scripts\zone\ulduar\ulduar\boss_xt002.cpp">
      <Filter>scripts\zone\Northrend\Dungeon\Ulduar\Ulduar</Filter>
    </ClCompile>
    <ClCompile Include="..\scripts\zone\ulduar\ulduar\boss_yoggsaron.cpp">
      <Filter>scripts\zone\Northrend\Dungeon\Ulduar\Ulduar</Filter>
    </ClCompile>
    <ClCompile Include="..\scripts\zone\ulduar\ulduar\instance_ulduar.cpp">
      <Filter>scripts\zone\Northrend\Dungeon\Ulduar\Ulduar</Filter>
    </ClCompile>
    <ClCompile Include="..\scripts\zone\ungoro_crater\ungoro_crater.cpp">
      <Filter>scripts\zone\Kalimdor\Un'Goro Crater</Filter>
    </ClCompile>
    <ClCompile Include="..\scripts\zone\utgarde_keep\utgarde_keep\boss_ingvar_the_plunderer.cpp">
      <Filter>scripts\zone\Northrend\Dungeon\Utgarde Keep\Utgarde Keep</Filter>
    </ClCompile>
    <ClCompile Include="..\scripts\zone\utgarde_keep\utgarde_keep\boss_keleseth.cpp">
      <Filter>scripts\zone\Northrend\Dungeon\Utgarde Keep\Utgarde Keep</Filter>
    </ClCompile>
    <ClCompile Include="..\scripts\zone\utgarde_keep\utgarde_keep\boss_skarvald_dalronn.cpp">
      <Filter>scripts\zone\Northrend\Dungeon\Utgarde Keep\Utgarde Keep</Filter>
    </ClCompile>
    <ClCompile Include="..\scripts\zone\utgarde_keep\utgarde_keep\instance_utgarde_keep.cpp">
      <Filter>scripts\zone\Northrend\Dungeon\Utgarde Keep\Utgarde Keep</Filter>
    </ClCompile>
    <ClCompile Include="..\scripts\zone\utgarde_keep\utgarde_keep\utgarde_keep.cpp">
      <Filter>scripts\zone\Northrend\Dungeon\Utgarde Keep\Utgarde Keep</Filter>
    </ClCompile>
    <ClCompile Include="..\scripts\zone\utgarde_keep\utgarde_pinnacle\boss_palehoof.cpp">
      <Filter>scripts\zone\Northrend\Dungeon\Utgarde Keep\Utgarde Pinnacle</Filter>
    </ClCompile>
    <ClCompile Include="..\scripts\zone\utgarde_keep\utgarde_pinnacle\boss_skadi.cpp">
      <Filter>scripts\zone\Northrend\Dungeon\Utgarde Keep\Utgarde Pinnacle</Filter>
    </ClCompile>
    <ClCompile Include="..\scripts\zone\utgarde_keep\utgarde_pinnacle\boss_svala.cpp">
      <Filter>scripts\zone\Northrend\Dungeon\Utgarde Keep\Utgarde Pinnacle</Filter>
    </ClCompile>
    <ClCompile Include="..\scripts\zone\utgarde_keep\utgarde_pinnacle\boss_ymiron.cpp">
      <Filter>scripts\zone\Northrend\Dungeon\Utgarde Keep\Utgarde Pinnacle</Filter>
    </ClCompile>
    <ClCompile Include="..\scripts\zone\utgarde_keep\utgarde_pinnacle\instance_pinnacle.cpp">
      <Filter>scripts\zone\Northrend\Dungeon\Utgarde Keep\Utgarde Pinnacle</Filter>
    </ClCompile>
    <ClCompile Include="..\scripts\zone\vault_of_archavon\boss_archavon.cpp">
      <Filter>scripts\zone\Northrend\Dungeon\Vault of Archavon</Filter>
    </ClCompile>
    <ClCompile Include="..\scripts\zone\vault_of_archavon\boss_emalon.cpp">
      <Filter>scripts\zone\Northrend\Dungeon\Vault of Archavon</Filter>
    </ClCompile>
    <ClCompile Include="..\scripts\zone\vault_of_archavon\instance_vault_of_archavon.cpp">
      <Filter>scripts\zone\Northrend\Dungeon\Vault of Archavon</Filter>
    </ClCompile>
    <ClCompile Include="..\scripts\zone\violet_hold\boss_cyanigosa.cpp">
      <Filter>scripts\zone\Northrend\Dungeon\Violet Hold</Filter>
    </ClCompile>
    <ClCompile Include="..\scripts\zone\violet_hold\boss_erekem.cpp">
      <Filter>scripts\zone\Northrend\Dungeon\Violet Hold</Filter>
    </ClCompile>
    <ClCompile Include="..\scripts\zone\violet_hold\boss_ichoron.cpp">
      <Filter>scripts\zone\Northrend\Dungeon\Violet Hold</Filter>
    </ClCompile>
    <ClCompile Include="..\scripts\zone\violet_hold\boss_lavanthor.cpp">
      <Filter>scripts\zone\Northrend\Dungeon\Violet Hold</Filter>
    </ClCompile>
    <ClCompile Include="..\scripts\zone\violet_hold\boss_moragg.cpp">
      <Filter>scripts\zone\Northrend\Dungeon\Violet Hold</Filter>
    </ClCompile>
    <ClCompile Include="..\scripts\zone\violet_hold\boss_xevozz.cpp">
      <Filter>scripts\zone\Northrend\Dungeon\Violet Hold</Filter>
    </ClCompile>
    <ClCompile Include="..\scripts\zone\violet_hold\boss_zuramat.cpp">
      <Filter>scripts\zone\Northrend\Dungeon\Violet Hold</Filter>
    </ClCompile>
    <ClCompile Include="..\scripts\zone\violet_hold\instance_violet_hold.cpp">
      <Filter>scripts\zone\Northrend\Dungeon\Violet Hold</Filter>
    </ClCompile>
    <ClCompile Include="..\scripts\zone\wailing_caverns\instance_wailing_caverns.cpp">
      <Filter>scripts\zone\Kalimdor\Wailing Caverns</Filter>
    </ClCompile>
    <ClCompile Include="..\scripts\zone\wailing_caverns\wailing_caverns.cpp">
      <Filter>scripts\zone\Kalimdor\Wailing Caverns</Filter>
    </ClCompile>
    <ClCompile Include="..\scripts\zone\wintergrasp\wintergrasp.cpp">
      <Filter>scripts\zone\Northrend\Region\Wintergrasp</Filter>
    </ClCompile>
    <ClCompile Include="..\scripts\zone\zulaman\boss_akilzon.cpp">
      <Filter>scripts\zone\Azeroth\Zul'Aman</Filter>
    </ClCompile>
    <ClCompile Include="..\scripts\zone\zulaman\boss_halazzi.cpp">
      <Filter>scripts\zone\Azeroth\Zul'Aman</Filter>
    </ClCompile>
    <ClCompile Include="..\scripts\zone\zulaman\boss_hexlord.cpp">
      <Filter>scripts\zone\Azeroth\Zul'Aman</Filter>
    </ClCompile>
    <ClCompile Include="..\scripts\zone\zulaman\boss_janalai.cpp">
      <Filter>scripts\zone\Azeroth\Zul'Aman</Filter>
    </ClCompile>
    <ClCompile Include="..\scripts\zone\zulaman\boss_nalorakk.cpp">
      <Filter>scripts\zone\Azeroth\Zul'Aman</Filter>
    </ClCompile>
    <ClCompile Include="..\scripts\zone\zulaman\boss_zuljin.cpp">
      <Filter>scripts\zone\Azeroth\Zul'Aman</Filter>
    </ClCompile>
    <ClCompile Include="..\scripts\zone\zulaman\instance_zulaman.cpp">
      <Filter>scripts\zone\Azeroth\Zul'Aman</Filter>
    </ClCompile>
    <ClCompile Include="..\scripts\zone\zulaman\zulaman.cpp">
      <Filter>scripts\zone\Azeroth\Zul'Aman</Filter>
    </ClCompile>
    <ClCompile Include="..\scripts\zone\zulfarrak\zulfarrak.cpp">
      <Filter>scripts\zone\Kalimdor\Zul'Farrak</Filter>
    </ClCompile>
    <ClCompile Include="..\scripts\zone\zulgurub\boss_arlokk.cpp">
      <Filter>scripts\zone\Azeroth\Zul'Gurub</Filter>
    </ClCompile>
    <ClCompile Include="..\scripts\zone\zulgurub\boss_gahzranka.cpp">
      <Filter>scripts\zone\Azeroth\Zul'Gurub</Filter>
    </ClCompile>
    <ClCompile Include="..\scripts\zone\zulgurub\boss_grilek.cpp">
      <Filter>scripts\zone\Azeroth\Zul'Gurub</Filter>
    </ClCompile>
    <ClCompile Include="..\scripts\zone\zulgurub\boss_hakkar.cpp">
      <Filter>scripts\zone\Azeroth\Zul'Gurub</Filter>
    </ClCompile>
    <ClCompile Include="..\scripts\zone\zulgurub\boss_hazzarah.cpp">
      <Filter>scripts\zone\Azeroth\Zul'Gurub</Filter>
    </ClCompile>
    <ClCompile Include="..\scripts\zone\zulgurub\boss_jeklik.cpp">
      <Filter>scripts\zone\Azeroth\Zul'Gurub</Filter>
    </ClCompile>
    <ClCompile Include="..\scripts\zone\zulgurub\boss_jindo.cpp">
      <Filter>scripts\zone\Azeroth\Zul'Gurub</Filter>
    </ClCompile>
    <ClCompile Include="..\scripts\zone\zulgurub\boss_mandokir.cpp">
      <Filter>scripts\zone\Azeroth\Zul'Gurub</Filter>
    </ClCompile>
    <ClCompile Include="..\scripts\zone\zulgurub\boss_marli.cpp">
      <Filter>scripts\zone\Azeroth\Zul'Gurub</Filter>
    </ClCompile>
    <ClCompile Include="..\scripts\zone\zulgurub\boss_renataki.cpp">
      <Filter>scripts\zone\Azeroth\Zul'Gurub</Filter>
    </ClCompile>
    <ClCompile Include="..\scripts\zone\zulgurub\boss_thekal.cpp">
      <Filter>scripts\zone\Azeroth\Zul'Gurub</Filter>
    </ClCompile>
    <ClCompile Include="..\scripts\zone\zulgurub\boss_venoxis.cpp">
      <Filter>scripts\zone\Azeroth\Zul'Gurub</Filter>
    </ClCompile>
    <ClCompile Include="..\scripts\zone\zulgurub\boss_wushoolay.cpp">
      <Filter>scripts\zone\Azeroth\Zul'Gurub</Filter>
    </ClCompile>
    <ClCompile Include="..\scripts\zone\zulgurub\instance_zulgurub.cpp">
      <Filter>scripts\zone\Azeroth\Zul'Gurub</Filter>
    </ClCompile>
    <ClCompile Include="..\system.cpp" />
  </ItemGroup>
  <ItemGroup>
    <ClInclude Include="..\include\precompiled.h">
      <Filter>Include</Filter>
    </ClInclude>
    <ClInclude Include="..\include\sc_creature.h">
      <Filter>Include</Filter>
    </ClInclude>
    <ClInclude Include="..\include\sc_gossip.h">
      <Filter>Include</Filter>
    </ClInclude>
    <ClInclude Include="..\include\sc_instance.h">
      <Filter>Include</Filter>
    </ClInclude>
    <ClInclude Include="..\include\sc_item.h">
      <Filter>Include</Filter>
    </ClInclude>
    <ClInclude Include="..\include\sc_npc_teleport.h">
      <Filter>Include</Filter>
    </ClInclude>
    <ClInclude Include="..\ScriptMgr.h" />
    <ClInclude Include="..\scripts\creature\simple_ai.h">
      <Filter>scripts\creature</Filter>
    </ClInclude>
    <ClInclude Include="..\scripts\guard\guard_ai.h">
      <Filter>scripts\guard</Filter>
    </ClInclude>
    <ClInclude Include="..\scripts\npc\npc_escortAI.h">
      <Filter>scripts\npc</Filter>
    </ClInclude>
    <ClInclude Include="..\scripts\zone\aunchindoun\sethekk_halls\def_sethekk_halls.h">
      <Filter>scripts\zone\Outland\Aunchindoun\Sethekk Halls</Filter>
    </ClInclude>
    <ClInclude Include="..\scripts\zone\aunchindoun\shadow_labyrinth\def_shadow_labyrinth.h">
      <Filter>scripts\zone\Outland\Aunchindoun\Shadow Labyrinth</Filter>
    </ClInclude>
    <ClInclude Include="..\scripts\zone\azjol_nerub\ahnkahet\def_ahnkahet.h">
      <Filter>scripts\zone\Northrend\Dungeon\Azjol-Nerub\Ahn'kahet</Filter>
    </ClInclude>
    <ClInclude Include="..\scripts\zone\azjol_nerub\azjol_nerub\def_azjol_nerub.h">
      <Filter>scripts\zone\Northrend\Dungeon\Azjol-Nerub\Azjol-Nerub</Filter>
    </ClInclude>
    <ClInclude Include="..\scripts\zone\blackfathom_depths\def_blackfathom_deeps.h">
      <Filter>scripts\zone\Kalimdor\Blackfathom Depths</Filter>
    </ClInclude>
    <ClInclude Include="..\scripts\zone\blackrock_depths\def_blackrock_depths.h">
      <Filter>scripts\zone\Azeroth\Blackrock Depths</Filter>
    </ClInclude>
    <ClInclude Include="..\scripts\zone\black_temple\def_black_temple.h">
      <Filter>scripts\zone\Outland\Black Temple</Filter>
    </ClInclude>
    <ClInclude Include="..\scripts\zone\caverns_of_time\culling_of_stratholme\def_culling_of_stratholme.h">
      <Filter>scripts\zone\Kalimdor\Caverns of Time\Culling of Stratholme</Filter>
    </ClInclude>
    <ClInclude Include="..\scripts\zone\caverns_of_time\dark_portal\def_dark_portal.h">
      <Filter>scripts\zone\Kalimdor\Caverns of Time\The Dark Portal</Filter>
    </ClInclude>
    <ClInclude Include="..\scripts\zone\caverns_of_time\hyjal\def_hyjal.h">
      <Filter>scripts\zone\Kalimdor\Caverns of Time\Battle for Mt. Hyjal</Filter>
    </ClInclude>
    <ClInclude Include="..\scripts\zone\caverns_of_time\hyjal\hyjalAI.h">
      <Filter>scripts\zone\Kalimdor\Caverns of Time\Battle for Mt. Hyjal</Filter>
    </ClInclude>
    <ClInclude Include="..\scripts\zone\caverns_of_time\hyjal\hyjal_trash.h">
      <Filter>scripts\zone\Kalimdor\Caverns of Time\Battle for Mt. Hyjal</Filter>
    </ClInclude>
    <ClInclude Include="..\scripts\zone\caverns_of_time\old_hillsbrad\def_old_hillsbrad.h">
      <Filter>scripts\zone\Kalimdor\Caverns of Time\Old Hillsbrad</Filter>
    </ClInclude>
    <ClInclude Include="..\scripts\zone\coilfang_resevoir\serpent_shrine\def_serpent_shrine.h">
      <Filter>scripts\zone\Outland\Coilfang Resevoir\Serpent Shrine Cavern</Filter>
    </ClInclude>
    <ClInclude Include="..\scripts\zone\coilfang_resevoir\steam_vault\def_steam_vault.h">
      <Filter>scripts\zone\Outland\Coilfang Resevoir\Steam Vault</Filter>
    </ClInclude>
    <ClInclude Include="..\scripts\zone\deadmines\def_deadmines.h">
      <Filter>scripts\zone\Azeroth\Deadmines</Filter>
    </ClInclude>
    <ClInclude Include="..\scripts\zone\draktharon_keep\def_drak_tharon_keep.h">
      <Filter>scripts\zone\Northrend\Dungeon\Drak'Tharon Keep</Filter>
    </ClInclude>
    <ClInclude Include="..\scripts\zone\gruuls_lair\def_gruuls_lair.h">
      <Filter>scripts\zone\Outland\Gruul's Lair</Filter>
    </ClInclude>
    <ClInclude Include="..\scripts\zone\gundrak\def_gundrak.h">
      <Filter>scripts\zone\Northrend\Dungeon\Gundrak</Filter>
    </ClInclude>
    <ClInclude Include="..\scripts\zone\hellfire_citadel\blood_furnace\def_blood_furnace.h">
      <Filter>scripts\zone\Outland\Hellfire Citadel\Blood Furnace</Filter>
    </ClInclude>
    <ClInclude Include="..\scripts\zone\hellfire_citadel\hellfire_ramparts\def_hellfire_ramparts.h">
      <Filter>scripts\zone\Outland\Hellfire Citadel\Hellfire Ramparts</Filter>
    </ClInclude>
    <ClInclude Include="..\scripts\zone\hellfire_citadel\magtheridons_lair\def_magtheridons_lair.h">
      <Filter>scripts\zone\Outland\Hellfire Citadel\Magtheridon's lair</Filter>
    </ClInclude>
    <ClInclude Include="..\scripts\zone\hellfire_citadel\shattered_halls\def_shattered_halls.h">
      <Filter>scripts\zone\Outland\Hellfire Citadel\Shattered Halls</Filter>
    </ClInclude>
    <ClInclude Include="..\scripts\zone\karazhan\def_karazhan.h">
      <Filter>scripts\zone\Azeroth\Karazhan</Filter>
    </ClInclude>
    <ClInclude Include="..\scripts\zone\magisters_terrace\def_magisters_terrace.h">
      <Filter>scripts\zone\Azeroth\Magister's Terrace</Filter>
    </ClInclude>
    <ClInclude Include="..\scripts\zone\molten_core\def_molten_core.h">
      <Filter>scripts\zone\Azeroth\Molten Core</Filter>
    </ClInclude>
    <ClInclude Include="..\scripts\zone\naxxramas\def_naxxramas.h">
      <Filter>scripts\zone\Northrend\Dungeon\Naxxramas</Filter>
    </ClInclude>
    <ClInclude Include="..\scripts\zone\nexus\eye_of_eternity\def_eye_of_eternity.h">
      <Filter>scripts\zone\Northrend\Dungeon\Nexus\Eye of Eternity</Filter>
    </ClInclude>
    <ClInclude Include="..\scripts\zone\nexus\nexus\def_nexus.h">
      <Filter>scripts\zone\Northrend\Dungeon\Nexus\Nexus</Filter>
    </ClInclude>
    <ClInclude Include="..\scripts\zone\nexus\oculus\def_oculus.h">
      <Filter>scripts\zone\Northrend\Dungeon\Nexus\Oculus</Filter>
    </ClInclude>
    <ClInclude Include="..\scripts\zone\obsidian_sanctum\def_obsidian_sanctum.h">
      <Filter>scripts\zone\Northrend\Dungeon\Obsidian Sanctum</Filter>
    </ClInclude>
    <ClInclude Include="..\scripts\zone\razorfen_kraul\def_razorfen_kraul.h">
      <Filter>scripts\zone\Kalimdor\Razorfen Kraul</Filter>
    </ClInclude>
    <ClInclude Include="..\scripts\zone\scarlet_monastery\def_scarlet_monastery.h">
      <Filter>scripts\zone\Azeroth\Scarlet Monastery</Filter>
    </ClInclude>
    <ClInclude Include="..\scripts\zone\scholomance\def_scholomance.h">
      <Filter>scripts\zone\Azeroth\Scholomance</Filter>
    </ClInclude>
    <ClInclude Include="..\scripts\zone\shadowfang_keep\def_shadowfang_keep.h">
      <Filter>scripts\zone\Azeroth\Shadowfang Keep</Filter>
    </ClInclude>
    <ClInclude Include="..\scripts\zone\stratholme\def_stratholme.h">
      <Filter>scripts\zone\Azeroth\Stratholme</Filter>
    </ClInclude>
    <ClInclude Include="..\scripts\zone\sunwell_plateau\def_sunwell_plateau.h">
      <Filter>scripts\zone\Azeroth\Sunwell Plateau</Filter>
    </ClInclude>
    <ClInclude Include="..\scripts\zone\tempest_keep\arcatraz\def_arcatraz.h">
      <Filter>scripts\zone\Outland\Tempest Keep\Arcatraz</Filter>
    </ClInclude>
    <ClInclude Include="..\scripts\zone\tempest_keep\the_eye\def_the_eye.h">
      <Filter>scripts\zone\Outland\Tempest Keep\The Eye</Filter>
    </ClInclude>
    <ClInclude Include="..\scripts\zone\tempest_keep\the_mechanar\def_mechanar.h">
      <Filter>scripts\zone\Outland\Tempest Keep\The Mechanar</Filter>
    </ClInclude>
    <ClInclude Include="..\scripts\zone\temple_of_ahnqiraj\def_temple_of_ahnqiraj.h">
      <Filter>scripts\zone\Kalimdor\Temple of Ahn'Qiraj</Filter>
    </ClInclude>
    <ClInclude Include="..\scripts\zone\ulduar\halls_of_lightning\def_halls_of_lightning.h">
      <Filter>scripts\zone\Northrend\Dungeon\Ulduar\Halls of Lightning</Filter>
    </ClInclude>
    <ClInclude Include="..\scripts\zone\ulduar\halls_of_stone\def_halls_of_stone.h">
      <Filter>scripts\zone\Northrend\Dungeon\Ulduar\Halls of Stone</Filter>
    </ClInclude>
    <ClInclude Include="..\scripts\zone\ulduar\ulduar\def_ulduar.h">
      <Filter>scripts\zone\Northrend\Dungeon\Ulduar\Ulduar</Filter>
    </ClInclude>
    <ClInclude Include="..\scripts\zone\utgarde_keep\utgarde_keep\def_utgarde_keep.h">
      <Filter>scripts\zone\Northrend\Dungeon\Utgarde Keep\Utgarde Keep</Filter>
    </ClInclude>
    <ClInclude Include="..\scripts\zone\utgarde_keep\utgarde_pinnacle\def_pinnacle.h">
      <Filter>scripts\zone\Northrend\Dungeon\Utgarde Keep\Utgarde Pinnacle</Filter>
    </ClInclude>
    <ClInclude Include="..\scripts\zone\vault_of_archavon\def_vault_of_archavon.h">
      <Filter>scripts\zone\Northrend\Dungeon\Vault of Archavon</Filter>
    </ClInclude>
    <ClInclude Include="..\scripts\zone\violet_hold\def_violet_hold.h">
      <Filter>scripts\zone\Northrend\Dungeon\Violet Hold</Filter>
    </ClInclude>
    <ClInclude Include="..\scripts\zone\wailing_caverns\def_wailing_caverns.h">
      <Filter>scripts\zone\Kalimdor\Wailing Caverns</Filter>
    </ClInclude>
    <ClInclude Include="..\scripts\zone\zulaman\def_zulaman.h">
      <Filter>scripts\zone\Azeroth\Zul'Aman</Filter>
    </ClInclude>
    <ClInclude Include="..\scripts\zone\zulgurub\def_zulgurub.h">
      <Filter>scripts\zone\Azeroth\Zul'Gurub</Filter>
    </ClInclude>
  </ItemGroup>
</Project>