<?xml version="1.0" encoding="utf-8"?>
<Project ToolsVersion="4.0" xmlns="http://schemas.microsoft.com/developer/msbuild/2003">
  <ItemGroup>
    <Filter Include="base">
      <UniqueIdentifier>{c664438f-8306-419c-ac63-322d1f570f56}</UniqueIdentifier>
    </Filter>
    <Filter Include="Include">
      <UniqueIdentifier>{fc772c11-6834-409d-a41e-ba1f84904ee2}</UniqueIdentifier>
    </Filter>
    <Filter Include="scripts">
      <UniqueIdentifier>{1c748317-6d51-4da8-b3ac-151ab937e4c7}</UniqueIdentifier>
    </Filter>
    <Filter Include="scripts\custom">
      <UniqueIdentifier>{ee492570-3a73-4bd9-a7b7-d22515cb2a91}</UniqueIdentifier>
    </Filter>
    <Filter Include="scripts\eastern_kingdoms">
      <UniqueIdentifier>{b29f88f4-98c6-46c7-93cb-e0fdbdc7b844}</UniqueIdentifier>
    </Filter>
    <Filter Include="scripts\eastern_kingdoms\scarlet_enclave">
      <UniqueIdentifier>{841c04f7-b710-4760-8738-055b07a30864}</UniqueIdentifier>
    </Filter>
    <Filter Include="scripts\examples">
      <UniqueIdentifier>{507a0251-8571-41ca-a4f3-7f427f189055}</UniqueIdentifier>
    </Filter>
    <Filter Include="scripts\kalimdor">
      <UniqueIdentifier>{8f8acbac-b2a4-4477-ab92-f97c635ba305}</UniqueIdentifier>
    </Filter>
    <Filter Include="scripts\northrend">
      <UniqueIdentifier>{31e3e5b2-7f37-428a-b91f-e06bddb853ac}</UniqueIdentifier>
    </Filter>
    <Filter Include="scripts\outland">
      <UniqueIdentifier>{e8161416-931b-4ba6-926d-d45d095ffaeb}</UniqueIdentifier>
    </Filter>
    <Filter Include="scripts\zone">
      <UniqueIdentifier>{6a00ccf0-c9a1-48f7-bdb9-3ae6b1580bd0}</UniqueIdentifier>
    </Filter>
    <Filter Include="scripts\zone\Azeroth">
      <UniqueIdentifier>{fa04d4da-c542-465f-98bf-6ac7a01f5862}</UniqueIdentifier>
    </Filter>
    <Filter Include="scripts\zone\Azeroth\Blackrock Depths">
      <UniqueIdentifier>{8f2b750e-b76b-496c-ba2d-61082d2c03af}</UniqueIdentifier>
    </Filter>
    <Filter Include="scripts\zone\Azeroth\Blackrock Spire">
      <UniqueIdentifier>{44e348bf-0e61-4ce2-af14-c036131f50f4}</UniqueIdentifier>
    </Filter>
    <Filter Include="scripts\zone\Azeroth\Blackwing Lair">
      <UniqueIdentifier>{d594add6-ec0c-410f-8174-9e1fcf43c18e}</UniqueIdentifier>
    </Filter>
    <Filter Include="scripts\zone\Azeroth\Deadmines">
      <UniqueIdentifier>{52b5f4dd-8372-40ef-adac-2c9a6159208e}</UniqueIdentifier>
    </Filter>
    <Filter Include="scripts\zone\Azeroth\Deadwind Pass">
      <UniqueIdentifier>{7ac70a5c-ebc5-4092-9c43-06ad9cae2d95}</UniqueIdentifier>
    </Filter>
    <Filter Include="scripts\zone\Azeroth\Gnomeregan">
      <UniqueIdentifier>{77e38b1e-61b0-4635-98b9-bf4c8a7dadb5}</UniqueIdentifier>
    </Filter>
    <Filter Include="scripts\zone\Azeroth\Hillsbrad Foothills">
      <UniqueIdentifier>{5df09688-cd1b-4cc6-b6fa-758e4ebe8b23}</UniqueIdentifier>
    </Filter>
    <Filter Include="scripts\zone\Azeroth\Karazhan">
      <UniqueIdentifier>{4bbbc3f2-78e9-4c08-ade8-7485315ed2ee}</UniqueIdentifier>
    </Filter>
    <Filter Include="scripts\zone\Azeroth\Magister%27s Terrace">
      <UniqueIdentifier>{299bc83c-67d8-4fc3-ab09-4a478efe86b4}</UniqueIdentifier>
    </Filter>
    <Filter Include="scripts\zone\Azeroth\Molten Core">
      <UniqueIdentifier>{1767d537-4c26-4b29-8227-c80b8808e7f5}</UniqueIdentifier>
    </Filter>
    <Filter Include="scripts\zone\Azeroth\Scarlet Monastery">
      <UniqueIdentifier>{57c8fe68-c8b5-49f8-8581-7b28273b89f0}</UniqueIdentifier>
    </Filter>
    <Filter Include="scripts\zone\Azeroth\Scholomance">
      <UniqueIdentifier>{88b41b42-3101-4b5e-bd35-f5e7f54117b9}</UniqueIdentifier>
    </Filter>
    <Filter Include="scripts\zone\Azeroth\Shadowfang Keep">
      <UniqueIdentifier>{a1219e6a-1c4b-4d04-b765-021c59973319}</UniqueIdentifier>
    </Filter>
    <Filter Include="scripts\zone\Azeroth\Stockade">
      <UniqueIdentifier>{fe0371bf-f3cb-46c2-8d1b-b1fff7987adb}</UniqueIdentifier>
    </Filter>
    <Filter Include="scripts\zone\Azeroth\Stratholme">
      <UniqueIdentifier>{bc42aa96-0445-49df-a048-95a30711bdaf}</UniqueIdentifier>
    </Filter>
    <Filter Include="scripts\zone\Azeroth\Sunken Temple">
      <UniqueIdentifier>{b6f9e740-15b2-40fd-9522-d3df03153867}</UniqueIdentifier>
    </Filter>
    <Filter Include="scripts\zone\Azeroth\Sunwell Plateau">
      <UniqueIdentifier>{ea04ff76-5a61-4f0c-ac9e-43e2ab0ecb56}</UniqueIdentifier>
    </Filter>
    <Filter Include="scripts\zone\Azeroth\Swamp of Sorrows">
      <UniqueIdentifier>{5b22d0a4-792c-4318-a880-5d80237b8782}</UniqueIdentifier>
    </Filter>
    <Filter Include="scripts\zone\Azeroth\Uldaman">
      <UniqueIdentifier>{08de90d3-b201-4f3b-a07e-ee484e3354e7}</UniqueIdentifier>
    </Filter>
    <Filter Include="scripts\zone\Azeroth\Zul%27Aman">
      <UniqueIdentifier>{fbec5c56-029d-4af7-a872-7feb95c9958e}</UniqueIdentifier>
    </Filter>
    <Filter Include="scripts\zone\Azeroth\Zul%27Gurub">
      <UniqueIdentifier>{d144b9d0-75ad-4fdf-848d-2c95d0816981}</UniqueIdentifier>
    </Filter>
    <Filter Include="scripts\zone\Kalimdor">
      <UniqueIdentifier>{e2cdd7a0-820c-44ee-941a-14973a79267c}</UniqueIdentifier>
    </Filter>
    <Filter Include="scripts\zone\Kalimdor\Blackfathom Depths">
      <UniqueIdentifier>{6cc3055f-1aaa-4019-bd5d-1db6fd9cf006}</UniqueIdentifier>
    </Filter>
    <Filter Include="scripts\zone\Kalimdor\Caverns of Time">
      <UniqueIdentifier>{4491837d-1fd4-4950-be39-fccfe0d372b3}</UniqueIdentifier>
    </Filter>
    <Filter Include="scripts\zone\Kalimdor\Caverns of Time\Battle for Mt. Hyjal">
      <UniqueIdentifier>{ac095fdb-58ba-4303-9809-5422579d6df3}</UniqueIdentifier>
    </Filter>
    <Filter Include="scripts\zone\Kalimdor\Caverns of Time\Culling of Stratholme">
      <UniqueIdentifier>{c2762a2f-2669-47ba-8fa7-dbabf2d97263}</UniqueIdentifier>
    </Filter>
    <Filter Include="scripts\zone\Kalimdor\Caverns of Time\Old Hillsbrad">
      <UniqueIdentifier>{d76fd492-f123-42e0-b103-ccdd1e8374cd}</UniqueIdentifier>
    </Filter>
    <Filter Include="scripts\zone\Kalimdor\Caverns of Time\The Dark Portal">
      <UniqueIdentifier>{a67581c5-7620-4217-b8ad-b4d42af528e6}</UniqueIdentifier>
    </Filter>
    <Filter Include="scripts\zone\Kalimdor\Maraudon">
      <UniqueIdentifier>{23b0c5c3-7d0c-48a4-bc7b-a1108b062c25}</UniqueIdentifier>
    </Filter>
    <Filter Include="scripts\zone\Kalimdor\Onyxia%27s Lair">
      <UniqueIdentifier>{44808256-d255-436b-9c7c-278dc36f6730}</UniqueIdentifier>
    </Filter>
    <Filter Include="scripts\zone\Kalimdor\Ragefire Chasm">
      <UniqueIdentifier>{6639eebc-c0ab-4131-aa55-609eb9567bc2}</UniqueIdentifier>
    </Filter>
    <Filter Include="scripts\zone\Kalimdor\Razorfen Downs">
      <UniqueIdentifier>{a0c2fbc9-3967-4f4f-a446-4dbd64a2dbb6}</UniqueIdentifier>
    </Filter>
    <Filter Include="scripts\zone\Kalimdor\Razorfen Kraul">
      <UniqueIdentifier>{6b48ba2b-946b-4232-84b6-c44d0e8af5e8}</UniqueIdentifier>
    </Filter>
    <Filter Include="scripts\zone\Kalimdor\Ruins of Ahn%27Qiraj">
      <UniqueIdentifier>{41cf426d-910e-4a46-8ba5-e6a643cbe68b}</UniqueIdentifier>
    </Filter>
    <Filter Include="scripts\zone\Kalimdor\Temple of Ahn%27Qiraj">
      <UniqueIdentifier>{554c6775-527d-480e-8e6e-4a18c63b4987}</UniqueIdentifier>
    </Filter>
    <Filter Include="scripts\zone\Kalimdor\Un%27Goro Crater">
      <UniqueIdentifier>{f8e78f73-df62-4e2f-8220-d2b5fecdf146}</UniqueIdentifier>
    </Filter>
    <Filter Include="scripts\zone\Kalimdor\Wailing Caverns">
      <UniqueIdentifier>{39aa01ca-037c-4bb3-9c60-b90ef0b525e2}</UniqueIdentifier>
    </Filter>
    <Filter Include="scripts\zone\Kalimdor\Zul%27Farrak">
      <UniqueIdentifier>{1a6d567f-4198-4666-af29-36207f66c9f5}</UniqueIdentifier>
    </Filter>
    <Filter Include="scripts\zone\Northrend">
      <UniqueIdentifier>{7ada9d30-3758-49f3-a59b-8c57a2c615ea}</UniqueIdentifier>
    </Filter>
    <Filter Include="scripts\zone\Northrend\Dungeon">
      <UniqueIdentifier>{5b82252b-dbe7-49c9-8d35-37f867855907}</UniqueIdentifier>
    </Filter>
    <Filter Include="scripts\zone\Northrend\Dungeon\Azjol-Nerub">
      <UniqueIdentifier>{bbec3091-2c40-49dc-9391-550c4c3d268e}</UniqueIdentifier>
    </Filter>
    <Filter Include="scripts\zone\Northrend\Dungeon\Azjol-Nerub\Ahn%27kahet">
      <UniqueIdentifier>{dcb9a828-0d7a-4cfa-95b1-aa3527d918da}</UniqueIdentifier>
    </Filter>
    <Filter Include="scripts\zone\Northrend\Dungeon\Azjol-Nerub\Azjol-Nerub">
      <UniqueIdentifier>{482a0354-179f-4f55-8c6e-742a89907358}</UniqueIdentifier>
    </Filter>
    <Filter Include="scripts\zone\Northrend\Dungeon\Drak%27Tharon Keep">
      <UniqueIdentifier>{b46e7f69-7606-40ec-a2cc-198527f80a6f}</UniqueIdentifier>
    </Filter>
    <Filter Include="scripts\zone\Northrend\Dungeon\Gundrak">
      <UniqueIdentifier>{c363a826-a9b9-4de3-befd-7469f7059a0b}</UniqueIdentifier>
    </Filter>
    <Filter Include="scripts\zone\Northrend\Dungeon\Naxxramas">
      <UniqueIdentifier>{d155bdef-c9ae-4cb3-a706-5eb51cbe1e8c}</UniqueIdentifier>
    </Filter>
    <Filter Include="scripts\zone\Northrend\Dungeon\Nexus">
      <UniqueIdentifier>{c0ca7e4c-5e8d-4f36-8456-f6b4134c8e79}</UniqueIdentifier>
    </Filter>
    <Filter Include="scripts\zone\Northrend\Dungeon\Nexus\Eye of Eternity">
      <UniqueIdentifier>{732f8f20-59d5-47c9-99d7-e5876cab53a6}</UniqueIdentifier>
    </Filter>
    <Filter Include="scripts\zone\Northrend\Dungeon\Nexus\Nexus">
      <UniqueIdentifier>{dd574f3e-5309-4ba3-81ae-5734c335deca}</UniqueIdentifier>
    </Filter>
    <Filter Include="scripts\zone\Northrend\Dungeon\Nexus\Oculus">
      <UniqueIdentifier>{90a8a023-0868-4362-8690-102b50940b93}</UniqueIdentifier>
    </Filter>
    <Filter Include="scripts\zone\Northrend\Dungeon\Obsidian Sanctum">
      <UniqueIdentifier>{b4c9cd57-abe0-4ae5-9f7c-8fd96e6f3d55}</UniqueIdentifier>
    </Filter>
    <Filter Include="scripts\zone\Northrend\Dungeon\Ulduar">
      <UniqueIdentifier>{c6acf4df-d4db-47d6-9c7d-740183fada61}</UniqueIdentifier>
    </Filter>
    <Filter Include="scripts\zone\Northrend\Dungeon\Ulduar\Halls of Lightning">
      <UniqueIdentifier>{f03b6b60-d69e-43ce-81ca-0dafc8f002ab}</UniqueIdentifier>
    </Filter>
    <Filter Include="scripts\zone\Northrend\Dungeon\Ulduar\Halls of Stone">
      <UniqueIdentifier>{818ee021-a8f9-4127-941b-33c183ea59eb}</UniqueIdentifier>
    </Filter>
    <Filter Include="scripts\zone\Northrend\Dungeon\Ulduar\Ulduar">
      <UniqueIdentifier>{d1ac58bf-139e-4e6e-a6cb-fbaf08302379}</UniqueIdentifier>
    </Filter>
    <Filter Include="scripts\zone\Northrend\Dungeon\Utgarde Keep">
      <UniqueIdentifier>{4bd52a6a-dfc4-45aa-85ed-a08bb35b3b99}</UniqueIdentifier>
    </Filter>
    <Filter Include="scripts\zone\Northrend\Dungeon\Utgarde Keep\Utgarde Keep">
      <UniqueIdentifier>{40696232-6420-46f0-be81-8e021f67225c}</UniqueIdentifier>
    </Filter>
    <Filter Include="scripts\zone\Northrend\Dungeon\Utgarde Keep\Utgarde Pinnacle">
      <UniqueIdentifier>{c1d2e98c-157b-4dee-a346-c98559754175}</UniqueIdentifier>
    </Filter>
    <Filter Include="scripts\zone\Northrend\Dungeon\Vault of Archavon">
      <UniqueIdentifier>{baa12e2c-2721-4c3b-b20c-77f67e4c2cf5}</UniqueIdentifier>
    </Filter>
    <Filter Include="scripts\zone\Northrend\Dungeon\Violet Hold">
      <UniqueIdentifier>{02eef348-0f56-41b1-8c69-60c2b65d7f44}</UniqueIdentifier>
    </Filter>
    <Filter Include="scripts\zone\Northrend\Region">
      <UniqueIdentifier>{baaa3f26-9225-4a19-8583-11527969045a}</UniqueIdentifier>
    </Filter>
    <Filter Include="scripts\zone\Northrend\Region\Crystalsong Forest">
      <UniqueIdentifier>{30181a16-212b-4cfc-b6c8-d7a49a4d1dd5}</UniqueIdentifier>
    </Filter>
    <Filter Include="scripts\zone\Northrend\Region\The Storm Peaks">
      <UniqueIdentifier>{b6697125-08ab-42d5-a186-1486706a3b26}</UniqueIdentifier>
    </Filter>
    <Filter Include="scripts\zone\Northrend\Region\Wintergrasp">
      <UniqueIdentifier>{bfa2081e-6bde-4ed3-ace5-9deeddef2e95}</UniqueIdentifier>
    </Filter>
    <Filter Include="scripts\zone\Northrend\Region\Zul%27Drak">
      <UniqueIdentifier>{3ae1e524-b7f8-4fad-87c8-357c1bf3a7d4}</UniqueIdentifier>
    </Filter>
    <Filter Include="scripts\zone\Outland">
      <UniqueIdentifier>{b48e4992-5473-42ce-ac53-1a7b0f875b54}</UniqueIdentifier>
    </Filter>
    <Filter Include="scripts\zone\Outland\Aunchindoun">
      <UniqueIdentifier>{30a632b0-36f1-4ed9-8855-a92bf9e3e8a9}</UniqueIdentifier>
    </Filter>
    <Filter Include="scripts\zone\Outland\Aunchindoun\Auchenai Crypts">
      <UniqueIdentifier>{f059cd6e-851d-4ed8-8cc1-90c1aa1c3f05}</UniqueIdentifier>
    </Filter>
    <Filter Include="scripts\zone\Outland\Aunchindoun\Mana Tombs">
      <UniqueIdentifier>{2df50268-22d7-43bd-9e48-f7809eeb2f6f}</UniqueIdentifier>
    </Filter>
    <Filter Include="scripts\zone\Outland\Aunchindoun\Sethekk Halls">
      <UniqueIdentifier>{97242404-b26f-4785-9220-16a722ac97f2}</UniqueIdentifier>
    </Filter>
    <Filter Include="scripts\zone\Outland\Aunchindoun\Shadow Labyrinth">
      <UniqueIdentifier>{04b74e8f-3215-4501-bae4-dd5576d13dac}</UniqueIdentifier>
    </Filter>
    <Filter Include="scripts\zone\Outland\Black Temple">
      <UniqueIdentifier>{49329687-2bf0-45d4-98aa-33a2dac965cd}</UniqueIdentifier>
    </Filter>
    <Filter Include="scripts\zone\Outland\Coilfang Resevoir">
      <UniqueIdentifier>{574700de-32e5-4c39-b8a0-2b848fa29931}</UniqueIdentifier>
    </Filter>
    <Filter Include="scripts\zone\Outland\Coilfang Resevoir\Serpent Shrine Cavern">
      <UniqueIdentifier>{7168aaa7-a89b-4cde-9932-4fb1844d70df}</UniqueIdentifier>
    </Filter>
    <Filter Include="scripts\zone\Outland\Coilfang Resevoir\Slave Pens">
      <UniqueIdentifier>{4b260ca7-0d16-40b6-8d27-c580accd67c6}</UniqueIdentifier>
    </Filter>
    <Filter Include="scripts\zone\Outland\Coilfang Resevoir\Steam Vault">
      <UniqueIdentifier>{cbb318f2-3e45-488f-a754-dda9e59ac431}</UniqueIdentifier>
    </Filter>
    <Filter Include="scripts\zone\Outland\Coilfang Resevoir\Underbog">
      <UniqueIdentifier>{93eb09e2-08f4-44e1-837f-837613abf0e0}</UniqueIdentifier>
    </Filter>
    <Filter Include="scripts\zone\Outland\Gruul%27s Lair">
      <UniqueIdentifier>{b0a052af-d0f1-4be3-a3d9-3b76bb0bb46b}</UniqueIdentifier>
    </Filter>
    <Filter Include="scripts\zone\Outland\Hellfire Citadel">
      <UniqueIdentifier>{db9be7f8-cd11-4bf7-82ce-c68901e8ba1e}</UniqueIdentifier>
    </Filter>
    <Filter Include="scripts\zone\Outland\Hellfire Citadel\Blood Furnace">
      <UniqueIdentifier>{65fcc916-7ab1-43ad-9b59-4852ec517faa}</UniqueIdentifier>
    </Filter>
    <Filter Include="scripts\zone\Outland\Hellfire Citadel\Hellfire Ramparts">
      <UniqueIdentifier>{aaa87858-bbc1-4fa7-9f6f-f75d40368599}</UniqueIdentifier>
    </Filter>
    <Filter Include="scripts\zone\Outland\Hellfire Citadel\Magtheridon%27s lair">
      <UniqueIdentifier>{2924afdb-718f-4c6f-9674-dc8b13f105f9}</UniqueIdentifier>
    </Filter>
    <Filter Include="scripts\zone\Outland\Hellfire Citadel\Shattered Halls">
      <UniqueIdentifier>{7b40223b-fac1-4384-b09d-63c07cc152d2}</UniqueIdentifier>
    </Filter>
    <Filter Include="scripts\zone\Outland\Tempest Keep">
      <UniqueIdentifier>{babd125b-c75b-4c75-9a6a-c611ae1357aa}</UniqueIdentifier>
    </Filter>
    <Filter Include="scripts\zone\Outland\Tempest Keep\Arcatraz">
      <UniqueIdentifier>{c89c888e-2931-4d67-859d-80038665c5cf}</UniqueIdentifier>
    </Filter>
    <Filter Include="scripts\zone\Outland\Tempest Keep\Botanica">
      <UniqueIdentifier>{1a41a0a3-6dc3-44bf-94ea-ed2ba38972eb}</UniqueIdentifier>
    </Filter>
    <Filter Include="scripts\zone\Outland\Tempest Keep\The Eye">
      <UniqueIdentifier>{ee229b27-7745-4d10-9e7e-c9eb84082142}</UniqueIdentifier>
    </Filter>
    <Filter Include="scripts\zone\Outland\Tempest Keep\The Mechanar">
      <UniqueIdentifier>{e6d13e4c-7282-46a7-b2bc-ae1cbfc71ad3}</UniqueIdentifier>
    </Filter>
    <Filter Include="system">
      <UniqueIdentifier>{766eaf9a-b245-4d8f-b727-480435304b02}</UniqueIdentifier>
    </Filter>
    <Filter Include="world">
      <UniqueIdentifier>{bed0c335-7aa9-4f6d-b224-dea2492d0ede}</UniqueIdentifier>
    </Filter>
  </ItemGroup>
  <ItemGroup>
    <ClCompile Include="..\base\escortAI.cpp">
      <Filter>base</Filter>
    </ClCompile>
    <ClCompile Include="..\base\guard_ai.cpp">
      <Filter>base</Filter>
    </ClCompile>
    <ClCompile Include="..\base\simple_ai.cpp">
      <Filter>base</Filter>
    </ClCompile>
    <ClCompile Include="..\include\precompiled.cpp">
      <Filter>Include</Filter>
    </ClCompile>
    <ClCompile Include="..\include\sc_creature.cpp">
      <Filter>Include</Filter>
    </ClCompile>
    <ClCompile Include="..\ScriptMgr.cpp" />
    <ClCompile Include="..\scripts\custom\npc_acherus_taxi.cpp">
      <Filter>scripts\custom</Filter>
    </ClCompile>
    <ClCompile Include="..\scripts\custom\npc_teleport.cpp">
      <Filter>scripts\custom</Filter>
    </ClCompile>
    <ClCompile Include="..\scripts\custom\npc_wyrmresttempel_taxi.cpp">
      <Filter>scripts\custom</Filter>
    </ClCompile>
    <ClCompile Include="..\scripts\custom\sc_npc_teleport.cpp">
      <Filter>scripts\custom</Filter>
    </ClCompile>
    <ClCompile Include="..\scripts\eastern_kingdoms\alterac_mountains.cpp">
      <Filter>scripts\eastern_kingdoms</Filter>
    </ClCompile>
    <ClCompile Include="..\scripts\eastern_kingdoms\arathi_highlands.cpp">
      <Filter>scripts\eastern_kingdoms</Filter>
    </ClCompile>
    <ClCompile Include="..\scripts\eastern_kingdoms\blasted_lands.cpp">
      <Filter>scripts\eastern_kingdoms</Filter>
    </ClCompile>
    <ClCompile Include="..\scripts\eastern_kingdoms\boss_kruul.cpp">
      <Filter>scripts\eastern_kingdoms</Filter>
    </ClCompile>
    <ClCompile Include="..\scripts\eastern_kingdoms\burning_steppes.cpp">
      <Filter>scripts\eastern_kingdoms</Filter>
    </ClCompile>
    <ClCompile Include="..\scripts\eastern_kingdoms\dun_morogh.cpp">
      <Filter>scripts\eastern_kingdoms</Filter>
    </ClCompile>
    <ClCompile Include="..\scripts\eastern_kingdoms\eastern_plaguelands.cpp">
      <Filter>scripts\eastern_kingdoms</Filter>
    </ClCompile>
    <ClCompile Include="..\scripts\eastern_kingdoms\elwynn_forest.cpp">
      <Filter>scripts\eastern_kingdoms</Filter>
    </ClCompile>
    <ClCompile Include="..\scripts\eastern_kingdoms\eversong_woods.cpp">
      <Filter>scripts\eastern_kingdoms</Filter>
    </ClCompile>
    <ClCompile Include="..\scripts\eastern_kingdoms\ghostlands.cpp">
      <Filter>scripts\eastern_kingdoms</Filter>
    </ClCompile>
    <ClCompile Include="..\scripts\eastern_kingdoms\hinterlands.cpp">
      <Filter>scripts\eastern_kingdoms</Filter>
    </ClCompile>
    <ClCompile Include="..\scripts\eastern_kingdoms\ironforge.cpp">
      <Filter>scripts\eastern_kingdoms</Filter>
    </ClCompile>
    <ClCompile Include="..\scripts\eastern_kingdoms\isle_of_queldanas.cpp">
      <Filter>scripts\eastern_kingdoms</Filter>
    </ClCompile>
    <ClCompile Include="..\scripts\eastern_kingdoms\loch_modan.cpp">
      <Filter>scripts\eastern_kingdoms</Filter>
    </ClCompile>
    <ClCompile Include="..\scripts\eastern_kingdoms\scarlet_enclave\the_scarlet_enclave.cpp">
      <Filter>scripts\eastern_kingdoms\scarlet_enclave</Filter>
    </ClCompile>
    <ClCompile Include="..\scripts\eastern_kingdoms\searing_gorge.cpp">
      <Filter>scripts\eastern_kingdoms</Filter>
    </ClCompile>
    <ClCompile Include="..\scripts\eastern_kingdoms\silvermoon_city.cpp">
      <Filter>scripts\eastern_kingdoms</Filter>
    </ClCompile>
    <ClCompile Include="..\scripts\eastern_kingdoms\silverpine_forest.cpp">
      <Filter>scripts\eastern_kingdoms</Filter>
    </ClCompile>
    <ClCompile Include="..\scripts\eastern_kingdoms\stormwind_city.cpp">
      <Filter>scripts\eastern_kingdoms</Filter>
    </ClCompile>
    <ClCompile Include="..\scripts\eastern_kingdoms\stranglethorn_vale.cpp">
      <Filter>scripts\eastern_kingdoms</Filter>
    </ClCompile>
    <ClCompile Include="..\scripts\eastern_kingdoms\tirisfal_glades.cpp">
      <Filter>scripts\eastern_kingdoms</Filter>
    </ClCompile>
    <ClCompile Include="..\scripts\eastern_kingdoms\undercity.cpp">
      <Filter>scripts\eastern_kingdoms</Filter>
    </ClCompile>
    <ClCompile Include="..\scripts\eastern_kingdoms\western_plaguelands.cpp">
      <Filter>scripts\eastern_kingdoms</Filter>
    </ClCompile>
    <ClCompile Include="..\scripts\eastern_kingdoms\westfall.cpp">
      <Filter>scripts\eastern_kingdoms</Filter>
    </ClCompile>
    <ClCompile Include="..\scripts\examples\example_creature.cpp">
      <Filter>scripts\examples</Filter>
    </ClCompile>
    <ClCompile Include="..\scripts\examples\example_escort.cpp">
      <Filter>scripts\examples</Filter>
    </ClCompile>
    <ClCompile Include="..\scripts\examples\example_gossip_codebox.cpp">
      <Filter>scripts\examples</Filter>
    </ClCompile>
    <ClCompile Include="..\scripts\examples\example_misc.cpp">
      <Filter>scripts\examples</Filter>
    </ClCompile>
    <ClCompile Include="..\scripts\kalimdor\ashenvale.cpp">
      <Filter>scripts\kalimdor</Filter>
    </ClCompile>
    <ClCompile Include="..\scripts\kalimdor\azshara.cpp">
      <Filter>scripts\kalimdor</Filter>
    </ClCompile>
    <ClCompile Include="..\scripts\kalimdor\azuremyst_isle.cpp">
      <Filter>scripts\kalimdor</Filter>
    </ClCompile>
    <ClCompile Include="..\scripts\kalimdor\bloodmyst_isle.cpp">
      <Filter>scripts\kalimdor</Filter>
    </ClCompile>
    <ClCompile Include="..\scripts\kalimdor\boss_azuregos.cpp">
      <Filter>scripts\kalimdor</Filter>
    </ClCompile>
    <ClCompile Include="..\scripts\kalimdor\darkshore.cpp">
      <Filter>scripts\kalimdor</Filter>
    </ClCompile>
    <ClCompile Include="..\scripts\kalimdor\desolace.cpp">
      <Filter>scripts\kalimdor</Filter>
    </ClCompile>
    <ClCompile Include="..\scripts\kalimdor\dustwallow_marsh.cpp">
      <Filter>scripts\kalimdor</Filter>
    </ClCompile>
    <ClCompile Include="..\scripts\kalimdor\felwood.cpp">
      <Filter>scripts\kalimdor</Filter>
    </ClCompile>
    <ClCompile Include="..\scripts\kalimdor\feralas.cpp">
      <Filter>scripts\kalimdor</Filter>
    </ClCompile>
    <ClCompile Include="..\scripts\kalimdor\moonglade.cpp">
      <Filter>scripts\kalimdor</Filter>
    </ClCompile>
    <ClCompile Include="..\scripts\kalimdor\mulgore.cpp">
      <Filter>scripts\kalimdor</Filter>
    </ClCompile>
    <ClCompile Include="..\scripts\kalimdor\orgrimmar.cpp">
      <Filter>scripts\kalimdor</Filter>
    </ClCompile>
    <ClCompile Include="..\scripts\kalimdor\silithus.cpp">
      <Filter>scripts\kalimdor</Filter>
    </ClCompile>
    <ClCompile Include="..\scripts\kalimdor\stonetalon_mountains.cpp">
      <Filter>scripts\kalimdor</Filter>
    </ClCompile>
    <ClCompile Include="..\scripts\kalimdor\tanaris.cpp">
      <Filter>scripts\kalimdor</Filter>
    </ClCompile>
    <ClCompile Include="..\scripts\kalimdor\teldrassil.cpp">
      <Filter>scripts\kalimdor</Filter>
    </ClCompile>
    <ClCompile Include="..\scripts\kalimdor\the_barrens.cpp">
      <Filter>scripts\kalimdor</Filter>
    </ClCompile>
    <ClCompile Include="..\scripts\kalimdor\thousand_needles.cpp">
      <Filter>scripts\kalimdor</Filter>
    </ClCompile>
    <ClCompile Include="..\scripts\kalimdor\thunder_bluff.cpp">
      <Filter>scripts\kalimdor</Filter>
    </ClCompile>
    <ClCompile Include="..\scripts\kalimdor\winterspring.cpp">
      <Filter>scripts\kalimdor</Filter>
    </ClCompile>
    <ClCompile Include="..\scripts\northrend\borean_tundra.cpp">
      <Filter>scripts\northrend</Filter>
    </ClCompile>
    <ClCompile Include="..\scripts\northrend\dragonblight.cpp">
      <Filter>scripts\northrend</Filter>
    </ClCompile>
    <ClCompile Include="..\scripts\northrend\grizzly_hills.cpp">
      <Filter>scripts\northrend</Filter>
    </ClCompile>
    <ClCompile Include="..\scripts\northrend\icecrown.cpp">
      <Filter>scripts\northrend</Filter>
    </ClCompile>
    <ClCompile Include="..\scripts\northrend\sholazar_basin.cpp">
      <Filter>scripts\northrend</Filter>
    </ClCompile>
    <ClCompile Include="..\scripts\northrend\zuldrak.cpp">
      <Filter>scripts\northrend</Filter>
    </ClCompile>
    <ClCompile Include="..\scripts\outland\blades_edge_mountains.cpp">
      <Filter>scripts\outland</Filter>
    </ClCompile>
    <ClCompile Include="..\scripts\outland\boss_doomlord_kazzak.cpp">
      <Filter>scripts\outland</Filter>
    </ClCompile>
    <ClCompile Include="..\scripts\outland\boss_doomwalker.cpp">
      <Filter>scripts\outland</Filter>
    </ClCompile>
    <ClCompile Include="..\scripts\outland\hellfire_peninsula.cpp">
      <Filter>scripts\outland</Filter>
    </ClCompile>
    <ClCompile Include="..\scripts\outland\nagrand.cpp">
      <Filter>scripts\outland</Filter>
    </ClCompile>
    <ClCompile Include="..\scripts\outland\netherstorm.cpp">
      <Filter>scripts\outland</Filter>
    </ClCompile>
    <ClCompile Include="..\scripts\outland\shadowmoon_valley.cpp">
      <Filter>scripts\outland</Filter>
    </ClCompile>
    <ClCompile Include="..\scripts\outland\shattrath_city.cpp">
      <Filter>scripts\outland</Filter>
    </ClCompile>
    <ClCompile Include="..\scripts\outland\terokkar_forest.cpp">
      <Filter>scripts\outland</Filter>
    </ClCompile>
    <ClCompile Include="..\scripts\outland\zangarmarsh.cpp">
      <Filter>scripts\outland</Filter>
    </ClCompile>
    <ClCompile Include="..\scripts\world\areatrigger_scripts.cpp">
      <Filter>world</Filter>
    </ClCompile>
    <ClCompile Include="..\scripts\world\boss_emeriss.cpp">
      <Filter>world</Filter>
    </ClCompile>
    <ClCompile Include="..\scripts\world\boss_lethon.cpp">
      <Filter>world</Filter>
    </ClCompile>
    <ClCompile Include="..\scripts\world\boss_taerar.cpp">
      <Filter>world</Filter>
    </ClCompile>
    <ClCompile Include="..\scripts\world\boss_ysondre.cpp">
      <Filter>world</Filter>
    </ClCompile>
    <ClCompile Include="..\scripts\world\go_scripts.cpp">
      <Filter>world</Filter>
    </ClCompile>
    <ClCompile Include="..\scripts\world\guards.cpp">
      <Filter>world</Filter>
    </ClCompile>
    <ClCompile Include="..\scripts\world\item_scripts.cpp">
      <Filter>world</Filter>
    </ClCompile>
    <ClCompile Include="..\scripts\world\mob_generic_creature.cpp">
      <Filter>world</Filter>
    </ClCompile>
    <ClCompile Include="..\scripts\world\npcs_special.cpp">
      <Filter>world</Filter>
    </ClCompile>
    <ClCompile Include="..\scripts\world\npc_innkeeper.cpp">
      <Filter>world</Filter>
    </ClCompile>
    <ClCompile Include="..\scripts\world\npc_professions.cpp">
      <Filter>world</Filter>
    </ClCompile>
    <ClCompile Include="..\scripts\world\npc_taxi.cpp">
      <Filter>world</Filter>
    </ClCompile>
    <ClCompile Include="..\scripts\zone\aunchindoun\auchenai_crypts\boss_exarch_maladaar.cpp">
      <Filter>scripts\zone\Outland\Aunchindoun\Auchenai Crypts</Filter>
    </ClCompile>
    <ClCompile Include="..\scripts\zone\aunchindoun\auchenai_crypts\boss_shirrak_the_dead_watcher.cpp">
      <Filter>scripts\zone\Outland\Aunchindoun\Auchenai Crypts</Filter>
    </ClCompile>
    <ClCompile Include="..\scripts\zone\aunchindoun\mana_tombs\boss_nexusprince_shaffar.cpp">
      <Filter>scripts\zone\Outland\Aunchindoun\Mana Tombs</Filter>
    </ClCompile>
    <ClCompile Include="..\scripts\zone\aunchindoun\mana_tombs\boss_pandemonius.cpp">
      <Filter>scripts\zone\Outland\Aunchindoun\Mana Tombs</Filter>
    </ClCompile>
    <ClCompile Include="..\scripts\zone\aunchindoun\sethekk_halls\boss_darkweaver_syth.cpp">
      <Filter>scripts\zone\Outland\Aunchindoun\Sethekk Halls</Filter>
    </ClCompile>
    <ClCompile Include="..\scripts\zone\aunchindoun\sethekk_halls\boss_tailonking_ikiss.cpp">
      <Filter>scripts\zone\Outland\Aunchindoun\Sethekk Halls</Filter>
    </ClCompile>
    <ClCompile Include="..\scripts\zone\aunchindoun\sethekk_halls\instance_sethekk_halls.cpp">
      <Filter>scripts\zone\Outland\Aunchindoun\Sethekk Halls</Filter>
    </ClCompile>
    <ClCompile Include="..\scripts\zone\aunchindoun\shadow_labyrinth\boss_ambassador_hellmaw.cpp">
      <Filter>scripts\zone\Outland\Aunchindoun\Shadow Labyrinth</Filter>
    </ClCompile>
    <ClCompile Include="..\scripts\zone\aunchindoun\shadow_labyrinth\boss_blackheart_the_inciter.cpp">
      <Filter>scripts\zone\Outland\Aunchindoun\Shadow Labyrinth</Filter>
    </ClCompile>
    <ClCompile Include="..\scripts\zone\aunchindoun\shadow_labyrinth\boss_grandmaster_vorpil.cpp">
      <Filter>scripts\zone\Outland\Aunchindoun\Shadow Labyrinth</Filter>
    </ClCompile>
    <ClCompile Include="..\scripts\zone\aunchindoun\shadow_labyrinth\boss_murmur.cpp">
      <Filter>scripts\zone\Outland\Aunchindoun\Shadow Labyrinth</Filter>
    </ClCompile>
    <ClCompile Include="..\scripts\zone\aunchindoun\shadow_labyrinth\instance_shadow_labyrinth.cpp">
      <Filter>scripts\zone\Outland\Aunchindoun\Shadow Labyrinth</Filter>
    </ClCompile>
    <ClCompile Include="..\scripts\zone\azjol_nerub\ahnkahet\boss_amanitar.cpp">
      <Filter>scripts\zone\Northrend\Dungeon\Azjol-Nerub\Ahn'kahet</Filter>
    </ClCompile>
    <ClCompile Include="..\scripts\zone\azjol_nerub\ahnkahet\boss_elder_nadox.cpp">
      <Filter>scripts\zone\Northrend\Dungeon\Azjol-Nerub\Ahn'kahet</Filter>
    </ClCompile>
    <ClCompile Include="..\scripts\zone\azjol_nerub\ahnkahet\boss_herald_volazj.cpp">
      <Filter>scripts\zone\Northrend\Dungeon\Azjol-Nerub\Ahn'kahet</Filter>
    </ClCompile>
    <ClCompile Include="..\scripts\zone\azjol_nerub\ahnkahet\boss_jedoga_shadowseeker.cpp">
      <Filter>scripts\zone\Northrend\Dungeon\Azjol-Nerub\Ahn'kahet</Filter>
    </ClCompile>
    <ClCompile Include="..\scripts\zone\azjol_nerub\ahnkahet\boss_prince_taldaram.cpp">
      <Filter>scripts\zone\Northrend\Dungeon\Azjol-Nerub\Ahn'kahet</Filter>
    </ClCompile>
    <ClCompile Include="..\scripts\zone\azjol_nerub\ahnkahet\instance_ahnkahet.cpp">
      <Filter>scripts\zone\Northrend\Dungeon\Azjol-Nerub\Ahn'kahet</Filter>
    </ClCompile>
    <ClCompile Include="..\scripts\zone\azjol_nerub\azjol_nerub\boss_anubarak.cpp">
      <Filter>scripts\zone\Northrend\Dungeon\Azjol-Nerub\Azjol-Nerub</Filter>
    </ClCompile>
    <ClCompile Include="..\scripts\zone\azjol_nerub\azjol_nerub\boss_hadronox.cpp">
      <Filter>scripts\zone\Northrend\Dungeon\Azjol-Nerub\Azjol-Nerub</Filter>
    </ClCompile>
    <ClCompile Include="..\scripts\zone\azjol_nerub\azjol_nerub\boss_krikthir_the_gatewatcher.cpp">
      <Filter>scripts\zone\Northrend\Dungeon\Azjol-Nerub\Azjol-Nerub</Filter>
    </ClCompile>
    <ClCompile Include="..\scripts\zone\azjol_nerub\azjol_nerub\instance_azjol_nerub.cpp">
      <Filter>scripts\zone\Northrend\Dungeon\Azjol-Nerub\Azjol-Nerub</Filter>
    </ClCompile>
    <ClCompile Include="..\scripts\zone\blackfathom_depths\instance_blackfathom_deeps.cpp">
      <Filter>scripts\zone\Kalimdor\Blackfathom Depths</Filter>
    </ClCompile>
    <ClCompile Include="..\scripts\zone\blackrock_depths\blackrock_depths.cpp">
      <Filter>scripts\zone\Azeroth\Blackrock Depths</Filter>
    </ClCompile>
    <ClCompile Include="..\scripts\zone\blackrock_depths\boss_ambassador_flamelash.cpp">
      <Filter>scripts\zone\Azeroth\Blackrock Depths</Filter>
    </ClCompile>
    <ClCompile Include="..\scripts\zone\blackrock_depths\boss_anubshiah.cpp">
      <Filter>scripts\zone\Azeroth\Blackrock Depths</Filter>
    </ClCompile>
    <ClCompile Include="..\scripts\zone\blackrock_depths\boss_emperor_dagran_thaurissan.cpp">
      <Filter>scripts\zone\Azeroth\Blackrock Depths</Filter>
    </ClCompile>
    <ClCompile Include="..\scripts\zone\blackrock_depths\boss_general_angerforge.cpp">
      <Filter>scripts\zone\Azeroth\Blackrock Depths</Filter>
    </ClCompile>
    <ClCompile Include="..\scripts\zone\blackrock_depths\boss_gorosh_the_dervish.cpp">
      <Filter>scripts\zone\Azeroth\Blackrock Depths</Filter>
    </ClCompile>
    <ClCompile Include="..\scripts\zone\blackrock_depths\boss_grizzle.cpp">
      <Filter>scripts\zone\Azeroth\Blackrock Depths</Filter>
    </ClCompile>
    <ClCompile Include="..\scripts\zone\blackrock_depths\boss_high_interrogator_gerstahn.cpp">
      <Filter>scripts\zone\Azeroth\Blackrock Depths</Filter>
    </ClCompile>
    <ClCompile Include="..\scripts\zone\blackrock_depths\boss_magmus.cpp">
      <Filter>scripts\zone\Azeroth\Blackrock Depths</Filter>
    </ClCompile>
    <ClCompile Include="..\scripts\zone\blackrock_depths\boss_moira_bronzebeard.cpp">
      <Filter>scripts\zone\Azeroth\Blackrock Depths</Filter>
    </ClCompile>
    <ClCompile Include="..\scripts\zone\blackrock_depths\boss_tomb_of_seven.cpp">
      <Filter>scripts\zone\Azeroth\Blackrock Depths</Filter>
    </ClCompile>
    <ClCompile Include="..\scripts\zone\blackrock_depths\instance_blackrock_depths.cpp">
      <Filter>scripts\zone\Azeroth\Blackrock Depths</Filter>
    </ClCompile>
    <ClCompile Include="..\scripts\zone\blackrock_spire\boss_drakkisath.cpp">
      <Filter>scripts\zone\Azeroth\Blackrock Spire</Filter>
    </ClCompile>
    <ClCompile Include="..\scripts\zone\blackrock_spire\boss_gyth.cpp">
      <Filter>scripts\zone\Azeroth\Blackrock Spire</Filter>
    </ClCompile>
    <ClCompile Include="..\scripts\zone\blackrock_spire\boss_halycon.cpp">
      <Filter>scripts\zone\Azeroth\Blackrock Spire</Filter>
    </ClCompile>
    <ClCompile Include="..\scripts\zone\blackrock_spire\boss_highlord_omokk.cpp">
      <Filter>scripts\zone\Azeroth\Blackrock Spire</Filter>
    </ClCompile>
    <ClCompile Include="..\scripts\zone\blackrock_spire\boss_mother_smolderweb.cpp">
      <Filter>scripts\zone\Azeroth\Blackrock Spire</Filter>
    </ClCompile>
    <ClCompile Include="..\scripts\zone\blackrock_spire\boss_overlord_wyrmthalak.cpp">
      <Filter>scripts\zone\Azeroth\Blackrock Spire</Filter>
    </ClCompile>
    <ClCompile Include="..\scripts\zone\blackrock_spire\boss_pyroguard_emberseer.cpp">
      <Filter>scripts\zone\Azeroth\Blackrock Spire</Filter>
    </ClCompile>
    <ClCompile Include="..\scripts\zone\blackrock_spire\boss_quartermaster_zigris.cpp">
      <Filter>scripts\zone\Azeroth\Blackrock Spire</Filter>
    </ClCompile>
    <ClCompile Include="..\scripts\zone\blackrock_spire\boss_rend_blackhand.cpp">
      <Filter>scripts\zone\Azeroth\Blackrock Spire</Filter>
    </ClCompile>
    <ClCompile Include="..\scripts\zone\blackrock_spire\boss_shadow_hunter_voshgajin.cpp">
      <Filter>scripts\zone\Azeroth\Blackrock Spire</Filter>
    </ClCompile>
    <ClCompile Include="..\scripts\zone\blackrock_spire\boss_the_beast.cpp">
      <Filter>scripts\zone\Azeroth\Blackrock Spire</Filter>
    </ClCompile>
    <ClCompile Include="..\scripts\zone\blackrock_spire\boss_warmaster_voone.cpp">
      <Filter>scripts\zone\Azeroth\Blackrock Spire</Filter>
    </ClCompile>
    <ClCompile Include="..\scripts\zone\blackwing_lair\boss_broodlord_lashlayer.cpp">
      <Filter>scripts\zone\Azeroth\Blackwing Lair</Filter>
    </ClCompile>
    <ClCompile Include="..\scripts\zone\blackwing_lair\boss_chromaggus.cpp">
      <Filter>scripts\zone\Azeroth\Blackwing Lair</Filter>
    </ClCompile>
    <ClCompile Include="..\scripts\zone\blackwing_lair\boss_ebonroc.cpp">
      <Filter>scripts\zone\Azeroth\Blackwing Lair</Filter>
    </ClCompile>
    <ClCompile Include="..\scripts\zone\blackwing_lair\boss_firemaw.cpp">
      <Filter>scripts\zone\Azeroth\Blackwing Lair</Filter>
    </ClCompile>
    <ClCompile Include="..\scripts\zone\blackwing_lair\boss_flamegor.cpp">
      <Filter>scripts\zone\Azeroth\Blackwing Lair</Filter>
    </ClCompile>
    <ClCompile Include="..\scripts\zone\blackwing_lair\boss_nefarian.cpp">
      <Filter>scripts\zone\Azeroth\Blackwing Lair</Filter>
    </ClCompile>
    <ClCompile Include="..\scripts\zone\blackwing_lair\boss_razorgore.cpp">
      <Filter>scripts\zone\Azeroth\Blackwing Lair</Filter>
    </ClCompile>
    <ClCompile Include="..\scripts\zone\blackwing_lair\boss_vaelastrasz.cpp">
      <Filter>scripts\zone\Azeroth\Blackwing Lair</Filter>
    </ClCompile>
    <ClCompile Include="..\scripts\zone\blackwing_lair\boss_victor_nefarius.cpp">
      <Filter>scripts\zone\Azeroth\Blackwing Lair</Filter>
    </ClCompile>
    <ClCompile Include="..\scripts\zone\blackwing_lair\instance_blackwing_lair.cpp">
      <Filter>scripts\zone\Azeroth\Blackwing Lair</Filter>
    </ClCompile>
    <ClCompile Include="..\scripts\zone\black_temple\black_temple.cpp">
      <Filter>scripts\zone\Outland\Black Temple</Filter>
    </ClCompile>
    <ClCompile Include="..\scripts\zone\black_temple\boss_bloodboil.cpp">
      <Filter>scripts\zone\Outland\Black Temple</Filter>
    </ClCompile>
    <ClCompile Include="..\scripts\zone\black_temple\boss_illidan.cpp">
      <Filter>scripts\zone\Outland\Black Temple</Filter>
    </ClCompile>
    <ClCompile Include="..\scripts\zone\black_temple\boss_mother_shahraz.cpp">
      <Filter>scripts\zone\Outland\Black Temple</Filter>
    </ClCompile>
    <ClCompile Include="..\scripts\zone\black_temple\boss_reliquary_of_souls.cpp">
      <Filter>scripts\zone\Outland\Black Temple</Filter>
    </ClCompile>
    <ClCompile Include="..\scripts\zone\black_temple\boss_shade_of_akama.cpp">
      <Filter>scripts\zone\Outland\Black Temple</Filter>
    </ClCompile>
    <ClCompile Include="..\scripts\zone\black_temple\boss_supremus.cpp">
      <Filter>scripts\zone\Outland\Black Temple</Filter>
    </ClCompile>
    <ClCompile Include="..\scripts\zone\black_temple\boss_teron_gorefiend.cpp">
      <Filter>scripts\zone\Outland\Black Temple</Filter>
    </ClCompile>
    <ClCompile Include="..\scripts\zone\black_temple\boss_warlord_najentus.cpp">
      <Filter>scripts\zone\Outland\Black Temple</Filter>
    </ClCompile>
    <ClCompile Include="..\scripts\zone\black_temple\illidari_council.cpp">
      <Filter>scripts\zone\Outland\Black Temple</Filter>
    </ClCompile>
    <ClCompile Include="..\scripts\zone\black_temple\instance_black_temple.cpp">
      <Filter>scripts\zone\Outland\Black Temple</Filter>
    </ClCompile>
    <ClCompile Include="..\scripts\zone\caverns_of_time\culling_of_stratholme\boss_epoch.cpp">
      <Filter>scripts\zone\Kalimdor\Caverns of Time\Culling of Stratholme</Filter>
    </ClCompile>
    <ClCompile Include="..\scripts\zone\caverns_of_time\culling_of_stratholme\boss_mal_ganis.cpp">
      <Filter>scripts\zone\Kalimdor\Caverns of Time\Culling of Stratholme</Filter>
    </ClCompile>
    <ClCompile Include="..\scripts\zone\caverns_of_time\culling_of_stratholme\boss_meathook.cpp">
      <Filter>scripts\zone\Kalimdor\Caverns of Time\Culling of Stratholme</Filter>
    </ClCompile>
    <ClCompile Include="..\scripts\zone\caverns_of_time\culling_of_stratholme\boss_salramm.cpp">
      <Filter>scripts\zone\Kalimdor\Caverns of Time\Culling of Stratholme</Filter>
    </ClCompile>
    <ClCompile Include="..\scripts\zone\caverns_of_time\culling_of_stratholme\instance_culling_of_stratholme.cpp">
      <Filter>scripts\zone\Kalimdor\Caverns of Time\Culling of Stratholme</Filter>
    </ClCompile>
    <ClCompile Include="..\scripts\zone\caverns_of_time\dark_portal\boss_aeonus.cpp">
      <Filter>scripts\zone\Kalimdor\Caverns of Time\The Dark Portal</Filter>
    </ClCompile>
    <ClCompile Include="..\scripts\zone\caverns_of_time\dark_portal\boss_chrono_lord_deja.cpp">
      <Filter>scripts\zone\Kalimdor\Caverns of Time\The Dark Portal</Filter>
    </ClCompile>
    <ClCompile Include="..\scripts\zone\caverns_of_time\dark_portal\boss_temporus.cpp">
      <Filter>scripts\zone\Kalimdor\Caverns of Time\The Dark Portal</Filter>
    </ClCompile>
    <ClCompile Include="..\scripts\zone\caverns_of_time\dark_portal\dark_portal.cpp">
      <Filter>scripts\zone\Kalimdor\Caverns of Time\The Dark Portal</Filter>
    </ClCompile>
    <ClCompile Include="..\scripts\zone\caverns_of_time\dark_portal\instance_dark_portal.cpp">
      <Filter>scripts\zone\Kalimdor\Caverns of Time\The Dark Portal</Filter>
    </ClCompile>
    <ClCompile Include="..\scripts\zone\caverns_of_time\hyjal\boss_anetheron.cpp">
      <Filter>scripts\zone\Kalimdor\Caverns of Time\Battle for Mt. Hyjal</Filter>
    </ClCompile>
    <ClCompile Include="..\scripts\zone\caverns_of_time\hyjal\boss_archimonde.cpp">
      <Filter>scripts\zone\Kalimdor\Caverns of Time\Battle for Mt. Hyjal</Filter>
    </ClCompile>
    <ClCompile Include="..\scripts\zone\caverns_of_time\hyjal\boss_azgalor.cpp">
      <Filter>scripts\zone\Kalimdor\Caverns of Time\Battle for Mt. Hyjal</Filter>
    </ClCompile>
    <ClCompile Include="..\scripts\zone\caverns_of_time\hyjal\boss_kazrogal.cpp">
      <Filter>scripts\zone\Kalimdor\Caverns of Time\Battle for Mt. Hyjal</Filter>
    </ClCompile>
    <ClCompile Include="..\scripts\zone\caverns_of_time\hyjal\boss_rage_winterchill.cpp">
      <Filter>scripts\zone\Kalimdor\Caverns of Time\Battle for Mt. Hyjal</Filter>
    </ClCompile>
    <ClCompile Include="..\scripts\zone\caverns_of_time\hyjal\hyjal.cpp">
      <Filter>scripts\zone\Kalimdor\Caverns of Time\Battle for Mt. Hyjal</Filter>
    </ClCompile>
    <ClCompile Include="..\scripts\zone\caverns_of_time\hyjal\hyjalAI.cpp">
      <Filter>scripts\zone\Kalimdor\Caverns of Time\Battle for Mt. Hyjal</Filter>
    </ClCompile>
    <ClCompile Include="..\scripts\zone\caverns_of_time\hyjal\hyjal_trash.cpp">
      <Filter>scripts\zone\Kalimdor\Caverns of Time\Battle for Mt. Hyjal</Filter>
    </ClCompile>
    <ClCompile Include="..\scripts\zone\caverns_of_time\hyjal\instance_hyjal.cpp">
      <Filter>scripts\zone\Kalimdor\Caverns of Time\Battle for Mt. Hyjal</Filter>
    </ClCompile>
    <ClCompile Include="..\scripts\zone\caverns_of_time\old_hillsbrad\boss_captain_skarloc.cpp">
      <Filter>scripts\zone\Kalimdor\Caverns of Time\Old Hillsbrad</Filter>
    </ClCompile>
    <ClCompile Include="..\scripts\zone\caverns_of_time\old_hillsbrad\boss_epoch_hunter.cpp">
      <Filter>scripts\zone\Kalimdor\Caverns of Time\Old Hillsbrad</Filter>
    </ClCompile>
    <ClCompile Include="..\scripts\zone\caverns_of_time\old_hillsbrad\boss_leutenant_drake.cpp">
      <Filter>scripts\zone\Kalimdor\Caverns of Time\Old Hillsbrad</Filter>
    </ClCompile>
    <ClCompile Include="..\scripts\zone\caverns_of_time\old_hillsbrad\instance_old_hillsbrad.cpp">
      <Filter>scripts\zone\Kalimdor\Caverns of Time\Old Hillsbrad</Filter>
    </ClCompile>
    <ClCompile Include="..\scripts\zone\caverns_of_time\old_hillsbrad\old_hillsbrad.cpp">
      <Filter>scripts\zone\Kalimdor\Caverns of Time\Old Hillsbrad</Filter>
    </ClCompile>
    <ClCompile Include="..\scripts\zone\coilfang_resevoir\serpent_shrine\boss_fathomlord_karathress.cpp">
      <Filter>scripts\zone\Outland\Coilfang Resevoir\Serpent Shrine Cavern</Filter>
    </ClCompile>
    <ClCompile Include="..\scripts\zone\coilfang_resevoir\serpent_shrine\boss_hydross_the_unstable.cpp">
      <Filter>scripts\zone\Outland\Coilfang Resevoir\Serpent Shrine Cavern</Filter>
    </ClCompile>
    <ClCompile Include="..\scripts\zone\coilfang_resevoir\serpent_shrine\boss_lady_vashj.cpp">
      <Filter>scripts\zone\Outland\Coilfang Resevoir\Serpent Shrine Cavern</Filter>
    </ClCompile>
    <ClCompile Include="..\scripts\zone\coilfang_resevoir\serpent_shrine\boss_leotheras_the_blind.cpp">
      <Filter>scripts\zone\Outland\Coilfang Resevoir\Serpent Shrine Cavern</Filter>
    </ClCompile>
    <ClCompile Include="..\scripts\zone\coilfang_resevoir\serpent_shrine\boss_lurker_below.cpp">
      <Filter>scripts\zone\Outland\Coilfang Resevoir\Serpent Shrine Cavern</Filter>
    </ClCompile>
    <ClCompile Include="..\scripts\zone\coilfang_resevoir\serpent_shrine\boss_morogrim_tidewalker.cpp">
      <Filter>scripts\zone\Outland\Coilfang Resevoir\Serpent Shrine Cavern</Filter>
    </ClCompile>
    <ClCompile Include="..\scripts\zone\coilfang_resevoir\serpent_shrine\instance_serpent_shrine.cpp">
      <Filter>scripts\zone\Outland\Coilfang Resevoir\Serpent Shrine Cavern</Filter>
    </ClCompile>
    <ClCompile Include="..\scripts\zone\coilfang_resevoir\steam_vault\boss_hydromancer_thespia.cpp">
      <Filter>scripts\zone\Outland\Coilfang Resevoir\Steam Vault</Filter>
    </ClCompile>
    <ClCompile Include="..\scripts\zone\coilfang_resevoir\steam_vault\boss_mekgineer_steamrigger.cpp">
      <Filter>scripts\zone\Outland\Coilfang Resevoir\Steam Vault</Filter>
    </ClCompile>
    <ClCompile Include="..\scripts\zone\coilfang_resevoir\steam_vault\boss_warlord_kalithresh.cpp">
      <Filter>scripts\zone\Outland\Coilfang Resevoir\Steam Vault</Filter>
    </ClCompile>
    <ClCompile Include="..\scripts\zone\coilfang_resevoir\steam_vault\instance_steam_vault.cpp">
      <Filter>scripts\zone\Outland\Coilfang Resevoir\Steam Vault</Filter>
    </ClCompile>
    <ClCompile Include="..\scripts\zone\coilfang_resevoir\underbog\boss_hungarfen.cpp">
      <Filter>scripts\zone\Outland\Coilfang Resevoir\Underbog</Filter>
    </ClCompile>
    <ClCompile Include="..\scripts\zone\coilfang_resevoir\underbog\boss_the_black_stalker.cpp">
      <Filter>scripts\zone\Outland\Coilfang Resevoir\Underbog</Filter>
    </ClCompile>
    <ClCompile Include="..\scripts\zone\deadmines\deadmines.cpp">
      <Filter>scripts\zone\Azeroth\Deadmines</Filter>
    </ClCompile>
    <ClCompile Include="..\scripts\zone\draktharon_keep\boss_dred.cpp">
      <Filter>scripts\zone\Northrend\Dungeon\Drak'Tharon Keep</Filter>
    </ClCompile>
    <ClCompile Include="..\scripts\zone\draktharon_keep\boss_novos.cpp">
      <Filter>scripts\zone\Northrend\Dungeon\Drak'Tharon Keep</Filter>
    </ClCompile>
    <ClCompile Include="..\scripts\zone\draktharon_keep\boss_tharon_ja.cpp">
      <Filter>scripts\zone\Northrend\Dungeon\Drak'Tharon Keep</Filter>
    </ClCompile>
    <ClCompile Include="..\scripts\zone\draktharon_keep\boss_trollgore.cpp">
      <Filter>scripts\zone\Northrend\Dungeon\Drak'Tharon Keep</Filter>
    </ClCompile>
    <ClCompile Include="..\scripts\zone\draktharon_keep\instance_drak_tharon_keep.cpp">
      <Filter>scripts\zone\Northrend\Dungeon\Drak'Tharon Keep</Filter>
    </ClCompile>
    <ClCompile Include="..\scripts\zone\gruuls_lair\boss_gruul.cpp">
      <Filter>scripts\zone\Outland\Gruul's Lair</Filter>
    </ClCompile>
    <ClCompile Include="..\scripts\zone\gruuls_lair\boss_high_king_maulgar.cpp">
      <Filter>scripts\zone\Outland\Gruul's Lair</Filter>
    </ClCompile>
    <ClCompile Include="..\scripts\zone\gruuls_lair\instance_gruuls_lair.cpp">
      <Filter>scripts\zone\Outland\Gruul's Lair</Filter>
    </ClCompile>
    <ClCompile Include="..\scripts\zone\gundrak\boss_drakkari_colossus.cpp">
      <Filter>scripts\zone\Northrend\Dungeon\Gundrak</Filter>
    </ClCompile>
    <ClCompile Include="..\scripts\zone\gundrak\boss_eck.cpp">
      <Filter>scripts\zone\Northrend\Dungeon\Gundrak</Filter>
    </ClCompile>
    <ClCompile Include="..\scripts\zone\gundrak\boss_gal_darah.cpp">
      <Filter>scripts\zone\Northrend\Dungeon\Gundrak</Filter>
    </ClCompile>
    <ClCompile Include="..\scripts\zone\gundrak\boss_moorabi.cpp">
      <Filter>scripts\zone\Northrend\Dungeon\Gundrak</Filter>
    </ClCompile>
    <ClCompile Include="..\scripts\zone\gundrak\boss_slad_ran.cpp">
      <Filter>scripts\zone\Northrend\Dungeon\Gundrak</Filter>
    </ClCompile>
    <ClCompile Include="..\scripts\zone\gundrak\instance_gundrak.cpp">
      <Filter>scripts\zone\Northrend\Dungeon\Gundrak</Filter>
    </ClCompile>
    <ClCompile Include="..\scripts\zone\hellfire_citadel\blood_furnace\boss_broggok.cpp">
      <Filter>scripts\zone\Outland\Hellfire Citadel\Blood Furnace</Filter>
    </ClCompile>
    <ClCompile Include="..\scripts\zone\hellfire_citadel\blood_furnace\boss_kelidan_the_breaker.cpp">
      <Filter>scripts\zone\Outland\Hellfire Citadel\Blood Furnace</Filter>
    </ClCompile>
    <ClCompile Include="..\scripts\zone\hellfire_citadel\blood_furnace\boss_the_maker.cpp">
      <Filter>scripts\zone\Outland\Hellfire Citadel\Blood Furnace</Filter>
    </ClCompile>
    <ClCompile Include="..\scripts\zone\hellfire_citadel\blood_furnace\instance_blood_furnace.cpp">
      <Filter>scripts\zone\Outland\Hellfire Citadel\Blood Furnace</Filter>
    </ClCompile>
    <ClCompile Include="..\scripts\zone\hellfire_citadel\hellfire_ramparts\boss_omor_the_unscarred.cpp">
      <Filter>scripts\zone\Outland\Hellfire Citadel\Hellfire Ramparts</Filter>
    </ClCompile>
    <ClCompile Include="..\scripts\zone\hellfire_citadel\hellfire_ramparts\boss_vazruden_the_herald.cpp">
      <Filter>scripts\zone\Outland\Hellfire Citadel\Hellfire Ramparts</Filter>
    </ClCompile>
    <ClCompile Include="..\scripts\zone\hellfire_citadel\hellfire_ramparts\boss_watchkeeper_gargolmar.cpp">
      <Filter>scripts\zone\Outland\Hellfire Citadel\Hellfire Ramparts</Filter>
    </ClCompile>
    <ClCompile Include="..\scripts\zone\hellfire_citadel\hellfire_ramparts\instance_hellfire_ramparts.cpp">
      <Filter>scripts\zone\Outland\Hellfire Citadel\Hellfire Ramparts</Filter>
    </ClCompile>
    <ClCompile Include="..\scripts\zone\hellfire_citadel\magtheridons_lair\boss_magtheridon.cpp">
      <Filter>scripts\zone\Outland\Hellfire Citadel\Magtheridon's lair</Filter>
    </ClCompile>
    <ClCompile Include="..\scripts\zone\hellfire_citadel\magtheridons_lair\instance_magtheridons_lair.cpp">
      <Filter>scripts\zone\Outland\Hellfire Citadel\Magtheridon's lair</Filter>
    </ClCompile>
    <ClCompile Include="..\scripts\zone\hellfire_citadel\shattered_halls\boss_nethekurse.cpp">
      <Filter>scripts\zone\Outland\Hellfire Citadel\Shattered Halls</Filter>
    </ClCompile>
    <ClCompile Include="..\scripts\zone\hellfire_citadel\shattered_halls\boss_warbringer_omrogg.cpp">
      <Filter>scripts\zone\Outland\Hellfire Citadel\Shattered Halls</Filter>
    </ClCompile>
    <ClCompile Include="..\scripts\zone\hellfire_citadel\shattered_halls\boss_warchief_kargath_bladefist.cpp">
      <Filter>scripts\zone\Outland\Hellfire Citadel\Shattered Halls</Filter>
    </ClCompile>
    <ClCompile Include="..\scripts\zone\hellfire_citadel\shattered_halls\instance_shattered_halls.cpp">
      <Filter>scripts\zone\Outland\Hellfire Citadel\Shattered Halls</Filter>
    </ClCompile>
    <ClCompile Include="..\scripts\zone\karazhan\bosses_opera.cpp">
      <Filter>scripts\zone\Azeroth\Karazhan</Filter>
    </ClCompile>
    <ClCompile Include="..\scripts\zone\karazhan\boss_curator.cpp">
      <Filter>scripts\zone\Azeroth\Karazhan</Filter>
    </ClCompile>
    <ClCompile Include="..\scripts\zone\karazhan\boss_maiden_of_virtue.cpp">
      <Filter>scripts\zone\Azeroth\Karazhan</Filter>
    </ClCompile>
    <ClCompile Include="..\scripts\zone\karazhan\boss_midnight.cpp">
      <Filter>scripts\zone\Azeroth\Karazhan</Filter>
    </ClCompile>
    <ClCompile Include="..\scripts\zone\karazhan\boss_moroes.cpp">
      <Filter>scripts\zone\Azeroth\Karazhan</Filter>
    </ClCompile>
    <ClCompile Include="..\scripts\zone\karazhan\boss_netherspite.cpp">
      <Filter>scripts\zone\Azeroth\Karazhan</Filter>
    </ClCompile>
    <ClCompile Include="..\scripts\zone\karazhan\boss_nightbane.cpp">
      <Filter>scripts\zone\Azeroth\Karazhan</Filter>
    </ClCompile>
    <ClCompile Include="..\scripts\zone\karazhan\boss_prince_malchezaar.cpp">
      <Filter>scripts\zone\Azeroth\Karazhan</Filter>
    </ClCompile>
    <ClCompile Include="..\scripts\zone\karazhan\boss_shade_of_aran.cpp">
      <Filter>scripts\zone\Azeroth\Karazhan</Filter>
    </ClCompile>
    <ClCompile Include="..\scripts\zone\karazhan\boss_terestian_illhoof.cpp">
      <Filter>scripts\zone\Azeroth\Karazhan</Filter>
    </ClCompile>
    <ClCompile Include="..\scripts\zone\karazhan\instance_karazhan.cpp">
      <Filter>scripts\zone\Azeroth\Karazhan</Filter>
    </ClCompile>
    <ClCompile Include="..\scripts\zone\karazhan\karazhan.cpp">
      <Filter>scripts\zone\Azeroth\Karazhan</Filter>
    </ClCompile>
    <ClCompile Include="..\scripts\zone\magisters_terrace\boss_felblood_kaelthas.cpp">
      <Filter>scripts\zone\Azeroth\Magister's Terrace</Filter>
    </ClCompile>
    <ClCompile Include="..\scripts\zone\magisters_terrace\boss_priestess_delrissa.cpp">
      <Filter>scripts\zone\Azeroth\Magister's Terrace</Filter>
    </ClCompile>
    <ClCompile Include="..\scripts\zone\magisters_terrace\boss_selin_fireheart.cpp">
      <Filter>scripts\zone\Azeroth\Magister's Terrace</Filter>
    </ClCompile>
    <ClCompile Include="..\scripts\zone\magisters_terrace\boss_vexallus.cpp">
      <Filter>scripts\zone\Azeroth\Magister's Terrace</Filter>
    </ClCompile>
    <ClCompile Include="..\scripts\zone\magisters_terrace\instance_magisters_terrace.cpp">
      <Filter>scripts\zone\Azeroth\Magister's Terrace</Filter>
    </ClCompile>
    <ClCompile Include="..\scripts\zone\magisters_terrace\magisters_terrace.cpp">
      <Filter>scripts\zone\Azeroth\Magister's Terrace</Filter>
    </ClCompile>
    <ClCompile Include="..\scripts\zone\maraudon\boss_celebras_the_cursed.cpp">
      <Filter>scripts\zone\Kalimdor\Maraudon</Filter>
    </ClCompile>
    <ClCompile Include="..\scripts\zone\maraudon\boss_landslide.cpp">
      <Filter>scripts\zone\Kalimdor\Maraudon</Filter>
    </ClCompile>
    <ClCompile Include="..\scripts\zone\maraudon\boss_noxxion.cpp">
      <Filter>scripts\zone\Kalimdor\Maraudon</Filter>
    </ClCompile>
    <ClCompile Include="..\scripts\zone\maraudon\boss_princess_theradras.cpp">
      <Filter>scripts\zone\Kalimdor\Maraudon</Filter>
    </ClCompile>
    <ClCompile Include="..\scripts\zone\molten_core\boss_baron_geddon.cpp">
      <Filter>scripts\zone\Azeroth\Molten Core</Filter>
    </ClCompile>
    <ClCompile Include="..\scripts\zone\molten_core\boss_garr.cpp">
      <Filter>scripts\zone\Azeroth\Molten Core</Filter>
    </ClCompile>
    <ClCompile Include="..\scripts\zone\molten_core\boss_gehennas.cpp">
      <Filter>scripts\zone\Azeroth\Molten Core</Filter>
    </ClCompile>
    <ClCompile Include="..\scripts\zone\molten_core\boss_golemagg.cpp">
      <Filter>scripts\zone\Azeroth\Molten Core</Filter>
    </ClCompile>
    <ClCompile Include="..\scripts\zone\molten_core\boss_lucifron.cpp">
      <Filter>scripts\zone\Azeroth\Molten Core</Filter>
    </ClCompile>
    <ClCompile Include="..\scripts\zone\molten_core\boss_magmadar.cpp">
      <Filter>scripts\zone\Azeroth\Molten Core</Filter>
    </ClCompile>
    <ClCompile Include="..\scripts\zone\molten_core\boss_majordomo_executus.cpp">
      <Filter>scripts\zone\Azeroth\Molten Core</Filter>
    </ClCompile>
    <ClCompile Include="..\scripts\zone\molten_core\boss_ragnaros.cpp">
      <Filter>scripts\zone\Azeroth\Molten Core</Filter>
    </ClCompile>
    <ClCompile Include="..\scripts\zone\molten_core\boss_shazzrah.cpp">
      <Filter>scripts\zone\Azeroth\Molten Core</Filter>
    </ClCompile>
    <ClCompile Include="..\scripts\zone\molten_core\boss_sulfuron_harbinger.cpp">
      <Filter>scripts\zone\Azeroth\Molten Core</Filter>
    </ClCompile>
    <ClCompile Include="..\scripts\zone\molten_core\instance_molten_core.cpp">
      <Filter>scripts\zone\Azeroth\Molten Core</Filter>
    </ClCompile>
    <ClCompile Include="..\scripts\zone\molten_core\molten_core.cpp">
      <Filter>scripts\zone\Azeroth\Molten Core</Filter>
    </ClCompile>
    <ClCompile Include="..\scripts\zone\naxxramas\boss_anubrekhan.cpp">
      <Filter>scripts\zone\Northrend\Dungeon\Naxxramas</Filter>
    </ClCompile>
    <ClCompile Include="..\scripts\zone\naxxramas\boss_faerlina.cpp">
      <Filter>scripts\zone\Northrend\Dungeon\Naxxramas</Filter>
    </ClCompile>
    <ClCompile Include="..\scripts\zone\naxxramas\boss_four_horsemen.cpp">
      <Filter>scripts\zone\Northrend\Dungeon\Naxxramas</Filter>
    </ClCompile>
    <ClCompile Include="..\scripts\zone\naxxramas\boss_gluth.cpp">
      <Filter>scripts\zone\Northrend\Dungeon\Naxxramas</Filter>
    </ClCompile>
    <ClCompile Include="..\scripts\zone\naxxramas\boss_gothik.cpp">
      <Filter>scripts\zone\Northrend\Dungeon\Naxxramas</Filter>
    </ClCompile>
    <ClCompile Include="..\scripts\zone\naxxramas\boss_grobbulus.cpp">
      <Filter>scripts\zone\Northrend\Dungeon\Naxxramas</Filter>
    </ClCompile>
    <ClCompile Include="..\scripts\zone\naxxramas\boss_heigan.cpp">
      <Filter>scripts\zone\Northrend\Dungeon\Naxxramas</Filter>
    </ClCompile>
    <ClCompile Include="..\scripts\zone\naxxramas\boss_kelthuzad.cpp">
      <Filter>scripts\zone\Northrend\Dungeon\Naxxramas</Filter>
    </ClCompile>
    <ClCompile Include="..\scripts\zone\naxxramas\boss_loatheb.cpp">
      <Filter>scripts\zone\Northrend\Dungeon\Naxxramas</Filter>
    </ClCompile>
    <ClCompile Include="..\scripts\zone\naxxramas\boss_maexxna.cpp">
      <Filter>scripts\zone\Northrend\Dungeon\Naxxramas</Filter>
    </ClCompile>
    <ClCompile Include="..\scripts\zone\naxxramas\boss_noth.cpp">
      <Filter>scripts\zone\Northrend\Dungeon\Naxxramas</Filter>
    </ClCompile>
    <ClCompile Include="..\scripts\zone\naxxramas\boss_patchwerk.cpp">
      <Filter>scripts\zone\Northrend\Dungeon\Naxxramas</Filter>
    </ClCompile>
    <ClCompile Include="..\scripts\zone\naxxramas\boss_razuvious.cpp">
      <Filter>scripts\zone\Northrend\Dungeon\Naxxramas</Filter>
    </ClCompile>
    <ClCompile Include="..\scripts\zone\naxxramas\boss_sapphiron.cpp">
      <Filter>scripts\zone\Northrend\Dungeon\Naxxramas</Filter>
    </ClCompile>
    <ClCompile Include="..\scripts\zone\naxxramas\boss_thaddius.cpp">
      <Filter>scripts\zone\Northrend\Dungeon\Naxxramas</Filter>
    </ClCompile>
    <ClCompile Include="..\scripts\zone\naxxramas\instance_naxxramas.cpp">
      <Filter>scripts\zone\Northrend\Dungeon\Naxxramas</Filter>
    </ClCompile>
    <ClCompile Include="..\scripts\zone\nexus\eye_of_eternity\boss_malygos.cpp">
      <Filter>scripts\zone\Northrend\Dungeon\Nexus\Eye of Eternity</Filter>
    </ClCompile>
    <ClCompile Include="..\scripts\zone\nexus\eye_of_eternity\instance_eye_of_eternity.cpp">
      <Filter>scripts\zone\Northrend\Dungeon\Nexus\Eye of Eternity</Filter>
    </ClCompile>
    <ClCompile Include="..\scripts\zone\nexus\nexus\boss_anomalus.cpp">
      <Filter>scripts\zone\Northrend\Dungeon\Nexus\Nexus</Filter>
    </ClCompile>
    <ClCompile Include="..\scripts\zone\nexus\nexus\boss_keristrasza.cpp">
      <Filter>scripts\zone\Northrend\Dungeon\Nexus\Nexus</Filter>
    </ClCompile>
    <ClCompile Include="..\scripts\zone\nexus\nexus\boss_magus_telestra.cpp">
      <Filter>scripts\zone\Northrend\Dungeon\Nexus\Nexus</Filter>
    </ClCompile>
    <ClCompile Include="..\scripts\zone\nexus\nexus\boss_ormorok.cpp">
      <Filter>scripts\zone\Northrend\Dungeon\Nexus\Nexus</Filter>
    </ClCompile>
    <ClCompile Include="..\scripts\zone\nexus\nexus\commander_kolurg.cpp">
      <Filter>scripts\zone\Northrend\Dungeon\Nexus\Nexus</Filter>
    </ClCompile>
    <ClCompile Include="..\scripts\zone\nexus\nexus\commander_stoutbeard.cpp">
      <Filter>scripts\zone\Northrend\Dungeon\Nexus\Nexus</Filter>
    </ClCompile>
    <ClCompile Include="..\scripts\zone\nexus\nexus\instance_nexus.cpp">
      <Filter>scripts\zone\Northrend\Dungeon\Nexus\Nexus</Filter>
    </ClCompile>
    <ClCompile Include="..\scripts\zone\nexus\oculus\boss_drakos.cpp">
      <Filter>scripts\zone\Northrend\Dungeon\Nexus\Oculus</Filter>
    </ClCompile>
    <ClCompile Include="..\scripts\zone\nexus\oculus\boss_eregos.cpp">
      <Filter>scripts\zone\Northrend\Dungeon\Nexus\Oculus</Filter>
    </ClCompile>
    <ClCompile Include="..\scripts\zone\nexus\oculus\boss_urom.cpp">
      <Filter>scripts\zone\Northrend\Dungeon\Nexus\Oculus</Filter>
    </ClCompile>
    <ClCompile Include="..\scripts\zone\nexus\oculus\boss_varos.cpp">
      <Filter>scripts\zone\Northrend\Dungeon\Nexus\Oculus</Filter>
    </ClCompile>
    <ClCompile Include="..\scripts\zone\nexus\oculus\instance_oculus.cpp">
      <Filter>scripts\zone\Northrend\Dungeon\Nexus\Oculus</Filter>
    </ClCompile>
    <ClCompile Include="..\scripts\zone\obsidian_sanctum\boss_sartharion.cpp">
      <Filter>scripts\zone\Northrend\Dungeon\Obsidian Sanctum</Filter>
    </ClCompile>
    <ClCompile Include="..\scripts\zone\obsidian_sanctum\instance_obsidian_sanctum.cpp">
      <Filter>scripts\zone\Northrend\Dungeon\Obsidian Sanctum</Filter>
    </ClCompile>
    <ClCompile Include="..\scripts\zone\onyxias_lair\boss_onyxia.cpp">
      <Filter>scripts\zone\Kalimdor\Onyxia's Lair</Filter>
    </ClCompile>
    <ClCompile Include="..\scripts\zone\razorfen_downs\boss_amnennar_the_coldbringer.cpp">
      <Filter>scripts\zone\Kalimdor\Razorfen Downs</Filter>
    </ClCompile>
    <ClCompile Include="..\scripts\zone\razorfen_downs\razorfen_downs.cpp">
      <Filter>scripts\zone\Kalimdor\Razorfen Downs</Filter>
    </ClCompile>
    <ClCompile Include="..\scripts\zone\razorfen_kraul\instance_razorfen_kraul.cpp">
      <Filter>scripts\zone\Kalimdor\Razorfen Kraul</Filter>
    </ClCompile>
    <ClCompile Include="..\scripts\zone\razorfen_kraul\razorfen_kraul.cpp">
      <Filter>scripts\zone\Kalimdor\Razorfen Kraul</Filter>
    </ClCompile>
    <ClCompile Include="..\scripts\zone\ruins_of_ahnqiraj\boss_ayamiss.cpp">
      <Filter>scripts\zone\Kalimdor\Ruins of Ahn'Qiraj</Filter>
    </ClCompile>
    <ClCompile Include="..\scripts\zone\ruins_of_ahnqiraj\boss_buru.cpp">
      <Filter>scripts\zone\Kalimdor\Ruins of Ahn'Qiraj</Filter>
    </ClCompile>
    <ClCompile Include="..\scripts\zone\ruins_of_ahnqiraj\boss_kurinnaxx.cpp">
      <Filter>scripts\zone\Kalimdor\Ruins of Ahn'Qiraj</Filter>
    </ClCompile>
    <ClCompile Include="..\scripts\zone\ruins_of_ahnqiraj\boss_moam.cpp">
      <Filter>scripts\zone\Kalimdor\Ruins of Ahn'Qiraj</Filter>
    </ClCompile>
    <ClCompile Include="..\scripts\zone\ruins_of_ahnqiraj\boss_ossirian.cpp">
      <Filter>scripts\zone\Kalimdor\Ruins of Ahn'Qiraj</Filter>
    </ClCompile>
    <ClCompile Include="..\scripts\zone\ruins_of_ahnqiraj\boss_rajaxx.cpp">
      <Filter>scripts\zone\Kalimdor\Ruins of Ahn'Qiraj</Filter>
    </ClCompile>
    <ClCompile Include="..\scripts\zone\ruins_of_ahnqiraj\instance_ruins_of_ahnqiraj.cpp">
      <Filter>scripts\zone\Kalimdor\Ruins of Ahn'Qiraj</Filter>
    </ClCompile>
    <ClCompile Include="..\scripts\zone\scarlet_monastery\boss_arcanist_doan.cpp">
      <Filter>scripts\zone\Azeroth\Scarlet Monastery</Filter>
    </ClCompile>
    <ClCompile Include="..\scripts\zone\scarlet_monastery\boss_azshir_the_sleepless.cpp">
      <Filter>scripts\zone\Azeroth\Scarlet Monastery</Filter>
    </ClCompile>
    <ClCompile Include="..\scripts\zone\scarlet_monastery\boss_bloodmage_thalnos.cpp">
      <Filter>scripts\zone\Azeroth\Scarlet Monastery</Filter>
    </ClCompile>
    <ClCompile Include="..\scripts\zone\scarlet_monastery\boss_headless_horseman.cpp">
      <Filter>scripts\zone\Azeroth\Scarlet Monastery</Filter>
    </ClCompile>
    <ClCompile Include="..\scripts\zone\scarlet_monastery\boss_herod.cpp">
      <Filter>scripts\zone\Azeroth\Scarlet Monastery</Filter>
    </ClCompile>
    <ClCompile Include="..\scripts\zone\scarlet_monastery\boss_high_inquisitor_fairbanks.cpp">
      <Filter>scripts\zone\Azeroth\Scarlet Monastery</Filter>
    </ClCompile>
    <ClCompile Include="..\scripts\zone\scarlet_monastery\boss_houndmaster_loksey.cpp">
      <Filter>scripts\zone\Azeroth\Scarlet Monastery</Filter>
    </ClCompile>
    <ClCompile Include="..\scripts\zone\scarlet_monastery\boss_interrogator_vishas.cpp">
      <Filter>scripts\zone\Azeroth\Scarlet Monastery</Filter>
    </ClCompile>
    <ClCompile Include="..\scripts\zone\scarlet_monastery\boss_mograine_and_whitemane.cpp">
      <Filter>scripts\zone\Azeroth\Scarlet Monastery</Filter>
    </ClCompile>
    <ClCompile Include="..\scripts\zone\scarlet_monastery\boss_scorn.cpp">
      <Filter>scripts\zone\Azeroth\Scarlet Monastery</Filter>
    </ClCompile>
    <ClCompile Include="..\scripts\zone\scarlet_monastery\instance_scarlet_monastery.cpp">
      <Filter>scripts\zone\Azeroth\Scarlet Monastery</Filter>
    </ClCompile>
    <ClCompile Include="..\scripts\zone\scholomance\boss_darkmaster_gandling.cpp">
      <Filter>scripts\zone\Azeroth\Scholomance</Filter>
    </ClCompile>
    <ClCompile Include="..\scripts\zone\scholomance\boss_death_knight_darkreaver.cpp">
      <Filter>scripts\zone\Azeroth\Scholomance</Filter>
    </ClCompile>
    <ClCompile Include="..\scripts\zone\scholomance\boss_doctor_theolen_krastinov.cpp">
      <Filter>scripts\zone\Azeroth\Scholomance</Filter>
    </ClCompile>
    <ClCompile Include="..\scripts\zone\scholomance\boss_illucia_barov.cpp">
      <Filter>scripts\zone\Azeroth\Scholomance</Filter>
    </ClCompile>
    <ClCompile Include="..\scripts\zone\scholomance\boss_instructor_malicia.cpp">
      <Filter>scripts\zone\Azeroth\Scholomance</Filter>
    </ClCompile>
    <ClCompile Include="..\scripts\zone\scholomance\boss_jandice_barov.cpp">
      <Filter>scripts\zone\Azeroth\Scholomance</Filter>
    </ClCompile>
    <ClCompile Include="..\scripts\zone\scholomance\boss_kormok.cpp">
      <Filter>scripts\zone\Azeroth\Scholomance</Filter>
    </ClCompile>
    <ClCompile Include="..\scripts\zone\scholomance\boss_lord_alexei_barov.cpp">
      <Filter>scripts\zone\Azeroth\Scholomance</Filter>
    </ClCompile>
    <ClCompile Include="..\scripts\zone\scholomance\boss_lorekeeper_polkelt.cpp">
      <Filter>scripts\zone\Azeroth\Scholomance</Filter>
    </ClCompile>
    <ClCompile Include="..\scripts\zone\scholomance\boss_ras_frostwhisper.cpp">
      <Filter>scripts\zone\Azeroth\Scholomance</Filter>
    </ClCompile>
    <ClCompile Include="..\scripts\zone\scholomance\boss_the_ravenian.cpp">
      <Filter>scripts\zone\Azeroth\Scholomance</Filter>
    </ClCompile>
    <ClCompile Include="..\scripts\zone\scholomance\boss_vectus.cpp">
      <Filter>scripts\zone\Azeroth\Scholomance</Filter>
    </ClCompile>
    <ClCompile Include="..\scripts\zone\scholomance\instance_scholomance.cpp">
      <Filter>scripts\zone\Azeroth\Scholomance</Filter>
    </ClCompile>
    <ClCompile Include="..\scripts\zone\shadowfang_keep\instance_shadowfang_keep.cpp">
      <Filter>scripts\zone\Azeroth\Shadowfang Keep</Filter>
    </ClCompile>
    <ClCompile Include="..\scripts\zone\shadowfang_keep\shadowfang_keep.cpp">
      <Filter>scripts\zone\Azeroth\Shadowfang Keep</Filter>
    </ClCompile>
    <ClCompile Include="..\scripts\zone\stratholme\boss_baroness_anastari.cpp">
      <Filter>scripts\zone\Azeroth\Stratholme</Filter>
    </ClCompile>
    <ClCompile Include="..\scripts\zone\stratholme\boss_baron_rivendare.cpp">
      <Filter>scripts\zone\Azeroth\Stratholme</Filter>
    </ClCompile>
    <ClCompile Include="..\scripts\zone\stratholme\boss_cannon_master_willey.cpp">
      <Filter>scripts\zone\Azeroth\Stratholme</Filter>
    </ClCompile>
    <ClCompile Include="..\scripts\zone\stratholme\boss_dathrohan_balnazzar.cpp">
      <Filter>scripts\zone\Azeroth\Stratholme</Filter>
    </ClCompile>
    <ClCompile Include="..\scripts\zone\stratholme\boss_magistrate_barthilas.cpp">
      <Filter>scripts\zone\Azeroth\Stratholme</Filter>
    </ClCompile>
    <ClCompile Include="..\scripts\zone\stratholme\boss_maleki_the_pallid.cpp">
      <Filter>scripts\zone\Azeroth\Stratholme</Filter>
    </ClCompile>
    <ClCompile Include="..\scripts\zone\stratholme\boss_nerubenkan.cpp">
      <Filter>scripts\zone\Azeroth\Stratholme</Filter>
    </ClCompile>
    <ClCompile Include="..\scripts\zone\stratholme\boss_order_of_silver_hand.cpp">
      <Filter>scripts\zone\Azeroth\Stratholme</Filter>
    </ClCompile>
    <ClCompile Include="..\scripts\zone\stratholme\boss_postmaster_malown.cpp">
      <Filter>scripts\zone\Azeroth\Stratholme</Filter>
    </ClCompile>
    <ClCompile Include="..\scripts\zone\stratholme\boss_ramstein_the_gorger.cpp">
      <Filter>scripts\zone\Azeroth\Stratholme</Filter>
    </ClCompile>
    <ClCompile Include="..\scripts\zone\stratholme\boss_timmy_the_cruel.cpp">
      <Filter>scripts\zone\Azeroth\Stratholme</Filter>
    </ClCompile>
    <ClCompile Include="..\scripts\zone\stratholme\instance_stratholme.cpp">
      <Filter>scripts\zone\Azeroth\Stratholme</Filter>
    </ClCompile>
    <ClCompile Include="..\scripts\zone\stratholme\stratholme.cpp">
      <Filter>scripts\zone\Azeroth\Stratholme</Filter>
    </ClCompile>
    <ClCompile Include="..\scripts\zone\sunwell_plateau\boss_brutallus.cpp">
      <Filter>scripts\zone\Azeroth\Sunwell Plateau</Filter>
    </ClCompile>
    <ClCompile Include="..\scripts\zone\sunwell_plateau\boss_eredar_twins.cpp">
      <Filter>scripts\zone\Azeroth\Sunwell Plateau</Filter>
    </ClCompile>
    <ClCompile Include="..\scripts\zone\sunwell_plateau\boss_felmyst.cpp">
      <Filter>scripts\zone\Azeroth\Sunwell Plateau</Filter>
    </ClCompile>
    <ClCompile Include="..\scripts\zone\sunwell_plateau\boss_kalecgos.cpp">
      <Filter>scripts\zone\Azeroth\Sunwell Plateau</Filter>
    </ClCompile>
    <ClCompile Include="..\scripts\zone\sunwell_plateau\boss_kiljaeden.cpp">
      <Filter>scripts\zone\Azeroth\Sunwell Plateau</Filter>
    </ClCompile>
    <ClCompile Include="..\scripts\zone\sunwell_plateau\boss_muru.cpp">
      <Filter>scripts\zone\Azeroth\Sunwell Plateau</Filter>
    </ClCompile>
    <ClCompile Include="..\scripts\zone\sunwell_plateau\instance_sunwell_plateau.cpp">
      <Filter>scripts\zone\Azeroth\Sunwell Plateau</Filter>
    </ClCompile>
    <ClCompile Include="..\scripts\zone\sunwell_plateau\sunwell_plateau.cpp">
      <Filter>scripts\zone\Azeroth\Sunwell Plateau</Filter>
    </ClCompile>
    <ClCompile Include="..\scripts\zone\tempest_keep\arcatraz\arcatraz.cpp">
      <Filter>scripts\zone\Outland\Tempest Keep\Arcatraz</Filter>
    </ClCompile>
    <ClCompile Include="..\scripts\zone\tempest_keep\arcatraz\boss_harbinger_skyriss.cpp">
      <Filter>scripts\zone\Outland\Tempest Keep\Arcatraz</Filter>
    </ClCompile>
    <ClCompile Include="..\scripts\zone\tempest_keep\arcatraz\instance_arcatraz.cpp">
      <Filter>scripts\zone\Outland\Tempest Keep\Arcatraz</Filter>
    </ClCompile>
    <ClCompile Include="..\scripts\zone\tempest_keep\botanica\boss_high_botanist_freywinn.cpp">
      <Filter>scripts\zone\Outland\Tempest Keep\Botanica</Filter>
    </ClCompile>
    <ClCompile Include="..\scripts\zone\tempest_keep\botanica\boss_laj.cpp">
      <Filter>scripts\zone\Outland\Tempest Keep\Botanica</Filter>
    </ClCompile>
    <ClCompile Include="..\scripts\zone\tempest_keep\botanica\boss_warp_splinter.cpp">
      <Filter>scripts\zone\Outland\Tempest Keep\Botanica</Filter>
    </ClCompile>
    <ClCompile Include="..\scripts\zone\tempest_keep\the_eye\boss_alar.cpp">
      <Filter>scripts\zone\Outland\Tempest Keep\The Eye</Filter>
    </ClCompile>
    <ClCompile Include="..\scripts\zone\tempest_keep\the_eye\boss_astromancer.cpp">
      <Filter>scripts\zone\Outland\Tempest Keep\The Eye</Filter>
    </ClCompile>
    <ClCompile Include="..\scripts\zone\tempest_keep\the_eye\boss_kaelthas.cpp">
      <Filter>scripts\zone\Outland\Tempest Keep\The Eye</Filter>
    </ClCompile>
    <ClCompile Include="..\scripts\zone\tempest_keep\the_eye\boss_void_reaver.cpp">
      <Filter>scripts\zone\Outland\Tempest Keep\The Eye</Filter>
    </ClCompile>
    <ClCompile Include="..\scripts\zone\tempest_keep\the_eye\instance_the_eye.cpp">
      <Filter>scripts\zone\Outland\Tempest Keep\The Eye</Filter>
    </ClCompile>
    <ClCompile Include="..\scripts\zone\tempest_keep\the_eye\the_eye.cpp">
      <Filter>scripts\zone\Outland\Tempest Keep\The Eye</Filter>
    </ClCompile>
    <ClCompile Include="..\scripts\zone\tempest_keep\the_mechanar\boss_gatewatcher_gyrokill.cpp">
      <Filter>scripts\zone\Outland\Tempest Keep\The Mechanar</Filter>
    </ClCompile>
    <ClCompile Include="..\scripts\zone\tempest_keep\the_mechanar\boss_gatewatcher_ironhand.cpp">
      <Filter>scripts\zone\Outland\Tempest Keep\The Mechanar</Filter>
    </ClCompile>
    <ClCompile Include="..\scripts\zone\tempest_keep\the_mechanar\boss_nethermancer_sepethrea.cpp">
      <Filter>scripts\zone\Outland\Tempest Keep\The Mechanar</Filter>
    </ClCompile>
    <ClCompile Include="..\scripts\zone\tempest_keep\the_mechanar\boss_pathaleon_the_calculator.cpp">
      <Filter>scripts\zone\Outland\Tempest Keep\The Mechanar</Filter>
    </ClCompile>
    <ClCompile Include="..\scripts\zone\tempest_keep\the_mechanar\instance_mechanar.cpp">
      <Filter>scripts\zone\Outland\Tempest Keep\The Mechanar</Filter>
    </ClCompile>
    <ClCompile Include="..\scripts\zone\temple_of_ahnqiraj\boss_bug_trio.cpp">
      <Filter>scripts\zone\Kalimdor\Temple of Ahn'Qiraj</Filter>
    </ClCompile>
    <ClCompile Include="..\scripts\zone\temple_of_ahnqiraj\boss_cthun.cpp">
      <Filter>scripts\zone\Kalimdor\Temple of Ahn'Qiraj</Filter>
    </ClCompile>
    <ClCompile Include="..\scripts\zone\temple_of_ahnqiraj\boss_fankriss.cpp">
      <Filter>scripts\zone\Kalimdor\Temple of Ahn'Qiraj</Filter>
    </ClCompile>
    <ClCompile Include="..\scripts\zone\temple_of_ahnqiraj\boss_huhuran.cpp">
      <Filter>scripts\zone\Kalimdor\Temple of Ahn'Qiraj</Filter>
    </ClCompile>
    <ClCompile Include="..\scripts\zone\temple_of_ahnqiraj\boss_ouro.cpp">
      <Filter>scripts\zone\Kalimdor\Temple of Ahn'Qiraj</Filter>
    </ClCompile>
    <ClCompile Include="..\scripts\zone\temple_of_ahnqiraj\boss_sartura.cpp">
      <Filter>scripts\zone\Kalimdor\Temple of Ahn'Qiraj</Filter>
    </ClCompile>
    <ClCompile Include="..\scripts\zone\temple_of_ahnqiraj\boss_skeram.cpp">
      <Filter>scripts\zone\Kalimdor\Temple of Ahn'Qiraj</Filter>
    </ClCompile>
    <ClCompile Include="..\scripts\zone\temple_of_ahnqiraj\boss_twinemperors.cpp">
      <Filter>scripts\zone\Kalimdor\Temple of Ahn'Qiraj</Filter>
    </ClCompile>
    <ClCompile Include="..\scripts\zone\temple_of_ahnqiraj\boss_viscidus.cpp">
      <Filter>scripts\zone\Kalimdor\Temple of Ahn'Qiraj</Filter>
    </ClCompile>
    <ClCompile Include="..\scripts\zone\temple_of_ahnqiraj\instance_temple_of_ahnqiraj.cpp">
      <Filter>scripts\zone\Kalimdor\Temple of Ahn'Qiraj</Filter>
    </ClCompile>
    <ClCompile Include="..\scripts\zone\temple_of_ahnqiraj\mob_anubisath_sentinel.cpp">
      <Filter>scripts\zone\Kalimdor\Temple of Ahn'Qiraj</Filter>
    </ClCompile>
    <ClCompile Include="..\scripts\zone\uldaman\boss_archaedas.cpp">
      <Filter>scripts\zone\Azeroth\Uldaman</Filter>
    </ClCompile>
    <ClCompile Include="..\scripts\zone\uldaman\boss_ironaya.cpp">
      <Filter>scripts\zone\Azeroth\Uldaman</Filter>
    </ClCompile>
    <ClCompile Include="..\scripts\zone\uldaman\instance_uldaman.cpp">
      <Filter>scripts\zone\Azeroth\Uldaman</Filter>
    </ClCompile>
    <ClCompile Include="..\scripts\zone\uldaman\uldaman.cpp">
      <Filter>scripts\zone\Azeroth\Uldaman</Filter>
    </ClCompile>
    <ClCompile Include="..\scripts\zone\ulduar\halls_of_lightning\boss_bjarngrim.cpp">
      <Filter>scripts\zone\Northrend\Dungeon\Ulduar\Halls of Lightning</Filter>
    </ClCompile>
    <ClCompile Include="..\scripts\zone\ulduar\halls_of_lightning\boss_ionar.cpp">
      <Filter>scripts\zone\Northrend\Dungeon\Ulduar\Halls of Lightning</Filter>
    </ClCompile>
    <ClCompile Include="..\scripts\zone\ulduar\halls_of_lightning\boss_loken.cpp">
      <Filter>scripts\zone\Northrend\Dungeon\Ulduar\Halls of Lightning</Filter>
    </ClCompile>
    <ClCompile Include="..\scripts\zone\ulduar\halls_of_lightning\boss_volkhan.cpp">
      <Filter>scripts\zone\Northrend\Dungeon\Ulduar\Halls of Lightning</Filter>
    </ClCompile>
    <ClCompile Include="..\scripts\zone\ulduar\halls_of_lightning\instance_halls_of_lightning.cpp">
      <Filter>scripts\zone\Northrend\Dungeon\Ulduar\Halls of Lightning</Filter>
    </ClCompile>
    <ClCompile Include="..\scripts\zone\ulduar\halls_of_stone\boss_krystallus.cpp">
      <Filter>scripts\zone\Northrend\Dungeon\Ulduar\Halls of Stone</Filter>
    </ClCompile>
    <ClCompile Include="..\scripts\zone\ulduar\halls_of_stone\boss_maiden_of_grief.cpp">
      <Filter>scripts\zone\Northrend\Dungeon\Ulduar\Halls of Stone</Filter>
    </ClCompile>
    <ClCompile Include="..\scripts\zone\ulduar\halls_of_stone\boss_sjonnir.cpp">
      <Filter>scripts\zone\Northrend\Dungeon\Ulduar\Halls of Stone</Filter>
    </ClCompile>
    <ClCompile Include="..\scripts\zone\ulduar\halls_of_stone\instance_halls_of_stone.cpp">
      <Filter>scripts\zone\Northrend\Dungeon\Ulduar\Halls of Stone</Filter>
    </ClCompile>
    <ClCompile Include="..\scripts\zone\ulduar\ulduar\boss_algalon.cpp">
      <Filter>scripts\zone\Northrend\Dungeon\Ulduar\Ulduar</Filter>
    </ClCompile>
    <ClCompile Include="..\scripts\zone\ulduar\ulduar\boss_assembly_of_iron.cpp">
      <Filter>scripts\zone\Northrend\Dungeon\Ulduar\Ulduar</Filter>
    </ClCompile>
    <ClCompile Include="..\scripts\zone\ulduar\ulduar\boss_auriaya.cpp">
      <Filter>scripts\zone\Northrend\Dungeon\Ulduar\Ulduar</Filter>
    </ClCompile>
    <ClCompile Include="..\scripts\zone\ulduar\ulduar\boss_flame_leviathan.cpp">
      <Filter>scripts\zone\Northrend\Dungeon\Ulduar\Ulduar</Filter>
    </ClCompile>
    <ClCompile Include="..\scripts\zone\ulduar\ulduar\boss_freya.cpp">
      <Filter>scripts\zone\Northrend\Dungeon\Ulduar\Ulduar</Filter>
    </ClCompile>
    <ClCompile Include="..\scripts\zone\ulduar\ulduar\boss_general_vezax.cpp">
      <Filter>scripts\zone\Northrend\Dungeon\Ulduar\Ulduar</Filter>
    </ClCompile>
    <ClCompile Include="..\scripts\zone\ulduar\ulduar\boss_hodir.cpp">
      <Filter>scripts\zone\Northrend\Dungeon\Ulduar\Ulduar</Filter>
    </ClCompile>
    <ClCompile Include="..\scripts\zone\ulduar\ulduar\boss_ignis.cpp">
      <Filter>scripts\zone\Northrend\Dungeon\Ulduar\Ulduar</Filter>
    </ClCompile>
    <ClCompile Include="..\scripts\zone\ulduar\ulduar\boss_kologarn.cpp">
      <Filter>scripts\zone\Northrend\Dungeon\Ulduar\Ulduar</Filter>
    </ClCompile>
    <ClCompile Include="..\scripts\zone\ulduar\ulduar\boss_mimiron.cpp">
      <Filter>scripts\zone\Northrend\Dungeon\Ulduar\Ulduar</Filter>
    </ClCompile>
    <ClCompile Include="..\scripts\zone\ulduar\ulduar\boss_razorscale.cpp">
      <Filter>scripts\zone\Northrend\Dungeon\Ulduar\Ulduar</Filter>
    </ClCompile>
    <ClCompile Include="..\scripts\zone\ulduar\ulduar\boss_thorim.cpp">
      <Filter>scripts\zone\Northrend\Dungeon\Ulduar\Ulduar</Filter>
    </ClCompile>
    <ClCompile Include="..\scripts\zone\ulduar\ulduar\boss_xt002.cpp">
      <Filter>scripts\zone\Northrend\Dungeon\Ulduar\Ulduar</Filter>
    </ClCompile>
    <ClCompile Include="..\scripts\zone\ulduar\ulduar\boss_yoggsaron.cpp">
      <Filter>scripts\zone\Northrend\Dungeon\Ulduar\Ulduar</Filter>
    </ClCompile>
    <ClCompile Include="..\scripts\zone\ulduar\ulduar\instance_ulduar.cpp">
      <Filter>scripts\zone\Northrend\Dungeon\Ulduar\Ulduar</Filter>
    </ClCompile>
    <ClCompile Include="..\scripts\zone\ungoro_crater\ungoro_crater.cpp">
      <Filter>scripts\zone\Kalimdor\Un'Goro Crater</Filter>
    </ClCompile>
    <ClCompile Include="..\scripts\zone\utgarde_keep\utgarde_keep\boss_ingvar_the_plunderer.cpp">
      <Filter>scripts\zone\Northrend\Dungeon\Utgarde Keep\Utgarde Keep</Filter>
    </ClCompile>
    <ClCompile Include="..\scripts\zone\utgarde_keep\utgarde_keep\boss_keleseth.cpp">
      <Filter>scripts\zone\Northrend\Dungeon\Utgarde Keep\Utgarde Keep</Filter>
    </ClCompile>
    <ClCompile Include="..\scripts\zone\utgarde_keep\utgarde_keep\boss_skarvald_dalronn.cpp">
      <Filter>scripts\zone\Northrend\Dungeon\Utgarde Keep\Utgarde Keep</Filter>
    </ClCompile>
    <ClCompile Include="..\scripts\zone\utgarde_keep\utgarde_keep\instance_utgarde_keep.cpp">
      <Filter>scripts\zone\Northrend\Dungeon\Utgarde Keep\Utgarde Keep</Filter>
    </ClCompile>
    <ClCompile Include="..\scripts\zone\utgarde_keep\utgarde_keep\utgarde_keep.cpp">
      <Filter>scripts\zone\Northrend\Dungeon\Utgarde Keep\Utgarde Keep</Filter>
    </ClCompile>
    <ClCompile Include="..\scripts\zone\utgarde_keep\utgarde_pinnacle\boss_palehoof.cpp">
      <Filter>scripts\zone\Northrend\Dungeon\Utgarde Keep\Utgarde Pinnacle</Filter>
    </ClCompile>
    <ClCompile Include="..\scripts\zone\utgarde_keep\utgarde_pinnacle\boss_skadi.cpp">
      <Filter>scripts\zone\Northrend\Dungeon\Utgarde Keep\Utgarde Pinnacle</Filter>
    </ClCompile>
    <ClCompile Include="..\scripts\zone\utgarde_keep\utgarde_pinnacle\boss_svala.cpp">
      <Filter>scripts\zone\Northrend\Dungeon\Utgarde Keep\Utgarde Pinnacle</Filter>
    </ClCompile>
    <ClCompile Include="..\scripts\zone\utgarde_keep\utgarde_pinnacle\boss_ymiron.cpp">
      <Filter>scripts\zone\Northrend\Dungeon\Utgarde Keep\Utgarde Pinnacle</Filter>
    </ClCompile>
    <ClCompile Include="..\scripts\zone\utgarde_keep\utgarde_pinnacle\instance_pinnacle.cpp">
      <Filter>scripts\zone\Northrend\Dungeon\Utgarde Keep\Utgarde Pinnacle</Filter>
    </ClCompile>
    <ClCompile Include="..\scripts\zone\vault_of_archavon\boss_archavon.cpp">
      <Filter>scripts\zone\Northrend\Dungeon\Vault of Archavon</Filter>
    </ClCompile>
    <ClCompile Include="..\scripts\zone\vault_of_archavon\boss_emalon.cpp">
      <Filter>scripts\zone\Northrend\Dungeon\Vault of Archavon</Filter>
    </ClCompile>
    <ClCompile Include="..\scripts\zone\vault_of_archavon\instance_vault_of_archavon.cpp">
      <Filter>scripts\zone\Northrend\Dungeon\Vault of Archavon</Filter>
    </ClCompile>
    <ClCompile Include="..\scripts\zone\violet_hold\boss_cyanigosa.cpp">
      <Filter>scripts\zone\Northrend\Dungeon\Violet Hold</Filter>
    </ClCompile>
    <ClCompile Include="..\scripts\zone\violet_hold\boss_erekem.cpp">
      <Filter>scripts\zone\Northrend\Dungeon\Violet Hold</Filter>
    </ClCompile>
    <ClCompile Include="..\scripts\zone\violet_hold\boss_ichoron.cpp">
      <Filter>scripts\zone\Northrend\Dungeon\Violet Hold</Filter>
    </ClCompile>
    <ClCompile Include="..\scripts\zone\violet_hold\boss_lavanthor.cpp">
      <Filter>scripts\zone\Northrend\Dungeon\Violet Hold</Filter>
    </ClCompile>
    <ClCompile Include="..\scripts\zone\violet_hold\boss_moragg.cpp">
      <Filter>scripts\zone\Northrend\Dungeon\Violet Hold</Filter>
    </ClCompile>
    <ClCompile Include="..\scripts\zone\violet_hold\boss_xevozz.cpp">
      <Filter>scripts\zone\Northrend\Dungeon\Violet Hold</Filter>
    </ClCompile>
    <ClCompile Include="..\scripts\zone\violet_hold\boss_zuramat.cpp">
      <Filter>scripts\zone\Northrend\Dungeon\Violet Hold</Filter>
    </ClCompile>
    <ClCompile Include="..\scripts\zone\violet_hold\instance_violet_hold.cpp">
      <Filter>scripts\zone\Northrend\Dungeon\Violet Hold</Filter>
    </ClCompile>
    <ClCompile Include="..\scripts\zone\wailing_caverns\instance_wailing_caverns.cpp">
      <Filter>scripts\zone\Kalimdor\Wailing Caverns</Filter>
    </ClCompile>
    <ClCompile Include="..\scripts\zone\wailing_caverns\wailing_caverns.cpp">
      <Filter>scripts\zone\Kalimdor\Wailing Caverns</Filter>
    </ClCompile>
    <ClCompile Include="..\scripts\zone\wintergrasp\wintergrasp.cpp">
      <Filter>scripts\zone\Northrend\Region\Wintergrasp</Filter>
    </ClCompile>
    <ClCompile Include="..\scripts\zone\zulaman\boss_akilzon.cpp">
      <Filter>scripts\zone\Azeroth\Zul'Aman</Filter>
    </ClCompile>
    <ClCompile Include="..\scripts\zone\zulaman\boss_halazzi.cpp">
      <Filter>scripts\zone\Azeroth\Zul'Aman</Filter>
    </ClCompile>
    <ClCompile Include="..\scripts\zone\zulaman\boss_hexlord.cpp">
      <Filter>scripts\zone\Azeroth\Zul'Aman</Filter>
    </ClCompile>
    <ClCompile Include="..\scripts\zone\zulaman\boss_janalai.cpp">
      <Filter>scripts\zone\Azeroth\Zul'Aman</Filter>
    </ClCompile>
    <ClCompile Include="..\scripts\zone\zulaman\boss_nalorakk.cpp">
      <Filter>scripts\zone\Azeroth\Zul'Aman</Filter>
    </ClCompile>
    <ClCompile Include="..\scripts\zone\zulaman\boss_zuljin.cpp">
      <Filter>scripts\zone\Azeroth\Zul'Aman</Filter>
    </ClCompile>
    <ClCompile Include="..\scripts\zone\zulaman\instance_zulaman.cpp">
      <Filter>scripts\zone\Azeroth\Zul'Aman</Filter>
    </ClCompile>
    <ClCompile Include="..\scripts\zone\zulaman\zulaman.cpp">
      <Filter>scripts\zone\Azeroth\Zul'Aman</Filter>
    </ClCompile>
    <ClCompile Include="..\scripts\zone\zulfarrak\zulfarrak.cpp">
      <Filter>scripts\zone\Kalimdor\Zul'Farrak</Filter>
    </ClCompile>
    <ClCompile Include="..\scripts\zone\zulgurub\boss_arlokk.cpp">
      <Filter>scripts\zone\Azeroth\Zul'Gurub</Filter>
    </ClCompile>
    <ClCompile Include="..\scripts\zone\zulgurub\boss_gahzranka.cpp">
      <Filter>scripts\zone\Azeroth\Zul'Gurub</Filter>
    </ClCompile>
    <ClCompile Include="..\scripts\zone\zulgurub\boss_grilek.cpp">
      <Filter>scripts\zone\Azeroth\Zul'Gurub</Filter>
    </ClCompile>
    <ClCompile Include="..\scripts\zone\zulgurub\boss_hakkar.cpp">
      <Filter>scripts\zone\Azeroth\Zul'Gurub</Filter>
    </ClCompile>
    <ClCompile Include="..\scripts\zone\zulgurub\boss_hazzarah.cpp">
      <Filter>scripts\zone\Azeroth\Zul'Gurub</Filter>
    </ClCompile>
    <ClCompile Include="..\scripts\zone\zulgurub\boss_jeklik.cpp">
      <Filter>scripts\zone\Azeroth\Zul'Gurub</Filter>
    </ClCompile>
    <ClCompile Include="..\scripts\zone\zulgurub\boss_jindo.cpp">
      <Filter>scripts\zone\Azeroth\Zul'Gurub</Filter>
    </ClCompile>
    <ClCompile Include="..\scripts\zone\zulgurub\boss_mandokir.cpp">
      <Filter>scripts\zone\Azeroth\Zul'Gurub</Filter>
    </ClCompile>
    <ClCompile Include="..\scripts\zone\zulgurub\boss_marli.cpp">
      <Filter>scripts\zone\Azeroth\Zul'Gurub</Filter>
    </ClCompile>
    <ClCompile Include="..\scripts\zone\zulgurub\boss_renataki.cpp">
      <Filter>scripts\zone\Azeroth\Zul'Gurub</Filter>
    </ClCompile>
    <ClCompile Include="..\scripts\zone\zulgurub\boss_thekal.cpp">
      <Filter>scripts\zone\Azeroth\Zul'Gurub</Filter>
    </ClCompile>
    <ClCompile Include="..\scripts\zone\zulgurub\boss_venoxis.cpp">
      <Filter>scripts\zone\Azeroth\Zul'Gurub</Filter>
    </ClCompile>
    <ClCompile Include="..\scripts\zone\zulgurub\boss_wushoolay.cpp">
      <Filter>scripts\zone\Azeroth\Zul'Gurub</Filter>
    </ClCompile>
    <ClCompile Include="..\scripts\zone\zulgurub\instance_zulgurub.cpp">
      <Filter>scripts\zone\Azeroth\Zul'Gurub</Filter>
    </ClCompile>
    <ClCompile Include="..\system.cpp" />
    <ClCompile Include="..\system\ScriptLoader.cpp">
      <Filter>system</Filter>
    </ClCompile>
  </ItemGroup>
  <ItemGroup>
    <ClInclude Include="..\base\escortAI.h">
      <Filter>base</Filter>
    </ClInclude>
    <ClInclude Include="..\base\guard_ai.h">
      <Filter>base</Filter>
    </ClInclude>
    <ClInclude Include="..\base\simple_ai.h">
      <Filter>base</Filter>
    </ClInclude>
    <ClInclude Include="..\include\precompiled.h">
      <Filter>Include</Filter>
    </ClInclude>
    <ClInclude Include="..\include\sc_creature.h">
      <Filter>Include</Filter>
    </ClInclude>
    <ClInclude Include="..\include\sc_gossip.h">
      <Filter>Include</Filter>
    </ClInclude>
    <ClInclude Include="..\include\sc_instance.h">
      <Filter>Include</Filter>
    </ClInclude>
    <ClInclude Include="..\include\sc_item.h">
      <Filter>Include</Filter>
    </ClInclude>
    <ClInclude Include="..\include\sc_npc_teleport.h">
      <Filter>Include</Filter>
    </ClInclude>
    <ClInclude Include="..\ScriptMgr.h" />
    <ClInclude Include="..\scripts\zone\aunchindoun\sethekk_halls\def_sethekk_halls.h">
      <Filter>scripts\zone\Outland\Aunchindoun\Sethekk Halls</Filter>
    </ClInclude>
    <ClInclude Include="..\scripts\zone\aunchindoun\shadow_labyrinth\def_shadow_labyrinth.h">
      <Filter>scripts\zone\Outland\Aunchindoun\Shadow Labyrinth</Filter>
    </ClInclude>
    <ClInclude Include="..\scripts\zone\azjol_nerub\ahnkahet\def_ahnkahet.h">
      <Filter>scripts\zone\Northrend\Dungeon\Azjol-Nerub\Ahn'kahet</Filter>
    </ClInclude>
    <ClInclude Include="..\scripts\zone\azjol_nerub\azjol_nerub\def_azjol_nerub.h">
      <Filter>scripts\zone\Northrend\Dungeon\Azjol-Nerub\Azjol-Nerub</Filter>
    </ClInclude>
    <ClInclude Include="..\scripts\zone\blackfathom_depths\def_blackfathom_deeps.h">
      <Filter>scripts\zone\Kalimdor\Blackfathom Depths</Filter>
    </ClInclude>
    <ClInclude Include="..\scripts\zone\blackrock_depths\def_blackrock_depths.h">
      <Filter>scripts\zone\Azeroth\Blackrock Depths</Filter>
    </ClInclude>
    <ClInclude Include="..\scripts\zone\black_temple\def_black_temple.h">
      <Filter>scripts\zone\Outland\Black Temple</Filter>
    </ClInclude>
    <ClInclude Include="..\scripts\zone\caverns_of_time\culling_of_stratholme\def_culling_of_stratholme.h">
      <Filter>scripts\zone\Kalimdor\Caverns of Time\Culling of Stratholme</Filter>
    </ClInclude>
    <ClInclude Include="..\scripts\zone\caverns_of_time\dark_portal\def_dark_portal.h">
      <Filter>scripts\zone\Kalimdor\Caverns of Time\The Dark Portal</Filter>
    </ClInclude>
    <ClInclude Include="..\scripts\zone\caverns_of_time\hyjal\def_hyjal.h">
      <Filter>scripts\zone\Kalimdor\Caverns of Time\Battle for Mt. Hyjal</Filter>
    </ClInclude>
    <ClInclude Include="..\scripts\zone\caverns_of_time\hyjal\hyjalAI.h">
      <Filter>scripts\zone\Kalimdor\Caverns of Time\Battle for Mt. Hyjal</Filter>
    </ClInclude>
    <ClInclude Include="..\scripts\zone\caverns_of_time\hyjal\hyjal_trash.h">
      <Filter>scripts\zone\Kalimdor\Caverns of Time\Battle for Mt. Hyjal</Filter>
    </ClInclude>
    <ClInclude Include="..\scripts\zone\caverns_of_time\old_hillsbrad\def_old_hillsbrad.h">
      <Filter>scripts\zone\Kalimdor\Caverns of Time\Old Hillsbrad</Filter>
    </ClInclude>
    <ClInclude Include="..\scripts\zone\coilfang_resevoir\serpent_shrine\def_serpent_shrine.h">
      <Filter>scripts\zone\Outland\Coilfang Resevoir\Serpent Shrine Cavern</Filter>
    </ClInclude>
    <ClInclude Include="..\scripts\zone\coilfang_resevoir\steam_vault\def_steam_vault.h">
      <Filter>scripts\zone\Outland\Coilfang Resevoir\Steam Vault</Filter>
    </ClInclude>
    <ClInclude Include="..\scripts\zone\deadmines\def_deadmines.h">
      <Filter>scripts\zone\Azeroth\Deadmines</Filter>
    </ClInclude>
    <ClInclude Include="..\scripts\zone\draktharon_keep\def_drak_tharon_keep.h">
      <Filter>scripts\zone\Northrend\Dungeon\Drak'Tharon Keep</Filter>
    </ClInclude>
    <ClInclude Include="..\scripts\zone\gruuls_lair\def_gruuls_lair.h">
      <Filter>scripts\zone\Outland\Gruul's Lair</Filter>
    </ClInclude>
    <ClInclude Include="..\scripts\zone\gundrak\def_gundrak.h">
      <Filter>scripts\zone\Northrend\Dungeon\Gundrak</Filter>
    </ClInclude>
    <ClInclude Include="..\scripts\zone\hellfire_citadel\blood_furnace\def_blood_furnace.h">
      <Filter>scripts\zone\Outland\Hellfire Citadel\Blood Furnace</Filter>
    </ClInclude>
    <ClInclude Include="..\scripts\zone\hellfire_citadel\hellfire_ramparts\def_hellfire_ramparts.h">
      <Filter>scripts\zone\Outland\Hellfire Citadel\Hellfire Ramparts</Filter>
    </ClInclude>
    <ClInclude Include="..\scripts\zone\hellfire_citadel\magtheridons_lair\def_magtheridons_lair.h">
      <Filter>scripts\zone\Outland\Hellfire Citadel\Magtheridon's lair</Filter>
    </ClInclude>
    <ClInclude Include="..\scripts\zone\hellfire_citadel\shattered_halls\def_shattered_halls.h">
      <Filter>scripts\zone\Outland\Hellfire Citadel\Shattered Halls</Filter>
    </ClInclude>
    <ClInclude Include="..\scripts\zone\karazhan\def_karazhan.h">
      <Filter>scripts\zone\Azeroth\Karazhan</Filter>
    </ClInclude>
    <ClInclude Include="..\scripts\zone\magisters_terrace\def_magisters_terrace.h">
      <Filter>scripts\zone\Azeroth\Magister's Terrace</Filter>
    </ClInclude>
    <ClInclude Include="..\scripts\zone\molten_core\def_molten_core.h">
      <Filter>scripts\zone\Azeroth\Molten Core</Filter>
    </ClInclude>
    <ClInclude Include="..\scripts\zone\naxxramas\def_naxxramas.h">
      <Filter>scripts\zone\Northrend\Dungeon\Naxxramas</Filter>
    </ClInclude>
    <ClInclude Include="..\scripts\zone\nexus\eye_of_eternity\def_eye_of_eternity.h">
      <Filter>scripts\zone\Northrend\Dungeon\Nexus\Eye of Eternity</Filter>
    </ClInclude>
    <ClInclude Include="..\scripts\zone\nexus\nexus\def_nexus.h">
      <Filter>scripts\zone\Northrend\Dungeon\Nexus\Nexus</Filter>
    </ClInclude>
    <ClInclude Include="..\scripts\zone\nexus\oculus\def_oculus.h">
      <Filter>scripts\zone\Northrend\Dungeon\Nexus\Oculus</Filter>
    </ClInclude>
    <ClInclude Include="..\scripts\zone\obsidian_sanctum\def_obsidian_sanctum.h">
      <Filter>scripts\zone\Northrend\Dungeon\Obsidian Sanctum</Filter>
    </ClInclude>
    <ClInclude Include="..\scripts\zone\razorfen_kraul\def_razorfen_kraul.h">
      <Filter>scripts\zone\Kalimdor\Razorfen Kraul</Filter>
    </ClInclude>
    <ClInclude Include="..\scripts\zone\scarlet_monastery\def_scarlet_monastery.h">
      <Filter>scripts\zone\Azeroth\Scarlet Monastery</Filter>
    </ClInclude>
    <ClInclude Include="..\scripts\zone\scholomance\def_scholomance.h">
      <Filter>scripts\zone\Azeroth\Scholomance</Filter>
    </ClInclude>
    <ClInclude Include="..\scripts\zone\shadowfang_keep\def_shadowfang_keep.h">
      <Filter>scripts\zone\Azeroth\Shadowfang Keep</Filter>
    </ClInclude>
    <ClInclude Include="..\scripts\zone\stratholme\def_stratholme.h">
      <Filter>scripts\zone\Azeroth\Stratholme</Filter>
    </ClInclude>
    <ClInclude Include="..\scripts\zone\sunwell_plateau\def_sunwell_plateau.h">
      <Filter>scripts\zone\Azeroth\Sunwell Plateau</Filter>
    </ClInclude>
    <ClInclude Include="..\scripts\zone\tempest_keep\arcatraz\def_arcatraz.h">
      <Filter>scripts\zone\Outland\Tempest Keep\Arcatraz</Filter>
    </ClInclude>
    <ClInclude Include="..\scripts\zone\tempest_keep\the_eye\def_the_eye.h">
      <Filter>scripts\zone\Outland\Tempest Keep\The Eye</Filter>
    </ClInclude>
    <ClInclude Include="..\scripts\zone\tempest_keep\the_mechanar\def_mechanar.h">
      <Filter>scripts\zone\Outland\Tempest Keep\The Mechanar</Filter>
    </ClInclude>
    <ClInclude Include="..\scripts\zone\temple_of_ahnqiraj\def_temple_of_ahnqiraj.h">
      <Filter>scripts\zone\Kalimdor\Temple of Ahn'Qiraj</Filter>
    </ClInclude>
    <ClInclude Include="..\scripts\zone\ulduar\halls_of_lightning\def_halls_of_lightning.h">
      <Filter>scripts\zone\Northrend\Dungeon\Ulduar\Halls of Lightning</Filter>
    </ClInclude>
    <ClInclude Include="..\scripts\zone\ulduar\halls_of_stone\def_halls_of_stone.h">
      <Filter>scripts\zone\Northrend\Dungeon\Ulduar\Halls of Stone</Filter>
    </ClInclude>
    <ClInclude Include="..\scripts\zone\ulduar\ulduar\def_ulduar.h">
      <Filter>scripts\zone\Northrend\Dungeon\Ulduar\Ulduar</Filter>
    </ClInclude>
    <ClInclude Include="..\scripts\zone\utgarde_keep\utgarde_keep\def_utgarde_keep.h">
      <Filter>scripts\zone\Northrend\Dungeon\Utgarde Keep\Utgarde Keep</Filter>
    </ClInclude>
    <ClInclude Include="..\scripts\zone\utgarde_keep\utgarde_pinnacle\def_pinnacle.h">
      <Filter>scripts\zone\Northrend\Dungeon\Utgarde Keep\Utgarde Pinnacle</Filter>
    </ClInclude>
    <ClInclude Include="..\scripts\zone\vault_of_archavon\def_vault_of_archavon.h">
      <Filter>scripts\zone\Northrend\Dungeon\Vault of Archavon</Filter>
    </ClInclude>
    <ClInclude Include="..\scripts\zone\violet_hold\def_violet_hold.h">
      <Filter>scripts\zone\Northrend\Dungeon\Violet Hold</Filter>
    </ClInclude>
    <ClInclude Include="..\scripts\zone\wailing_caverns\def_wailing_caverns.h">
      <Filter>scripts\zone\Kalimdor\Wailing Caverns</Filter>
    </ClInclude>
    <ClInclude Include="..\scripts\zone\zulaman\def_zulaman.h">
      <Filter>scripts\zone\Azeroth\Zul'Aman</Filter>
    </ClInclude>
    <ClInclude Include="..\scripts\zone\zulgurub\def_zulgurub.h">
      <Filter>scripts\zone\Azeroth\Zul'Gurub</Filter>
    </ClInclude>
    <ClInclude Include="..\system\ScriptLoader.h">
      <Filter>system</Filter>
    </ClInclude>
  </ItemGroup>
</Project>